{
  "version": 4,
  "terraform_version": "1.2.3",
  "serial": 9,
  "lineage": "7592b529-3ad5-4fb1-7d27-5a66c064bcf9",
  "outputs": {},
  "resources": [
    {
      "mode": "data",
      "type": "azurerm_virtual_network",
      "name": "gb3s_network",
      "provider": "provider[\"registry.terraform.io/hashicorp/azurerm\"]",
      "instances": [
        {
          "schema_version": 0,
          "attributes": {
            "address_space": [
              "10.0.0.0/16"
            ],
            "dns_servers": [],
            "guid": "e8b4d2ad-327e-4ae4-a19d-dc437bf259c2",
            "id": "/subscriptions/4dc1bd33-fef6-413d-aa31-bc639452a449/resourceGroups/gb3s/providers/Microsoft.Network/virtualNetworks/gb3s-network",
            "location": "eastus",
            "name": "gb3s-network",
            "resource_group_name": "gb3s",
            "subnets": [
              "agent-nodepool",
              "internal"
            ],
            "tags": {},
            "timeouts": null,
            "vnet_peerings": {},
            "vnet_peerings_addresses": []
          },
          "sensitive_attributes": []
        }
      ]
    },
    {
      "mode": "managed",
      "type": "azurerm_network_interface",
      "name": "gb3_jumpbox_nic",
      "provider": "provider[\"registry.terraform.io/hashicorp/azurerm\"]",
      "instances": [
        {
          "schema_version": 0,
          "attributes": {
            "applied_dns_servers": [],
            "dns_servers": [],
            "edge_zone": "",
            "enable_accelerated_networking": false,
            "enable_ip_forwarding": false,
            "id": "/subscriptions/4dc1bd33-fef6-413d-aa31-bc639452a449/resourceGroups/gb3s-jump/providers/Microsoft.Network/networkInterfaces/gb3s-jumpbox-nic",
            "internal_dns_name_label": "",
            "internal_domain_name_suffix": "vxjlj0d4glsevim31rbxx2szyc.bx.internal.cloudapp.net",
            "ip_configuration": [
              {
                "gateway_load_balancer_frontend_ip_configuration_id": "",
                "name": "internal",
                "primary": true,
                "private_ip_address": "10.0.2.4",
                "private_ip_address_allocation": "Dynamic",
                "private_ip_address_version": "IPv4",
                "public_ip_address_id": "",
                "subnet_id": "/subscriptions/4dc1bd33-fef6-413d-aa31-bc639452a449/resourceGroups/gb3s/providers/Microsoft.Network/virtualNetworks/gb3s-network/subnets/internal"
              }
            ],
            "location": "eastus",
            "mac_address": "",
            "name": "gb3s-jumpbox-nic",
            "private_ip_address": "10.0.2.4",
            "private_ip_addresses": [
              "10.0.2.4"
            ],
            "resource_group_name": "gb3s-jump",
            "tags": {},
            "timeouts": null,
            "virtual_machine_id": ""
          },
          "sensitive_attributes": [],
          "private": "eyJlMmJmYjczMC1lY2FhLTExZTYtOGY4OC0zNDM2M2JjN2M0YzAiOnsiY3JlYXRlIjoxODAwMDAwMDAwMDAwLCJkZWxldGUiOjE4MDAwMDAwMDAwMDAsInJlYWQiOjMwMDAwMDAwMDAwMCwidXBkYXRlIjoxODAwMDAwMDAwMDAwfX0=",
          "dependencies": [
            "azurerm_resource_group.jumpbox",
            "azurerm_subnet.gb3s_jumpnet"
          ]
        }
      ]
    },
    {
      "mode": "managed",
      "type": "azurerm_resource_group",
      "name": "jumpbox",
      "provider": "provider[\"registry.terraform.io/hashicorp/azurerm\"]",
      "instances": [
        {
          "schema_version": 0,
          "attributes": {
            "id": "/subscriptions/4dc1bd33-fef6-413d-aa31-bc639452a449/resourceGroups/gb3s-jump",
            "location": "eastus",
            "name": "gb3s-jump",
            "tags": {},
            "timeouts": null
          },
          "sensitive_attributes": [],
          "private": "eyJlMmJmYjczMC1lY2FhLTExZTYtOGY4OC0zNDM2M2JjN2M0YzAiOnsiY3JlYXRlIjo1NDAwMDAwMDAwMDAwLCJkZWxldGUiOjU0MDAwMDAwMDAwMDAsInJlYWQiOjMwMDAwMDAwMDAwMCwidXBkYXRlIjo1NDAwMDAwMDAwMDAwfX0="
        }
      ]
    },
    {
      "mode": "managed",
      "type": "azurerm_subnet",
      "name": "gb3s_jumpnet",
      "provider": "provider[\"registry.terraform.io/hashicorp/azurerm\"]",
      "instances": [
        {
          "schema_version": 0,
          "attributes": {
            "address_prefixes": [
              "10.0.2.0/24"
            ],
            "delegation": [],
            "enforce_private_link_endpoint_network_policies": false,
            "enforce_private_link_service_network_policies": false,
            "id": "/subscriptions/4dc1bd33-fef6-413d-aa31-bc639452a449/resourceGroups/gb3s/providers/Microsoft.Network/virtualNetworks/gb3s-network/subnets/internal",
            "name": "internal",
            "resource_group_name": "gb3s",
            "service_endpoint_policy_ids": [],
            "service_endpoints": [],
            "timeouts": null,
            "virtual_network_name": "gb3s-network"
          },
          "sensitive_attributes": [],
          "private": "eyJlMmJmYjczMC1lY2FhLTExZTYtOGY4OC0zNDM2M2JjN2M0YzAiOnsiY3JlYXRlIjoxODAwMDAwMDAwMDAwLCJkZWxldGUiOjE4MDAwMDAwMDAwMDAsInJlYWQiOjMwMDAwMDAwMDAwMCwidXBkYXRlIjoxODAwMDAwMDAwMDAwfX0="
        }
      ]
    }
  ]
}
