{
  "version": 4,
  "terraform_version": "1.2.3",
  "serial": 11,
  "lineage": "7592b529-3ad5-4fb1-7d27-5a66c064bcf9",
  "outputs": {},
  "resources": [
    {
      "mode": "data",
      "type": "azurerm_virtual_network",
      "name": "gb3s_network",
      "provider": "provider[\"registry.terraform.io/hashicorp/azurerm\"]",
      "instances": [
        {
          "schema_version": 0,
          "attributes": {
            "address_space": [
              "10.0.0.0/16"
            ],
            "dns_servers": [],
            "guid": "e8b4d2ad-327e-4ae4-a19d-dc437bf259c2",
            "id": "/subscriptions/4dc1bd33-fef6-413d-aa31-bc639452a449/resourceGroups/gb3s/providers/Microsoft.Network/virtualNetworks/gb3s-network",
            "location": "eastus",
            "name": "gb3s-network",
            "resource_group_name": "gb3s",
            "subnets": [
              "agent-nodepool",
              "internal"
            ],
            "tags": {},
            "timeouts": null,
            "vnet_peerings": {},
            "vnet_peerings_addresses": []
          },
          "sensitive_attributes": []
        }
      ]
    },
    {
      "mode": "managed",
      "type": "azurerm_linux_virtual_machine",
      "name": "gb3s_jumpbox",
      "provider": "provider[\"registry.terraform.io/hashicorp/azurerm\"]",
      "instances": [
        {
          "schema_version": 0,
          "attributes": {
            "additional_capabilities": [],
            "admin_password": null,
            "admin_ssh_key": [
              {
                "public_key": "ssh-rsa AAAAB3NzaC1yc2EAAAADAQABAAABgQCgyWwKo+mDe3Yvrrr/PpKYS9l72UXkD85rgUBQQe5ILWByyo63kpfaETQTYGzxJGDJGqCjjTP7EzdsHtGFHDjHMoj2QkE9G1wvBW1crdMsQI6nStVtad4TsS20huVqbeR0FsyUSqqxXnJ8cSw+i3wG5xb3lcuZ7yjIc38NsOXNDRnrqCLNOTwP8pPwaSkHqWk/5Hfm7+6x3CFUvIXvN5S3MlpqUPbhZyXDwBUnFHK7ZtyOIX1yJ/FNghHU0ufsFZ4LOeigNKj73y8p4EQ5xJsre2HKcAPuNbX0GfxiVBhRS1USOQ16xHOEwdKVU2U/H1i5njTHFRdZkxdtsQJJCzbyCBSrII9BCeo7iqEEfxdrfzfgDM7/WJqoflTF3rlSw7GadKqbnxASy+8UGGrahlUIqt7V6SiAeR0EhI0WJjF79T2UyMgbnM39l836ZQQF9FZMjUP2voUa6w1mjrNIp3CjSptLkTE5bRV5Ve0nuzG6XphsUtVpeLLDmixbLDytB6M= vscode@codespaces-341e64\n",
                "username": "gbabes"
              }
            ],
            "admin_username": "gbabes",
            "allow_extension_operations": true,
            "availability_set_id": "",
            "boot_diagnostics": [],
            "computer_name": "gb3s-jumpbox",
            "custom_data": null,
            "dedicated_host_group_id": "",
            "dedicated_host_id": "",
            "disable_password_authentication": true,
            "edge_zone": "",
            "encryption_at_host_enabled": false,
            "eviction_policy": "",
            "extensions_time_budget": "PT1H30M",
            "id": "/subscriptions/4dc1bd33-fef6-413d-aa31-bc639452a449/resourceGroups/gb3s-jump/providers/Microsoft.Compute/virtualMachines/gb3s-jumpbox",
            "identity": [],
            "license_type": "",
            "location": "eastus",
            "max_bid_price": -1,
            "name": "gb3s-jumpbox",
            "network_interface_ids": [
              "/subscriptions/4dc1bd33-fef6-413d-aa31-bc639452a449/resourceGroups/gb3s-jump/providers/Microsoft.Network/networkInterfaces/gb3s-jumpbox-nic"
            ],
            "os_disk": [
              {
                "caching": "ReadWrite",
                "diff_disk_settings": [],
                "disk_encryption_set_id": "",
                "disk_size_gb": 30,
                "name": "gb3s-jumpbox_disk1_4702a9f05a844b8fbd006b132a83e65e",
                "secure_vm_disk_encryption_set_id": "",
                "security_encryption_type": "",
                "storage_account_type": "Standard_LRS",
                "write_accelerator_enabled": false
              }
            ],
            "patch_mode": "ImageDefault",
            "plan": [],
            "platform_fault_domain": -1,
            "priority": "Regular",
            "private_ip_address": "10.0.2.4",
            "private_ip_addresses": [
              "10.0.2.4"
            ],
            "provision_vm_agent": true,
            "proximity_placement_group_id": "",
            "public_ip_address": "",
            "public_ip_addresses": [],
            "resource_group_name": "gb3s-jump",
            "secret": [],
            "secure_boot_enabled": false,
            "size": "Standard_B2s",
            "source_image_id": "",
            "source_image_reference": [
              {
                "offer": "UbuntuServer",
                "publisher": "Canonical",
                "sku": "18.04-LTS",
                "version": "latest"
              }
            ],
            "tags": null,
            "termination_notification": null,
            "timeouts": null,
            "user_data": "",
            "virtual_machine_id": "a24ed542-8565-402c-acf0-0150435a0c35",
            "virtual_machine_scale_set_id": "",
            "vtpm_enabled": false,
            "zone": ""
          },
          "sensitive_attributes": [],
          "private": "eyJlMmJmYjczMC1lY2FhLTExZTYtOGY4OC0zNDM2M2JjN2M0YzAiOnsiY3JlYXRlIjoyNzAwMDAwMDAwMDAwLCJkZWxldGUiOjI3MDAwMDAwMDAwMDAsInJlYWQiOjMwMDAwMDAwMDAwMCwidXBkYXRlIjoyNzAwMDAwMDAwMDAwfX0=",
          "dependencies": [
            "azurerm_network_interface.gb3_jumpbox_nic",
            "azurerm_resource_group.jumpbox"
          ]
        }
      ]
    },
    {
      "mode": "managed",
      "type": "azurerm_network_interface",
      "name": "gb3_jumpbox_nic",
      "provider": "provider[\"registry.terraform.io/hashicorp/azurerm\"]",
      "instances": [
        {
          "schema_version": 0,
          "attributes": {
            "applied_dns_servers": [],
            "dns_servers": [],
            "edge_zone": "",
            "enable_accelerated_networking": false,
            "enable_ip_forwarding": false,
            "id": "/subscriptions/4dc1bd33-fef6-413d-aa31-bc639452a449/resourceGroups/gb3s-jump/providers/Microsoft.Network/networkInterfaces/gb3s-jumpbox-nic",
            "internal_dns_name_label": "",
            "internal_domain_name_suffix": "vxjlj0d4glsevim31rbxx2szyc.bx.internal.cloudapp.net",
            "ip_configuration": [
              {
                "gateway_load_balancer_frontend_ip_configuration_id": "",
                "name": "internal",
                "primary": true,
                "private_ip_address": "10.0.2.4",
                "private_ip_address_allocation": "Dynamic",
                "private_ip_address_version": "IPv4",
                "public_ip_address_id": "",
                "subnet_id": "/subscriptions/4dc1bd33-fef6-413d-aa31-bc639452a449/resourceGroups/gb3s/providers/Microsoft.Network/virtualNetworks/gb3s-network/subnets/internal"
              }
            ],
            "location": "eastus",
            "mac_address": "",
            "name": "gb3s-jumpbox-nic",
            "private_ip_address": "10.0.2.4",
            "private_ip_addresses": [
              "10.0.2.4"
            ],
            "resource_group_name": "gb3s-jump",
            "tags": {},
            "timeouts": null,
            "virtual_machine_id": ""
          },
          "sensitive_attributes": [],
          "private": "eyJlMmJmYjczMC1lY2FhLTExZTYtOGY4OC0zNDM2M2JjN2M0YzAiOnsiY3JlYXRlIjoxODAwMDAwMDAwMDAwLCJkZWxldGUiOjE4MDAwMDAwMDAwMDAsInJlYWQiOjMwMDAwMDAwMDAwMCwidXBkYXRlIjoxODAwMDAwMDAwMDAwfX0=",
          "dependencies": [
            "azurerm_resource_group.jumpbox",
            "azurerm_subnet.gb3s_jumpnet"
          ]
        }
      ]
    },
    {
      "mode": "managed",
      "type": "azurerm_resource_group",
      "name": "jumpbox",
      "provider": "provider[\"registry.terraform.io/hashicorp/azurerm\"]",
      "instances": [
        {
          "schema_version": 0,
          "attributes": {
            "id": "/subscriptions/4dc1bd33-fef6-413d-aa31-bc639452a449/resourceGroups/gb3s-jump",
            "location": "eastus",
            "name": "gb3s-jump",
            "tags": {},
            "timeouts": null
          },
          "sensitive_attributes": [],
          "private": "eyJlMmJmYjczMC1lY2FhLTExZTYtOGY4OC0zNDM2M2JjN2M0YzAiOnsiY3JlYXRlIjo1NDAwMDAwMDAwMDAwLCJkZWxldGUiOjU0MDAwMDAwMDAwMDAsInJlYWQiOjMwMDAwMDAwMDAwMCwidXBkYXRlIjo1NDAwMDAwMDAwMDAwfX0="
        }
      ]
    },
    {
      "mode": "managed",
      "type": "azurerm_subnet",
      "name": "gb3s_jumpnet",
      "provider": "provider[\"registry.terraform.io/hashicorp/azurerm\"]",
      "instances": [
        {
          "schema_version": 0,
          "attributes": {
            "address_prefixes": [
              "10.0.2.0/24"
            ],
            "delegation": [],
            "enforce_private_link_endpoint_network_policies": false,
            "enforce_private_link_service_network_policies": false,
            "id": "/subscriptions/4dc1bd33-fef6-413d-aa31-bc639452a449/resourceGroups/gb3s/providers/Microsoft.Network/virtualNetworks/gb3s-network/subnets/internal",
            "name": "internal",
            "resource_group_name": "gb3s",
            "service_endpoint_policy_ids": [],
            "service_endpoints": [],
            "timeouts": null,
            "virtual_network_name": "gb3s-network"
          },
          "sensitive_attributes": [],
          "private": "eyJlMmJmYjczMC1lY2FhLTExZTYtOGY4OC0zNDM2M2JjN2M0YzAiOnsiY3JlYXRlIjoxODAwMDAwMDAwMDAwLCJkZWxldGUiOjE4MDAwMDAwMDAwMDAsInJlYWQiOjMwMDAwMDAwMDAwMCwidXBkYXRlIjoxODAwMDAwMDAwMDAwfX0="
        }
      ]
    }
  ]
}
