{
  "version": 4,
  "terraform_version": "1.2.4",
  "serial": 93,
  "lineage": "3352d053-281d-672e-56c2-60d58ec2a86c",
  "outputs": {},
  "resources": [
    {
      "mode": "data",
      "type": "azurerm_client_config",
      "name": "current",
      "provider": "provider[\"registry.terraform.io/hashicorp/azurerm\"]",
      "instances": [
        {
          "schema_version": 0,
          "attributes": {
            "client_id": "04b07795-8ddb-461a-bbee-02f9e1bf7b46",
            "id": "2022-07-04 11:39:40.293105209 +0000 UTC",
            "object_id": "cf51bb5f-b31f-4276-85cd-3c94951b992b",
            "subscription_id": "4dc1bd33-fef6-413d-aa31-bc639452a449",
            "tenant_id": "90928a04-9c35-4ad8-9b74-f2d225f9b0e9",
            "timeouts": null
          },
          "sensitive_attributes": []
        }
      ]
    },
    {
      "mode": "managed",
      "type": "azurerm_resource_group",
      "name": "network",
      "provider": "provider[\"registry.terraform.io/hashicorp/azurerm\"]",
      "instances": [
        {
          "schema_version": 0,
          "attributes": {
            "id": "/subscriptions/4dc1bd33-fef6-413d-aa31-bc639452a449/resourceGroups/gb3s-network",
            "location": "eastus",
            "name": "gb3s-network",
            "tags": {},
            "timeouts": null
          },
          "sensitive_attributes": [],
          "private": "eyJlMmJmYjczMC1lY2FhLTExZTYtOGY4OC0zNDM2M2JjN2M0YzAiOnsiY3JlYXRlIjo1NDAwMDAwMDAwMDAwLCJkZWxldGUiOjU0MDAwMDAwMDAwMDAsInJlYWQiOjMwMDAwMDAwMDAwMCwidXBkYXRlIjo1NDAwMDAwMDAwMDAwfX0="
        }
      ]
    },
    {
      "mode": "managed",
      "type": "azurerm_virtual_network",
      "name": "network",
      "provider": "provider[\"registry.terraform.io/hashicorp/azurerm\"]",
      "instances": [
        {
          "schema_version": 0,
          "attributes": {
            "address_space": [
              "10.0.0.0/16"
            ],
            "bgp_community": "",
            "ddos_protection_plan": [],
            "dns_servers": [],
            "edge_zone": "",
            "flow_timeout_in_minutes": 0,
            "guid": "e163f2cf-6a7a-4a43-a53f-3f3fa1251e96",
            "id": "/subscriptions/4dc1bd33-fef6-413d-aa31-bc639452a449/resourceGroups/gb3s-network/providers/Microsoft.Network/virtualNetworks/gb3s-network",
            "location": "eastus",
            "name": "gb3s-network",
            "resource_group_name": "gb3s-network",
            "subnet": [
              {
                "address_prefix": "10.0.0.0/24",
                "id": "/subscriptions/4dc1bd33-fef6-413d-aa31-bc639452a449/resourceGroups/gb3s-network/providers/Microsoft.Network/virtualNetworks/gb3s-network/subnets/gb3s-vaultnet",
                "name": "gb3s-vaultnet",
                "security_group": ""
              },
              {
                "address_prefix": "10.0.1.0/24",
                "id": "/subscriptions/4dc1bd33-fef6-413d-aa31-bc639452a449/resourceGroups/gb3s-network/providers/Microsoft.Network/virtualNetworks/gb3s-network/subnets/agent-nodepool",
                "name": "agent-nodepool",
                "security_group": ""
              },
              {
                "address_prefix": "10.0.2.0/24",
                "id": "/subscriptions/4dc1bd33-fef6-413d-aa31-bc639452a449/resourceGroups/gb3s-network/providers/Microsoft.Network/virtualNetworks/gb3s-network/subnets/internal",
                "name": "internal",
                "security_group": ""
              },
              {
                "address_prefix": "10.0.3.0/24",
                "id": "/subscriptions/4dc1bd33-fef6-413d-aa31-bc639452a449/resourceGroups/gb3s-network/providers/Microsoft.Network/virtualNetworks/gb3s-network/subnets/AzureBastionSubnet",
                "name": "AzureBastionSubnet",
                "security_group": ""
              }
            ],
            "tags": {},
            "timeouts": null
          },
          "sensitive_attributes": [],
          "private": "eyJlMmJmYjczMC1lY2FhLTExZTYtOGY4OC0zNDM2M2JjN2M0YzAiOnsiY3JlYXRlIjoxODAwMDAwMDAwMDAwLCJkZWxldGUiOjE4MDAwMDAwMDAwMDAsInJlYWQiOjMwMDAwMDAwMDAwMCwidXBkYXRlIjoxODAwMDAwMDAwMDAwfX0=",
          "dependencies": [
            "azurerm_resource_group.network"
          ]
        }
      ]
    },
    {
      "module": "module.aks",
      "mode": "managed",
      "type": "azurerm_kubernetes_cluster",
      "name": "cluster",
      "provider": "provider[\"registry.terraform.io/hashicorp/azurerm\"]",
      "instances": [
        {
          "schema_version": 2,
          "attributes": {
            "aci_connector_linux": [],
            "api_server_authorized_ip_ranges": [],
            "auto_scaler_profile": [],
            "automatic_channel_upgrade": "",
            "azure_active_directory_role_based_access_control": [],
            "azure_policy_enabled": false,
            "default_node_pool": [
              {
                "enable_auto_scaling": false,
                "enable_host_encryption": false,
                "enable_node_public_ip": false,
                "fips_enabled": false,
                "kubelet_config": [],
                "kubelet_disk_type": "OS",
                "linux_os_config": [],
                "max_count": 0,
                "max_pods": 110,
                "min_count": 0,
                "name": "agents",
                "node_count": 1,
                "node_labels": {},
                "node_public_ip_prefix_id": "",
                "node_taints": [],
                "only_critical_addons_enabled": false,
                "orchestrator_version": "",
                "os_disk_size_gb": 128,
                "os_disk_type": "Managed",
                "os_sku": "Ubuntu",
                "pod_subnet_id": "",
                "proximity_placement_group_id": "",
                "tags": {},
                "type": "VirtualMachineScaleSets",
                "ultra_ssd_enabled": false,
                "upgrade_settings": [],
                "vm_size": "Standard_D2_v2",
                "vnet_subnet_id": "/subscriptions/4dc1bd33-fef6-413d-aa31-bc639452a449/resourceGroups/gb3s-network/providers/Microsoft.Network/virtualNetworks/gb3s-network/subnets/agent-nodepool",
                "zones": []
              }
            ],
            "disk_encryption_set_id": "",
            "dns_prefix": "",
            "dns_prefix_private_cluster": "gb3s-cluster",
            "enable_pod_security_policy": false,
            "fqdn": "",
            "http_application_routing_enabled": false,
            "http_application_routing_zone_name": "",
            "http_proxy_config": [],
            "id": "/subscriptions/4dc1bd33-fef6-413d-aa31-bc639452a449/resourceGroups/gb3s/providers/Microsoft.ContainerService/managedClusters/gb3s",
            "identity": [
              {
                "identity_ids": [
                  "/subscriptions/4dc1bd33-fef6-413d-aa31-bc639452a449/resourceGroups/gb3s/providers/Microsoft.ManagedIdentity/userAssignedIdentities/gb3s-cluster"
                ],
                "principal_id": "",
                "tenant_id": "",
                "type": "UserAssigned"
              }
            ],
            "ingress_application_gateway": [],
            "key_vault_secrets_provider": [
              {
                "secret_identity": [
                  {
                    "client_id": "828fb670-9eac-4f27-a5a0-f13f8d5d1c4e",
                    "object_id": "46e419bb-42ec-49fd-be5e-cf80f2af901b",
                    "user_assigned_identity_id": "/subscriptions/4dc1bd33-fef6-413d-aa31-bc639452a449/resourcegroups/gb3s-nodes/providers/Microsoft.ManagedIdentity/userAssignedIdentities/azurekeyvaultsecretsprovider-gb3s"
                  }
                ],
                "secret_rotation_enabled": false,
                "secret_rotation_interval": "2m"
              }
            ],
            "kube_admin_config": [],
            "kube_admin_config_raw": "",
            "kube_config": [
              {
                "client_certificate": "LS0tLS1CRUdJTiBDRVJUSUZJQ0FURS0tLS0tCk1JSUZIakNDQXdhZ0F3SUJBZ0lSQU5LZjQ0YjdaekNwQXBWTkRrVGpiemd3RFFZSktvWklodmNOQVFFTEJRQXcKRFRFTE1Ba0dBMVVFQXhNQ1kyRXdIaGNOTWpJd056QTBNREkxTXpNNFdoY05NalF3TnpBME1ETXdNek00V2pBdwpNUmN3RlFZRFZRUUtFdzV6ZVhOMFpXMDZiV0Z6ZEdWeWN6RVZNQk1HQTFVRUF4TU1iV0Z6ZEdWeVkyeHBaVzUwCk1JSUNJakFOQmdrcWhraUc5dzBCQVFFRkFBT0NBZzhBTUlJQ0NnS0NBZ0VBeXVlYjlKNm5Ra1VrR0RuTFA1RWEKRGxyOW5pM1B6VkUySnlYbE5xdWZuaGxJYkJueitkMmdWRUh5UmRYZk1reVFObGV0TS96KzVJNjZTUGRUdzAzWgpNRmQyakFCU1BvMkNkVDJ3b1NINEdHTUIwMnpIT3BCOEhYTUZlZk42M2p1S0EwK09GNTlWQ1BlN0F1ekZBY08yClB0aFVHeFJZSU1lOFpKMXQzUnllTUh6WDhHSmRmZ29sM25aUSt2OHVKSWt1b2VueklTSUZ1NXl3b3R1MTNqdFkKMkQwcXFKQUorV04xb24raWxHTnhzYWtXWnoyOUg3aU1uQ01wczlPQU9Obi9xSHJDSHpXYkFBZ2Z4Q05odWZXagpnb0lpUHJyTW5xNnBlSUVvdkE2V2YwSm5CZktuVlRCTGErODB1QWQzeGwydzRsVGRqMWtZTnV3TEF2azBOcWswCkUxOU8vdFhsRDlnSnNYbysyT1Fia1YxT2w1MnhzWi95VE5hNWdtMnhIdVk1aldXTkFGcUFFQWw4Wk54K1FyZG0KVk5ZTEFyQkExaFhnZHdYSkdQNFBqTjR0UktmNUNxQnpNWlA2Z2tWU1ljVUF6ZXY2bnB5eEJud0ZoK3pHMStvdgpoNStLL3QzVnlaNUtDb3pvN2ZBS1hSVDEyclRkZXNDTHdNWXpEb0lQeFZZcGVQckJaQVhZSVNqS3lrSW5KbHcvCnNSZis2UTN1YW1JZGFEOE5nWEVBay9Td3NQSmdaNGNhcHJ2NUd4b2NLdDNnOVR0cjYwL2RwNEpWYTAzcTl6OVgKb1oxTEZDVFNmdFgwYlpzcmZ3R1lKWmhkK2FackErSkpBWklPdmN3ejRsNnIzV2Z1cW43NHM1M0YvazAyOFlabApCRkpoQjR1TEM3eEVQbGM3QXhIeGJxVUNBd0VBQWFOV01GUXdEZ1lEVlIwUEFRSC9CQVFEQWdXZ01CTUdBMVVkCkpRUU1NQW9HQ0NzR0FRVUZCd01DTUF3R0ExVWRFd0VCL3dRQ01BQXdId1lEVlIwakJCZ3dGb0FVSG4yaWtoNGwKMnMvOUVuY3YvR0ZEWGhzVHRQd3dEUVlKS29aSWh2Y05BUUVMQlFBRGdnSUJBSkswaG1RQk1ycFZvdXVtTURJVgovcFhKcEkzVGZGSlh2dzhBdkd4RUtELzk3YUtPMXlYeWRJNVFJOENMS0NKY1BmUUFCcGdMTGp4Y21GYjRsY0pFCjBKeCtjaG9UQjAzUDI5amowQmRkWHpteUR6dGsvQ0NyQkI0TjZpVXZ1SElzSlZzajg4clRqWTZmMUdDd2xnb28KbWNpaE1vb3JFd241QkFMZ2V1RFZJNG8zR3YweHdzcUNuejhUdXVuYTJWNklZRkVXYkpKRGsrRVRDbks5RkIyTwp3cVgxcnpZUlo4NkQ5b0JuZ0dvTTZUbTRXeXhacHp1WHNWeFJuMW9tUVQ4MUNtMzhVV25LTWZLWktVVWVuZW04CjdWSENpRENjMVc1cFJOK29EZHFnU0w5eEwrSEpiWmUwek51Ly85K0pCMDNuTTJLcWtvc1F4Ly90Y1dTRVZnbTMKTUlsTlBVMFZ0cmNhSjVWSVFSY1dQN2Z3NVFPZXdNREMyNysyOVNGMlliYlNkVEN5SVdlYUpOcTM1dzVSV1JDYwpsa3YrMjE1dGpaSDM4RGFPZHdPMnFiZEYwd2dhRVk1SVBrbXJleTRTUVVmaThMT1RuTFFIVjdCUHVQU1AzRkUyCjNnRmkxK3gxdGUrTFlMMDc5UTh0R09hZXZTdWhJVU5iOWhpTU5WbGFuK2JOVmQzY1dFZUY0NTN0d2lPZUUvc2wKY1BRWEdVNXB2S3owQjhHdEMxK2J4STF6U28ySEwwc29iS0wyYU1qVmpEK2p1eHRPT1RxVlR3dGd0MUtzWml4SQpZVXRqejZROVNyUVVUUUp2aG9wY1Bva3dzajRJdnA3Sk44LzAySWIzMlpTMS9MMFZLL2pzZmJ5NzE2bE92aWltCnNsUng2SDhId3hudXM3UElkRmRXak5EZgotLS0tLUVORCBDRVJUSUZJQ0FURS0tLS0tCg==",
                "client_key": "LS0tLS1CRUdJTiBSU0EgUFJJVkFURSBLRVktLS0tLQpNSUlKS0FJQkFBS0NBZ0VBeXVlYjlKNm5Ra1VrR0RuTFA1RWFEbHI5bmkzUHpWRTJKeVhsTnF1Zm5obEliQm56CitkMmdWRUh5UmRYZk1reVFObGV0TS96KzVJNjZTUGRUdzAzWk1GZDJqQUJTUG8yQ2RUMndvU0g0R0dNQjAyekgKT3BCOEhYTUZlZk42M2p1S0EwK09GNTlWQ1BlN0F1ekZBY08yUHRoVUd4UllJTWU4WkoxdDNSeWVNSHpYOEdKZApmZ29sM25aUSt2OHVKSWt1b2VueklTSUZ1NXl3b3R1MTNqdFkyRDBxcUpBSitXTjFvbitpbEdOeHNha1daejI5Ckg3aU1uQ01wczlPQU9Obi9xSHJDSHpXYkFBZ2Z4Q05odWZXamdvSWlQcnJNbnE2cGVJRW92QTZXZjBKbkJmS24KVlRCTGErODB1QWQzeGwydzRsVGRqMWtZTnV3TEF2azBOcWswRTE5Ty90WGxEOWdKc1hvKzJPUWJrVjFPbDUyeApzWi95VE5hNWdtMnhIdVk1aldXTkFGcUFFQWw4Wk54K1FyZG1WTllMQXJCQTFoWGdkd1hKR1A0UGpONHRSS2Y1CkNxQnpNWlA2Z2tWU1ljVUF6ZXY2bnB5eEJud0ZoK3pHMStvdmg1K0svdDNWeVo1S0Nvem83ZkFLWFJUMTJyVGQKZXNDTHdNWXpEb0lQeFZZcGVQckJaQVhZSVNqS3lrSW5KbHcvc1JmKzZRM3VhbUlkYUQ4TmdYRUFrL1N3c1BKZwpaNGNhcHJ2NUd4b2NLdDNnOVR0cjYwL2RwNEpWYTAzcTl6OVhvWjFMRkNUU2Z0WDBiWnNyZndHWUpaaGQrYVpyCkErSkpBWklPdmN3ejRsNnIzV2Z1cW43NHM1M0YvazAyOFlabEJGSmhCNHVMQzd4RVBsYzdBeEh4YnFVQ0F3RUEKQVFLQ0FnRUFuaFBIU3RMMzJBZHAwWDNsUFFiYzErWkh4SjVJVU5zK1owMTh3QlVCYS9paWxhVzZrQ1g4TE9pYgp5WkNRTE8yOVJMa1Y5WFRiV0ZGaURFcXo5V3FIRk1SdlZTOUM0L3ozY0VPNWdpK215OGtHdVNMOExFSTRqL0QyCmlVWUpxVzJWWG5MeWJyRHhYT1V6eTFtUE9vcXhSMURlWmFKNTdqL3VKQzBLVk1OZzhzR3dzbFRRSmN2ZUtPemcKdGt0c05ZYXl6KzRtUHQvMHUyK2RwYU9xa3hLRmF5SnNRNXJFU29rVU1wOWhtRjNKUy9KQncva3ppSzBNenZBTwpJMDFaamZFNDNwZVUrUitZUEhRWDI0VDlOQldOWjdYZTNDUklHakJWVTg2OFg1YTE1VHRrYkJ2YUJlSjBRQWpDCmQ4VkpxVCtBK1RQSTBVOUdNRFBCZUhXU0dpdkVweGVhdkk3OU1UQUJJSDJaa284LzY0aC8zUmpaNGhINCttOHkKanoxSXdHR25WMUUreFJiL0RyVWNQanZGbWxmV2x6MEFxanlWMUJMUzJMUEViUzdzUXc3RmZVeUNRdStrK0JETwpvM1c3Q0tCTG9iRWlrUUlLYTczQi9tdmNQVzY2UUxack1kcE1HTDFDbDdmeG40WXdXT3dMZjNvd1lqcUVSUXVHCmwyd3JOeU5ockF3SXZmNHlSZTQ5bDJ2S0NKZmozcHYweUVwNzBVSHIyK1NDMUtSR29jazhVZlkyTUpzWmIwN0oKd2svblgvYnd2MUJ1VVRNZU9GcDFyOFBJVC9ZNGlpUnRzOWlNVGZ0MGZFUjBvK2NPRjIyU1JlV3JEVlg0b2IraQpQRnRyeGsrcEFOeXE5Ym1BWFhEU3Ixc0o4dUhJeFhic2dPeFFIMVYrVWtPVjRCbVZpTUVDZ2dFQkFOcEFEVXU4CmRVaEc5SG9SdG9tQmNtQVpCa2JOTXk5Uy9MY01XNnVpUXdNOHgyM2tsYVM0Mnk2T3NvRHN6Q0xoTWt3a1VlWDkKYzByWDY0Uld3Ui9OdmlkejZoZWFTVmZxSjRTWllPZDlQL0hVbHA5YURZdlBTcDNJN2tZRXFjQTVWdEtjcVN3TgphZk1hU2Y2TWpuL2czVEY1cTB1WnltMXZHY29RSmd0YWVqRU5YalBrRFZDUXliSW9pbFNWY2NlZ0ZpUS8zcWhkCkl1V1JNYzBDSUZrMVhIbFBTdWNmNVZpL3JQVnNDbHA4SURNaDloTW1GcFJqdnhaNkUrUWExMzFYSEdFeXFiWGQKMmJnT3RoQko2Q09ZTi9uUlBxeVZPUEdWbkdWYVFSM1VKenNVNUhTd1FEdWZlTkd4MU1LbTBtYmE2ckovRTM2Kwp1OVRUSG0wZFdFY2JqVjBDZ2dFQkFPNEFFa3E1VXdIVFVtR2dVcWRjenAwMHZNbE9FbllQNmNuK1o1R050bUZ3CmdtckphQnFnaW12eUtaRjM4Unpmb1dtZlFac0FkNDZ6a2xkdk90ZEh6ZUJUb1p4cWJoK0lOVng5WUptZHFxQ3UKYis2OFN2ZnZlUm9meDRUemtpTG5WNTFqdlM4Y1RTRm9ZbVJxOUxhTVJ5akpBcnFVcENWNURQMGtGaXFxQVhVbAowSHR6bGRRWHdsRXp6aHI4NUFoVkFZSG5UNkhuZitvUTNJdFhTMGJqVitSN1BvcXZSWWxUMVhhNWJFWW83QVU1Ck5GR2hHeUZodVRUOEFzMGpXSnppOTNkN0dSdEsrTVVlWjlPamNmZGo0Z3lHdDJMaHVJWW55aGZiZHhaY2wvbHQKSFI5RVRLaWVkUHVNdnUxTTRCNnJOS2FwWGYxZXZYQ1ZmeXRPVlcyamlla0NnZ0VBWG5HcFQwVFdXOWlZb3RwWAphMW1nN1FUbk9teEI0aEMvVzFiMXRHZ2JKNk45aVlpSldTYkZjbmc5dHB6Q0diWHAxaGxCZDQwZC94MUF4WnZsCkpxWVp5MmpWdkRELzNCTnYxbW1wRFlPZDBFQjJqYTZpZmdYTi9FbWZFcDJoOTVUWWhYdFZtY0tVUHFiNXJqV1UKMUxHeUJsN29TV2JidWsrQmtYYzdmMTQvMGtvK29hWG1QUjdxcVRYeDVuaGxMRVdTVDAxMFJOZEk2cDdTTml6ZApZcjA4cnlJby82dEZ6QW5tQnE0aUxOWForVWFRL2VoVmpSRTg5N1VNTm9HSERxNUxrYVFpM0ppTVJxSFhGMlZrCkYwTWZ0Zk5lYzhCL1M4dTZTZ0dzZkFQNmxnNk1iaEozT1ZYaEtwMFJ2TW9EOG81NVVaUzhFdlRtdzBvNHVHOGkKYkdMMzRRS0NBUUFFVHBnR0ppaHNaZ2lkbjZzZlFEeTA5NWxiQTBDdVJrZHkwbG5KZG9rUVpsclYxK004YUI5WgpLTDY3MVRIVjFlNHozUi93MENkWnU4SXdOdUVYdUVMdmhsUHNZcml2ZFdXUjBPc0luS1BUMkpSSis3cFhsa3ZZCnZ5NTdKM1ZEa0hBemR2U2JmNldkcnlmb3JVN1VadUY2eVhoMUsrOTBoaVpJQm5rb09IOWlRVmJ1aFA3M0laN3cKblVGamw2UUF5cGtHWXNzOElOWmR4QVJadVRDeGpiZXZlTk4rNndFVkpTRTl6c2s0MDlEQm4zRms4TWR1NlRmUwp6NlMxVmFocTNtaWdEdWc3YURYc1MwcVJ0K2wrRXA2cW4xMStPcHQrUWdZVVBIS0JReGUwK2RhSEZGTlcwZGRJCkhobnViVys0M2x4TGo5RVZucnRLNkVtdTNQSUswK1RSQW9JQkFHWXVzWWNyWGcxZ1ZKNXg3UEllbk5zM1VZMzgKb0hYeTRDNFdXSEM3UWduM3ZqdTdKVDZ0d25YUHRWSWVqaGl0czVyUHVyb3J3K0N0R1pEd1lCU0h4K1ExbHBoMQpzVFhIbGo4OU8wZGxhUnRTV3BRLzFXdmRuN0MyVXB0WkVrYzU2djdCckxSdk9zN3FQYU85dVB3UDBuOVlIK08xCnFaMzJwNVlZUEQzRC9kMVFsbVRUY3hsRXAzQSsrUmM4YXFOUmsyckFzWGRyK3hWdG9zbjl3cEVBQm5aZWdTUmkKRkF0eTc0UFlDd0RjZGFURFpUYnA0bHhsdnJ1Ylc0b0t0UTJjVTJwTzVyRGxSNFVlenpSd2owbWFEOVVIRXhZTAp0YStob2NxakRZRUxGaDNCTGhDcXNLUmVDRVNIL2lCTzQ2S1ZtUjZGTEh3U3F3NVpXcFFMbXpVM2tJND0KLS0tLS1FTkQgUlNBIFBSSVZBVEUgS0VZLS0tLS0K",
                "cluster_ca_certificate": "LS0tLS1CRUdJTiBDRVJUSUZJQ0FURS0tLS0tCk1JSUU2VENDQXRHZ0F3SUJBZ0lSQUovRGFaNFVtdzQxOXhKK2luRjdCV2t3RFFZSktvWklodmNOQVFFTEJRQXcKRFRFTE1Ba0dBMVVFQXhNQ1kyRXdJQmNOTWpJd056QTBNREkxTXpNNFdoZ1BNakExTWpBM01EUXdNekF6TXpoYQpNQTB4Q3pBSkJnTlZCQU1UQW1OaE1JSUNJakFOQmdrcWhraUc5dzBCQVFFRkFBT0NBZzhBTUlJQ0NnS0NBZ0VBCjd1VDVNRW1xQWJaam40M1E0TU1Ja3Y1V1A5QjdpRlRwSjVCalNrSDFtK1FIRE1PblBFSmNFcHRpMFFpNzJ5V0EKR0x4dlRHVGxraThwTWVVRENSSENPNkhINHdEOFU4WURyYS9WMVRESWh1NTZnU0hjWXhyYXNpLzJCRUlqSmlqWQo5YitCajVjOTJOdVh2NlFFSkpQTXp5SU9zKzBtSTRSdE85aEhJWm9jdDIvS3Z0Yy9YcHlzd0Uvd2lJNDFxZ2VsCk5zaVdUYndQSUtwZW5GU2d3bmIzVW03UTBEUGU3SE9mMmcxQVhnb1IrRzUveFU5dCtWUXpTVS9TUVkrOWc4SjgKYjV2NEt0WmplL1pXeDFER0VnMXR6c1ZwSG9zZ2MzTUw0VmVBVmxodHBzMU13eDVkQVF3TzdnWFMxL3pOTzBaaQpSemVaL2QrSjdxSmpBSmtQTUlIZS9NTW5qd0t5d09YNUk2bjZlMVJueE9EUVJFNUIyYVdlaXhUL0k3ZEpFN1l6Cks5dDBVVG5RYXhTbVdsOVg3NUVVWUtBYk9xMndsNGppakh3M3dCT1BWVU16NEoxZ0QrSTByR08rcjJEZmM2cE0KbkR2YitXT24rd0ZkODRDYml1SnU0MSszVTlRRWFFL1AvTk5Wd1R0TDhMTC8zcWpTbk1VNDVqelptdTJ0NjU1VQpBYWR2M0ZmRHdmOVgyZUg3WHdBblgxM0ZVaFBhdU1jb3QxN2ovRFlzaCtERUNuZXlqdEtNUy9FNEYzRDdzaGU2CmRUWVJBdld6Z0MzeUc4ZXJ5MUcrL1JhL3V5S2tSbCtlL0ZIR1kycWlsTjFlVDhxR0V5ekF6MGdSUnF3cm1UWGIKY2cvTnp0cHl4Ymd5VWV0ZWc4Ui96ekFRRUwzQ05iSGtTbVhvWFNKM3BHOENBd0VBQWFOQ01FQXdEZ1lEVlIwUApBUUgvQkFRREFnS2tNQThHQTFVZEV3RUIvd1FGTUFNQkFmOHdIUVlEVlIwT0JCWUVGQjU5b3BJZUpkclAvUkozCkwveGhRMTRiRTdUOE1BMEdDU3FHU0liM0RRRUJDd1VBQTRJQ0FRQmQ1UTJiYml3cm9wQTA2NFpQcFdoWUFHZFUKeU43WVBDU1A0V2ExQjVmN0pvaTgyUGtNcDFLRk03eVphaFhNNFRUWGtDa0w0MUljMmFHeUkxNVNDanExNGRJUgp6aVZEMmFnS2hFalVUSjNjSlBNUWQ4U1MzQkhwT3ovTW1RVU5qSWM0M1RIcWkvNm5QVDVNajV5bUZTSmN3aGh1CmswUWY5YStmclhWOWVzZjBkYWQ1RllVY3l0UVVSWk5KWGlXcHhTNEdkaE1NZXZic09qc1BYYUhZcEV3NjMrOUwKK1VTQU15VzhVd051MVNsZ2NPbGRzMm55L1lmaWxnVkIzQit3OHphWkVhWFNwMG8wRTlTeFJxOU02QjFtY2pvLwpJTTZBTXlLRXo2a3k4NTRPVHNXT0tjZlA4c2VONUZlWDVHLy94dFM0ZjVzbis3a2V3V1puQUFXRXNJd1ljeVNVCnlQcWZmRjBjb0c2UzVYejJXNlRFZ2Qra3ZCY2lRbkdiUVdHd0F6N2lFd055blJsYzFnZTBFUzVjNm8rTHF4MDcKWk5abjdCSFdvWFdoTzBDY09LV1RrU1lXTnV3MTFQSjlOSTF5RFNnOFJoV2cwYk8rb2N4N3VlOG5zSytaaENsRwpGdXBpQUVFMzlieGFmWUhtcFpWY0JSYnE1N3JYR20xa2I3NmlOVGN2L3UyZThUOThrYjBMZ2xENWRudXA3bUtIClN3YkZBNlBNOUtyYjI2WVBxSlFKaHhZUGM1SUtjc1NLbDlLTTd1TnZZQ1VjQ0VUcU1Dek0xRFlHWmg1M3B6cWoKU24veXhhUGNteFNoQWxTQ2JUUDJZR1Nlbk4zRHNvSlJpUzVIbmJMbE9qcmRpRVFzNTdJRThicVA1VjBYc3crNQpQZ0FuVmVhUmUrV3NTVkRjN2c9PQotLS0tLUVORCBDRVJUSUZJQ0FURS0tLS0tCg==",
                "host": "https://gb3s-cluster.privatelink.eastus.azmk8s.io:443",
                "password": "7a1f23da4b30c84cfaf120b174cdc56f87636cd6a76dfa71014df6f9b932ec4474fbb71c8ad765b810a87ed95a5776f730aded8e2b7df0055f43720c0269c03b",
                "username": "clusterUser_gb3s_gb3s"
              }
            ],
            "kube_config_raw": "apiVersion: v1\nclusters:\n- cluster:\n    certificate-authority-data: LS0tLS1CRUdJTiBDRVJUSUZJQ0FURS0tLS0tCk1JSUU2VENDQXRHZ0F3SUJBZ0lSQUovRGFaNFVtdzQxOXhKK2luRjdCV2t3RFFZSktvWklodmNOQVFFTEJRQXcKRFRFTE1Ba0dBMVVFQXhNQ1kyRXdJQmNOTWpJd056QTBNREkxTXpNNFdoZ1BNakExTWpBM01EUXdNekF6TXpoYQpNQTB4Q3pBSkJnTlZCQU1UQW1OaE1JSUNJakFOQmdrcWhraUc5dzBCQVFFRkFBT0NBZzhBTUlJQ0NnS0NBZ0VBCjd1VDVNRW1xQWJaam40M1E0TU1Ja3Y1V1A5QjdpRlRwSjVCalNrSDFtK1FIRE1PblBFSmNFcHRpMFFpNzJ5V0EKR0x4dlRHVGxraThwTWVVRENSSENPNkhINHdEOFU4WURyYS9WMVRESWh1NTZnU0hjWXhyYXNpLzJCRUlqSmlqWQo5YitCajVjOTJOdVh2NlFFSkpQTXp5SU9zKzBtSTRSdE85aEhJWm9jdDIvS3Z0Yy9YcHlzd0Uvd2lJNDFxZ2VsCk5zaVdUYndQSUtwZW5GU2d3bmIzVW03UTBEUGU3SE9mMmcxQVhnb1IrRzUveFU5dCtWUXpTVS9TUVkrOWc4SjgKYjV2NEt0WmplL1pXeDFER0VnMXR6c1ZwSG9zZ2MzTUw0VmVBVmxodHBzMU13eDVkQVF3TzdnWFMxL3pOTzBaaQpSemVaL2QrSjdxSmpBSmtQTUlIZS9NTW5qd0t5d09YNUk2bjZlMVJueE9EUVJFNUIyYVdlaXhUL0k3ZEpFN1l6Cks5dDBVVG5RYXhTbVdsOVg3NUVVWUtBYk9xMndsNGppakh3M3dCT1BWVU16NEoxZ0QrSTByR08rcjJEZmM2cE0KbkR2YitXT24rd0ZkODRDYml1SnU0MSszVTlRRWFFL1AvTk5Wd1R0TDhMTC8zcWpTbk1VNDVqelptdTJ0NjU1VQpBYWR2M0ZmRHdmOVgyZUg3WHdBblgxM0ZVaFBhdU1jb3QxN2ovRFlzaCtERUNuZXlqdEtNUy9FNEYzRDdzaGU2CmRUWVJBdld6Z0MzeUc4ZXJ5MUcrL1JhL3V5S2tSbCtlL0ZIR1kycWlsTjFlVDhxR0V5ekF6MGdSUnF3cm1UWGIKY2cvTnp0cHl4Ymd5VWV0ZWc4Ui96ekFRRUwzQ05iSGtTbVhvWFNKM3BHOENBd0VBQWFOQ01FQXdEZ1lEVlIwUApBUUgvQkFRREFnS2tNQThHQTFVZEV3RUIvd1FGTUFNQkFmOHdIUVlEVlIwT0JCWUVGQjU5b3BJZUpkclAvUkozCkwveGhRMTRiRTdUOE1BMEdDU3FHU0liM0RRRUJDd1VBQTRJQ0FRQmQ1UTJiYml3cm9wQTA2NFpQcFdoWUFHZFUKeU43WVBDU1A0V2ExQjVmN0pvaTgyUGtNcDFLRk03eVphaFhNNFRUWGtDa0w0MUljMmFHeUkxNVNDanExNGRJUgp6aVZEMmFnS2hFalVUSjNjSlBNUWQ4U1MzQkhwT3ovTW1RVU5qSWM0M1RIcWkvNm5QVDVNajV5bUZTSmN3aGh1CmswUWY5YStmclhWOWVzZjBkYWQ1RllVY3l0UVVSWk5KWGlXcHhTNEdkaE1NZXZic09qc1BYYUhZcEV3NjMrOUwKK1VTQU15VzhVd051MVNsZ2NPbGRzMm55L1lmaWxnVkIzQit3OHphWkVhWFNwMG8wRTlTeFJxOU02QjFtY2pvLwpJTTZBTXlLRXo2a3k4NTRPVHNXT0tjZlA4c2VONUZlWDVHLy94dFM0ZjVzbis3a2V3V1puQUFXRXNJd1ljeVNVCnlQcWZmRjBjb0c2UzVYejJXNlRFZ2Qra3ZCY2lRbkdiUVdHd0F6N2lFd055blJsYzFnZTBFUzVjNm8rTHF4MDcKWk5abjdCSFdvWFdoTzBDY09LV1RrU1lXTnV3MTFQSjlOSTF5RFNnOFJoV2cwYk8rb2N4N3VlOG5zSytaaENsRwpGdXBpQUVFMzlieGFmWUhtcFpWY0JSYnE1N3JYR20xa2I3NmlOVGN2L3UyZThUOThrYjBMZ2xENWRudXA3bUtIClN3YkZBNlBNOUtyYjI2WVBxSlFKaHhZUGM1SUtjc1NLbDlLTTd1TnZZQ1VjQ0VUcU1Dek0xRFlHWmg1M3B6cWoKU24veXhhUGNteFNoQWxTQ2JUUDJZR1Nlbk4zRHNvSlJpUzVIbmJMbE9qcmRpRVFzNTdJRThicVA1VjBYc3crNQpQZ0FuVmVhUmUrV3NTVkRjN2c9PQotLS0tLUVORCBDRVJUSUZJQ0FURS0tLS0tCg==\n    server: https://gb3s-cluster.privatelink.eastus.azmk8s.io:443\n  name: gb3s\ncontexts:\n- context:\n    cluster: gb3s\n    user: clusterUser_gb3s_gb3s\n  name: gb3s\ncurrent-context: gb3s\nkind: Config\npreferences: {}\nusers:\n- name: clusterUser_gb3s_gb3s\n  user:\n    client-certificate-data: LS0tLS1CRUdJTiBDRVJUSUZJQ0FURS0tLS0tCk1JSUZIakNDQXdhZ0F3SUJBZ0lSQU5LZjQ0YjdaekNwQXBWTkRrVGpiemd3RFFZSktvWklodmNOQVFFTEJRQXcKRFRFTE1Ba0dBMVVFQXhNQ1kyRXdIaGNOTWpJd056QTBNREkxTXpNNFdoY05NalF3TnpBME1ETXdNek00V2pBdwpNUmN3RlFZRFZRUUtFdzV6ZVhOMFpXMDZiV0Z6ZEdWeWN6RVZNQk1HQTFVRUF4TU1iV0Z6ZEdWeVkyeHBaVzUwCk1JSUNJakFOQmdrcWhraUc5dzBCQVFFRkFBT0NBZzhBTUlJQ0NnS0NBZ0VBeXVlYjlKNm5Ra1VrR0RuTFA1RWEKRGxyOW5pM1B6VkUySnlYbE5xdWZuaGxJYkJueitkMmdWRUh5UmRYZk1reVFObGV0TS96KzVJNjZTUGRUdzAzWgpNRmQyakFCU1BvMkNkVDJ3b1NINEdHTUIwMnpIT3BCOEhYTUZlZk42M2p1S0EwK09GNTlWQ1BlN0F1ekZBY08yClB0aFVHeFJZSU1lOFpKMXQzUnllTUh6WDhHSmRmZ29sM25aUSt2OHVKSWt1b2VueklTSUZ1NXl3b3R1MTNqdFkKMkQwcXFKQUorV04xb24raWxHTnhzYWtXWnoyOUg3aU1uQ01wczlPQU9Obi9xSHJDSHpXYkFBZ2Z4Q05odWZXagpnb0lpUHJyTW5xNnBlSUVvdkE2V2YwSm5CZktuVlRCTGErODB1QWQzeGwydzRsVGRqMWtZTnV3TEF2azBOcWswCkUxOU8vdFhsRDlnSnNYbysyT1Fia1YxT2w1MnhzWi95VE5hNWdtMnhIdVk1aldXTkFGcUFFQWw4Wk54K1FyZG0KVk5ZTEFyQkExaFhnZHdYSkdQNFBqTjR0UktmNUNxQnpNWlA2Z2tWU1ljVUF6ZXY2bnB5eEJud0ZoK3pHMStvdgpoNStLL3QzVnlaNUtDb3pvN2ZBS1hSVDEyclRkZXNDTHdNWXpEb0lQeFZZcGVQckJaQVhZSVNqS3lrSW5KbHcvCnNSZis2UTN1YW1JZGFEOE5nWEVBay9Td3NQSmdaNGNhcHJ2NUd4b2NLdDNnOVR0cjYwL2RwNEpWYTAzcTl6OVgKb1oxTEZDVFNmdFgwYlpzcmZ3R1lKWmhkK2FackErSkpBWklPdmN3ejRsNnIzV2Z1cW43NHM1M0YvazAyOFlabApCRkpoQjR1TEM3eEVQbGM3QXhIeGJxVUNBd0VBQWFOV01GUXdEZ1lEVlIwUEFRSC9CQVFEQWdXZ01CTUdBMVVkCkpRUU1NQW9HQ0NzR0FRVUZCd01DTUF3R0ExVWRFd0VCL3dRQ01BQXdId1lEVlIwakJCZ3dGb0FVSG4yaWtoNGwKMnMvOUVuY3YvR0ZEWGhzVHRQd3dEUVlKS29aSWh2Y05BUUVMQlFBRGdnSUJBSkswaG1RQk1ycFZvdXVtTURJVgovcFhKcEkzVGZGSlh2dzhBdkd4RUtELzk3YUtPMXlYeWRJNVFJOENMS0NKY1BmUUFCcGdMTGp4Y21GYjRsY0pFCjBKeCtjaG9UQjAzUDI5amowQmRkWHpteUR6dGsvQ0NyQkI0TjZpVXZ1SElzSlZzajg4clRqWTZmMUdDd2xnb28KbWNpaE1vb3JFd241QkFMZ2V1RFZJNG8zR3YweHdzcUNuejhUdXVuYTJWNklZRkVXYkpKRGsrRVRDbks5RkIyTwp3cVgxcnpZUlo4NkQ5b0JuZ0dvTTZUbTRXeXhacHp1WHNWeFJuMW9tUVQ4MUNtMzhVV25LTWZLWktVVWVuZW04CjdWSENpRENjMVc1cFJOK29EZHFnU0w5eEwrSEpiWmUwek51Ly85K0pCMDNuTTJLcWtvc1F4Ly90Y1dTRVZnbTMKTUlsTlBVMFZ0cmNhSjVWSVFSY1dQN2Z3NVFPZXdNREMyNysyOVNGMlliYlNkVEN5SVdlYUpOcTM1dzVSV1JDYwpsa3YrMjE1dGpaSDM4RGFPZHdPMnFiZEYwd2dhRVk1SVBrbXJleTRTUVVmaThMT1RuTFFIVjdCUHVQU1AzRkUyCjNnRmkxK3gxdGUrTFlMMDc5UTh0R09hZXZTdWhJVU5iOWhpTU5WbGFuK2JOVmQzY1dFZUY0NTN0d2lPZUUvc2wKY1BRWEdVNXB2S3owQjhHdEMxK2J4STF6U28ySEwwc29iS0wyYU1qVmpEK2p1eHRPT1RxVlR3dGd0MUtzWml4SQpZVXRqejZROVNyUVVUUUp2aG9wY1Bva3dzajRJdnA3Sk44LzAySWIzMlpTMS9MMFZLL2pzZmJ5NzE2bE92aWltCnNsUng2SDhId3hudXM3UElkRmRXak5EZgotLS0tLUVORCBDRVJUSUZJQ0FURS0tLS0tCg==\n    client-key-data: LS0tLS1CRUdJTiBSU0EgUFJJVkFURSBLRVktLS0tLQpNSUlKS0FJQkFBS0NBZ0VBeXVlYjlKNm5Ra1VrR0RuTFA1RWFEbHI5bmkzUHpWRTJKeVhsTnF1Zm5obEliQm56CitkMmdWRUh5UmRYZk1reVFObGV0TS96KzVJNjZTUGRUdzAzWk1GZDJqQUJTUG8yQ2RUMndvU0g0R0dNQjAyekgKT3BCOEhYTUZlZk42M2p1S0EwK09GNTlWQ1BlN0F1ekZBY08yUHRoVUd4UllJTWU4WkoxdDNSeWVNSHpYOEdKZApmZ29sM25aUSt2OHVKSWt1b2VueklTSUZ1NXl3b3R1MTNqdFkyRDBxcUpBSitXTjFvbitpbEdOeHNha1daejI5Ckg3aU1uQ01wczlPQU9Obi9xSHJDSHpXYkFBZ2Z4Q05odWZXamdvSWlQcnJNbnE2cGVJRW92QTZXZjBKbkJmS24KVlRCTGErODB1QWQzeGwydzRsVGRqMWtZTnV3TEF2azBOcWswRTE5Ty90WGxEOWdKc1hvKzJPUWJrVjFPbDUyeApzWi95VE5hNWdtMnhIdVk1aldXTkFGcUFFQWw4Wk54K1FyZG1WTllMQXJCQTFoWGdkd1hKR1A0UGpONHRSS2Y1CkNxQnpNWlA2Z2tWU1ljVUF6ZXY2bnB5eEJud0ZoK3pHMStvdmg1K0svdDNWeVo1S0Nvem83ZkFLWFJUMTJyVGQKZXNDTHdNWXpEb0lQeFZZcGVQckJaQVhZSVNqS3lrSW5KbHcvc1JmKzZRM3VhbUlkYUQ4TmdYRUFrL1N3c1BKZwpaNGNhcHJ2NUd4b2NLdDNnOVR0cjYwL2RwNEpWYTAzcTl6OVhvWjFMRkNUU2Z0WDBiWnNyZndHWUpaaGQrYVpyCkErSkpBWklPdmN3ejRsNnIzV2Z1cW43NHM1M0YvazAyOFlabEJGSmhCNHVMQzd4RVBsYzdBeEh4YnFVQ0F3RUEKQVFLQ0FnRUFuaFBIU3RMMzJBZHAwWDNsUFFiYzErWkh4SjVJVU5zK1owMTh3QlVCYS9paWxhVzZrQ1g4TE9pYgp5WkNRTE8yOVJMa1Y5WFRiV0ZGaURFcXo5V3FIRk1SdlZTOUM0L3ozY0VPNWdpK215OGtHdVNMOExFSTRqL0QyCmlVWUpxVzJWWG5MeWJyRHhYT1V6eTFtUE9vcXhSMURlWmFKNTdqL3VKQzBLVk1OZzhzR3dzbFRRSmN2ZUtPemcKdGt0c05ZYXl6KzRtUHQvMHUyK2RwYU9xa3hLRmF5SnNRNXJFU29rVU1wOWhtRjNKUy9KQncva3ppSzBNenZBTwpJMDFaamZFNDNwZVUrUitZUEhRWDI0VDlOQldOWjdYZTNDUklHakJWVTg2OFg1YTE1VHRrYkJ2YUJlSjBRQWpDCmQ4VkpxVCtBK1RQSTBVOUdNRFBCZUhXU0dpdkVweGVhdkk3OU1UQUJJSDJaa284LzY0aC8zUmpaNGhINCttOHkKanoxSXdHR25WMUUreFJiL0RyVWNQanZGbWxmV2x6MEFxanlWMUJMUzJMUEViUzdzUXc3RmZVeUNRdStrK0JETwpvM1c3Q0tCTG9iRWlrUUlLYTczQi9tdmNQVzY2UUxack1kcE1HTDFDbDdmeG40WXdXT3dMZjNvd1lqcUVSUXVHCmwyd3JOeU5ockF3SXZmNHlSZTQ5bDJ2S0NKZmozcHYweUVwNzBVSHIyK1NDMUtSR29jazhVZlkyTUpzWmIwN0oKd2svblgvYnd2MUJ1VVRNZU9GcDFyOFBJVC9ZNGlpUnRzOWlNVGZ0MGZFUjBvK2NPRjIyU1JlV3JEVlg0b2IraQpQRnRyeGsrcEFOeXE5Ym1BWFhEU3Ixc0o4dUhJeFhic2dPeFFIMVYrVWtPVjRCbVZpTUVDZ2dFQkFOcEFEVXU4CmRVaEc5SG9SdG9tQmNtQVpCa2JOTXk5Uy9MY01XNnVpUXdNOHgyM2tsYVM0Mnk2T3NvRHN6Q0xoTWt3a1VlWDkKYzByWDY0Uld3Ui9OdmlkejZoZWFTVmZxSjRTWllPZDlQL0hVbHA5YURZdlBTcDNJN2tZRXFjQTVWdEtjcVN3TgphZk1hU2Y2TWpuL2czVEY1cTB1WnltMXZHY29RSmd0YWVqRU5YalBrRFZDUXliSW9pbFNWY2NlZ0ZpUS8zcWhkCkl1V1JNYzBDSUZrMVhIbFBTdWNmNVZpL3JQVnNDbHA4SURNaDloTW1GcFJqdnhaNkUrUWExMzFYSEdFeXFiWGQKMmJnT3RoQko2Q09ZTi9uUlBxeVZPUEdWbkdWYVFSM1VKenNVNUhTd1FEdWZlTkd4MU1LbTBtYmE2ckovRTM2Kwp1OVRUSG0wZFdFY2JqVjBDZ2dFQkFPNEFFa3E1VXdIVFVtR2dVcWRjenAwMHZNbE9FbllQNmNuK1o1R050bUZ3CmdtckphQnFnaW12eUtaRjM4Unpmb1dtZlFac0FkNDZ6a2xkdk90ZEh6ZUJUb1p4cWJoK0lOVng5WUptZHFxQ3UKYis2OFN2ZnZlUm9meDRUemtpTG5WNTFqdlM4Y1RTRm9ZbVJxOUxhTVJ5akpBcnFVcENWNURQMGtGaXFxQVhVbAowSHR6bGRRWHdsRXp6aHI4NUFoVkFZSG5UNkhuZitvUTNJdFhTMGJqVitSN1BvcXZSWWxUMVhhNWJFWW83QVU1Ck5GR2hHeUZodVRUOEFzMGpXSnppOTNkN0dSdEsrTVVlWjlPamNmZGo0Z3lHdDJMaHVJWW55aGZiZHhaY2wvbHQKSFI5RVRLaWVkUHVNdnUxTTRCNnJOS2FwWGYxZXZYQ1ZmeXRPVlcyamlla0NnZ0VBWG5HcFQwVFdXOWlZb3RwWAphMW1nN1FUbk9teEI0aEMvVzFiMXRHZ2JKNk45aVlpSldTYkZjbmc5dHB6Q0diWHAxaGxCZDQwZC94MUF4WnZsCkpxWVp5MmpWdkRELzNCTnYxbW1wRFlPZDBFQjJqYTZpZmdYTi9FbWZFcDJoOTVUWWhYdFZtY0tVUHFiNXJqV1UKMUxHeUJsN29TV2JidWsrQmtYYzdmMTQvMGtvK29hWG1QUjdxcVRYeDVuaGxMRVdTVDAxMFJOZEk2cDdTTml6ZApZcjA4cnlJby82dEZ6QW5tQnE0aUxOWForVWFRL2VoVmpSRTg5N1VNTm9HSERxNUxrYVFpM0ppTVJxSFhGMlZrCkYwTWZ0Zk5lYzhCL1M4dTZTZ0dzZkFQNmxnNk1iaEozT1ZYaEtwMFJ2TW9EOG81NVVaUzhFdlRtdzBvNHVHOGkKYkdMMzRRS0NBUUFFVHBnR0ppaHNaZ2lkbjZzZlFEeTA5NWxiQTBDdVJrZHkwbG5KZG9rUVpsclYxK004YUI5WgpLTDY3MVRIVjFlNHozUi93MENkWnU4SXdOdUVYdUVMdmhsUHNZcml2ZFdXUjBPc0luS1BUMkpSSis3cFhsa3ZZCnZ5NTdKM1ZEa0hBemR2U2JmNldkcnlmb3JVN1VadUY2eVhoMUsrOTBoaVpJQm5rb09IOWlRVmJ1aFA3M0laN3cKblVGamw2UUF5cGtHWXNzOElOWmR4QVJadVRDeGpiZXZlTk4rNndFVkpTRTl6c2s0MDlEQm4zRms4TWR1NlRmUwp6NlMxVmFocTNtaWdEdWc3YURYc1MwcVJ0K2wrRXA2cW4xMStPcHQrUWdZVVBIS0JReGUwK2RhSEZGTlcwZGRJCkhobnViVys0M2x4TGo5RVZucnRLNkVtdTNQSUswK1RSQW9JQkFHWXVzWWNyWGcxZ1ZKNXg3UEllbk5zM1VZMzgKb0hYeTRDNFdXSEM3UWduM3ZqdTdKVDZ0d25YUHRWSWVqaGl0czVyUHVyb3J3K0N0R1pEd1lCU0h4K1ExbHBoMQpzVFhIbGo4OU8wZGxhUnRTV3BRLzFXdmRuN0MyVXB0WkVrYzU2djdCckxSdk9zN3FQYU85dVB3UDBuOVlIK08xCnFaMzJwNVlZUEQzRC9kMVFsbVRUY3hsRXAzQSsrUmM4YXFOUmsyckFzWGRyK3hWdG9zbjl3cEVBQm5aZWdTUmkKRkF0eTc0UFlDd0RjZGFURFpUYnA0bHhsdnJ1Ylc0b0t0UTJjVTJwTzVyRGxSNFVlenpSd2owbWFEOVVIRXhZTAp0YStob2NxakRZRUxGaDNCTGhDcXNLUmVDRVNIL2lCTzQ2S1ZtUjZGTEh3U3F3NVpXcFFMbXpVM2tJND0KLS0tLS1FTkQgUlNBIFBSSVZBVEUgS0VZLS0tLS0K\n    token: 7a1f23da4b30c84cfaf120b174cdc56f87636cd6a76dfa71014df6f9b932ec4474fbb71c8ad765b810a87ed95a5776f730aded8e2b7df0055f43720c0269c03b\n",
            "kubelet_identity": [
              {
                "client_id": "e128dab0-3690-45fc-ab2c-687ae14f02e9",
                "object_id": "668c0d6f-b3da-46cd-a50f-e58dc958fd2f",
                "user_assigned_identity_id": "/subscriptions/4dc1bd33-fef6-413d-aa31-bc639452a449/resourceGroups/gb3s/providers/Microsoft.ManagedIdentity/userAssignedIdentities/gb3s-cluster"
              }
            ],
            "kubernetes_version": "1.22.6",
            "linux_profile": [],
            "local_account_disabled": false,
            "location": "eastus",
            "maintenance_window": [],
            "microsoft_defender": [],
            "name": "gb3s",
            "network_profile": [
              {
                "dns_service_ip": "10.0.12.10",
                "docker_bridge_cidr": "10.0.8.0/22",
                "ip_versions": [
                  "IPv4"
                ],
                "load_balancer_profile": [
                  {
                    "effective_outbound_ips": [
                      "/subscriptions/4dc1bd33-fef6-413d-aa31-bc639452a449/resourceGroups/gb3s-nodes/providers/Microsoft.Network/publicIPAddresses/5f60a03f-eb08-4d71-9a76-e2df2e4ea35e"
                    ],
                    "idle_timeout_in_minutes": 0,
                    "managed_outbound_ip_count": 1,
                    "outbound_ip_address_ids": [],
                    "outbound_ip_prefix_ids": [],
                    "outbound_ports_allocated": 0
                  }
                ],
                "load_balancer_sku": "standard",
                "nat_gateway_profile": [],
                "network_mode": "",
                "network_plugin": "kubenet",
                "network_policy": "calico",
                "outbound_type": "loadBalancer",
                "pod_cidr": "10.0.4.0/22",
                "service_cidr": "10.0.12.0/22"
              }
            ],
            "node_resource_group": "gb3s-nodes",
            "oidc_issuer_enabled": false,
            "oidc_issuer_url": "",
            "oms_agent": [],
            "open_service_mesh_enabled": false,
            "portal_fqdn": "9c2ba646186689384e078f1b0afeb2b3-priv.portal.hcp.eastus.azmk8s.io",
            "private_cluster_enabled": true,
            "private_cluster_public_fqdn_enabled": false,
            "private_dns_zone_id": "/subscriptions/4dc1bd33-fef6-413d-aa31-bc639452a449/resourceGroups/gb3s/providers/Microsoft.Network/privateDnsZones/privatelink.eastus.azmk8s.io",
            "private_fqdn": "gb3s-cluster.privatelink.eastus.azmk8s.io",
            "public_network_access_enabled": true,
            "resource_group_name": "gb3s",
            "role_based_access_control_enabled": true,
            "run_command_enabled": true,
            "service_principal": [],
            "sku_tier": "Free",
            "tags": {},
            "timeouts": null,
            "windows_profile": []
          },
          "sensitive_attributes": [],
          "private": "eyJlMmJmYjczMC1lY2FhLTExZTYtOGY4OC0zNDM2M2JjN2M0YzAiOnsiY3JlYXRlIjo1NDAwMDAwMDAwMDAwLCJkZWxldGUiOjU0MDAwMDAwMDAwMDAsInJlYWQiOjMwMDAwMDAwMDAwMCwidXBkYXRlIjo1NDAwMDAwMDAwMDAwfSwic2NoZW1hX3ZlcnNpb24iOiIyIn0=",
          "dependencies": [
            "azurerm_resource_group.network",
            "azurerm_virtual_network.network",
            "module.aks.azurerm_private_dns_zone.cluster_dns",
            "module.aks.azurerm_resource_group.group",
            "module.aks.azurerm_subnet.agentnet",
            "module.aks.azurerm_user_assigned_identity.cluster_id"
          ]
        }
      ]
    },
    {
      "module": "module.aks",
      "mode": "managed",
      "type": "azurerm_private_dns_zone",
      "name": "cluster_dns",
      "provider": "provider[\"registry.terraform.io/hashicorp/azurerm\"]",
      "instances": [
        {
          "schema_version": 0,
          "attributes": {
            "id": "/subscriptions/4dc1bd33-fef6-413d-aa31-bc639452a449/resourceGroups/gb3s/providers/Microsoft.Network/privateDnsZones/privatelink.eastus.azmk8s.io",
            "max_number_of_record_sets": 25000,
            "max_number_of_virtual_network_links": 1000,
            "max_number_of_virtual_network_links_with_registration": 100,
            "name": "privatelink.eastus.azmk8s.io",
            "number_of_record_sets": 2,
            "resource_group_name": "gb3s",
            "soa_record": [
              {
                "email": "azureprivatedns-host.microsoft.com",
                "expire_time": 2419200,
                "fqdn": "privatelink.eastus.azmk8s.io.",
                "host_name": "azureprivatedns.net",
                "minimum_ttl": 10,
                "refresh_time": 3600,
                "retry_time": 300,
                "serial_number": 1,
                "tags": {},
                "ttl": 3600
              }
            ],
            "tags": {},
            "timeouts": null
          },
          "sensitive_attributes": [],
          "private": "eyJlMmJmYjczMC1lY2FhLTExZTYtOGY4OC0zNDM2M2JjN2M0YzAiOnsiY3JlYXRlIjoxODAwMDAwMDAwMDAwLCJkZWxldGUiOjE4MDAwMDAwMDAwMDAsInJlYWQiOjMwMDAwMDAwMDAwMCwidXBkYXRlIjoxODAwMDAwMDAwMDAwfX0=",
          "dependencies": [
            "module.aks.azurerm_resource_group.group"
          ]
        }
      ]
    },
    {
      "module": "module.aks",
      "mode": "managed",
      "type": "azurerm_resource_group",
      "name": "group",
      "provider": "provider[\"registry.terraform.io/hashicorp/azurerm\"]",
      "instances": [
        {
          "schema_version": 0,
          "attributes": {
            "id": "/subscriptions/4dc1bd33-fef6-413d-aa31-bc639452a449/resourceGroups/gb3s",
            "location": "eastus",
            "name": "gb3s",
            "tags": {},
            "timeouts": null
          },
          "sensitive_attributes": [],
          "private": "eyJlMmJmYjczMC1lY2FhLTExZTYtOGY4OC0zNDM2M2JjN2M0YzAiOnsiY3JlYXRlIjo1NDAwMDAwMDAwMDAwLCJkZWxldGUiOjU0MDAwMDAwMDAwMDAsInJlYWQiOjMwMDAwMDAwMDAwMCwidXBkYXRlIjo1NDAwMDAwMDAwMDAwfX0="
        }
      ]
    },
    {
      "module": "module.aks",
      "mode": "managed",
      "type": "azurerm_role_assignment",
      "name": "cluster_group_role_assignment",
      "provider": "provider[\"registry.terraform.io/hashicorp/azurerm\"]",
      "instances": [
        {
          "schema_version": 0,
          "attributes": {
            "condition": "",
            "condition_version": "",
            "delegated_managed_identity_resource_id": "",
            "description": "",
            "id": "/subscriptions/4dc1bd33-fef6-413d-aa31-bc639452a449/resourceGroups/gb3s/providers/Microsoft.Authorization/roleAssignments/de5106dd-bc2d-f483-17fa-b05334e46c33",
            "name": "de5106dd-bc2d-f483-17fa-b05334e46c33",
            "principal_id": "668c0d6f-b3da-46cd-a50f-e58dc958fd2f",
            "principal_type": "ServicePrincipal",
            "role_definition_id": "/subscriptions/4dc1bd33-fef6-413d-aa31-bc639452a449/providers/Microsoft.Authorization/roleDefinitions/8e3af657-a8ff-443c-a75c-2fe8c4bcb635",
            "role_definition_name": "Owner",
            "scope": "/subscriptions/4dc1bd33-fef6-413d-aa31-bc639452a449/resourceGroups/gb3s",
            "skip_service_principal_aad_check": null,
            "timeouts": null
          },
          "sensitive_attributes": [],
          "private": "eyJlMmJmYjczMC1lY2FhLTExZTYtOGY4OC0zNDM2M2JjN2M0YzAiOnsiY3JlYXRlIjoxODAwMDAwMDAwMDAwLCJkZWxldGUiOjE4MDAwMDAwMDAwMDAsInJlYWQiOjMwMDAwMDAwMDAwMCwidXBkYXRlIjoxODAwMDAwMDAwMDAwfX0=",
          "dependencies": [
            "data.azurerm_client_config.current",
            "module.aks.azurerm_resource_group.group",
            "module.aks.azurerm_user_assigned_identity.cluster_id"
          ]
        }
      ]
    },
    {
      "module": "module.aks",
      "mode": "managed",
      "type": "azurerm_role_assignment",
      "name": "dns_role_assignment",
      "provider": "provider[\"registry.terraform.io/hashicorp/azurerm\"]",
      "instances": [
        {
          "schema_version": 0,
          "attributes": {
            "condition": "",
            "condition_version": "",
            "delegated_managed_identity_resource_id": "",
            "description": "",
            "id": "/subscriptions/4dc1bd33-fef6-413d-aa31-bc639452a449/resourceGroups/gb3s/providers/Microsoft.Network/privateDnsZones/privatelink.eastus.azmk8s.io/providers/Microsoft.Authorization/roleAssignments/16ad8562-f382-8c7e-e9fb-562a6644a591",
            "name": "16ad8562-f382-8c7e-e9fb-562a6644a591",
            "principal_id": "668c0d6f-b3da-46cd-a50f-e58dc958fd2f",
            "principal_type": "ServicePrincipal",
            "role_definition_id": "/subscriptions/4dc1bd33-fef6-413d-aa31-bc639452a449/providers/Microsoft.Authorization/roleDefinitions/b12aa53e-6015-4669-85d0-8515ebb3ae7f",
            "role_definition_name": "Private DNS Zone Contributor",
            "scope": "/subscriptions/4dc1bd33-fef6-413d-aa31-bc639452a449/resourceGroups/gb3s/providers/Microsoft.Network/privateDnsZones/privatelink.eastus.azmk8s.io",
            "skip_service_principal_aad_check": null,
            "timeouts": null
          },
          "sensitive_attributes": [],
          "private": "eyJlMmJmYjczMC1lY2FhLTExZTYtOGY4OC0zNDM2M2JjN2M0YzAiOnsiY3JlYXRlIjoxODAwMDAwMDAwMDAwLCJkZWxldGUiOjE4MDAwMDAwMDAwMDAsInJlYWQiOjMwMDAwMDAwMDAwMCwidXBkYXRlIjoxODAwMDAwMDAwMDAwfX0=",
          "dependencies": [
            "module.aks.azurerm_private_dns_zone.cluster_dns",
            "module.aks.azurerm_resource_group.group",
            "module.aks.azurerm_user_assigned_identity.cluster_id"
          ]
        }
      ]
    },
    {
      "module": "module.aks",
      "mode": "managed",
      "type": "azurerm_role_assignment",
      "name": "keyvault_role_assignment",
      "provider": "provider[\"registry.terraform.io/hashicorp/azurerm\"]",
      "instances": [
        {
          "schema_version": 0,
          "attributes": {
            "condition": "",
            "condition_version": "",
            "delegated_managed_identity_resource_id": "",
            "description": "",
            "id": "/subscriptions/4dc1bd33-fef6-413d-aa31-bc639452a449/resourceGroups/gb3s-keyvault/providers/Microsoft.KeyVault/vaults/gb3s-keyvault/providers/Microsoft.Authorization/roleAssignments/b84e1cb9-e008-088c-2938-179521fe8513",
            "name": "b84e1cb9-e008-088c-2938-179521fe8513",
            "principal_id": "668c0d6f-b3da-46cd-a50f-e58dc958fd2f",
            "principal_type": "ServicePrincipal",
            "role_definition_id": "/subscriptions/4dc1bd33-fef6-413d-aa31-bc639452a449/providers/Microsoft.Authorization/roleDefinitions/00482a5a-887f-4fb3-b363-3b7fe8e74483",
            "role_definition_name": "Key Vault Administrator",
            "scope": "/subscriptions/4dc1bd33-fef6-413d-aa31-bc639452a449/resourceGroups/gb3s-keyvault/providers/Microsoft.KeyVault/vaults/gb3s-keyvault",
            "skip_service_principal_aad_check": null,
            "timeouts": null
          },
          "sensitive_attributes": [],
          "private": "eyJlMmJmYjczMC1lY2FhLTExZTYtOGY4OC0zNDM2M2JjN2M0YzAiOnsiY3JlYXRlIjoxODAwMDAwMDAwMDAwLCJkZWxldGUiOjE4MDAwMDAwMDAwMDAsInJlYWQiOjMwMDAwMDAwMDAwMCwidXBkYXRlIjoxODAwMDAwMDAwMDAwfX0=",
          "dependencies": [
            "data.azurerm_client_config.current",
            "module.aks.azurerm_resource_group.group",
            "module.aks.azurerm_user_assigned_identity.cluster_id",
            "module.keyvault.azurerm_key_vault.cluster_vault",
            "module.keyvault.azurerm_resource_group.keyvault_group"
          ]
        }
      ]
    },
    {
      "module": "module.aks",
      "mode": "managed",
      "type": "azurerm_role_assignment",
      "name": "network_role_assignment",
      "provider": "provider[\"registry.terraform.io/hashicorp/azurerm\"]",
      "instances": [
        {
          "schema_version": 0,
          "attributes": {
            "condition": "",
            "condition_version": "",
            "delegated_managed_identity_resource_id": "",
            "description": "",
            "id": "/subscriptions/4dc1bd33-fef6-413d-aa31-bc639452a449/resourceGroups/gb3s-network/providers/Microsoft.Network/virtualNetworks/gb3s-network/providers/Microsoft.Authorization/roleAssignments/87f94b66-f42f-a2c9-09bb-07f1a29e40c5",
            "name": "87f94b66-f42f-a2c9-09bb-07f1a29e40c5",
            "principal_id": "668c0d6f-b3da-46cd-a50f-e58dc958fd2f",
            "principal_type": "ServicePrincipal",
            "role_definition_id": "/subscriptions/4dc1bd33-fef6-413d-aa31-bc639452a449/providers/Microsoft.Authorization/roleDefinitions/4d97b98b-1d4f-4787-a291-c67834d212e7",
            "role_definition_name": "Network Contributor",
            "scope": "/subscriptions/4dc1bd33-fef6-413d-aa31-bc639452a449/resourceGroups/gb3s-network/providers/Microsoft.Network/virtualNetworks/gb3s-network",
            "skip_service_principal_aad_check": null,
            "timeouts": null
          },
          "sensitive_attributes": [],
          "private": "eyJlMmJmYjczMC1lY2FhLTExZTYtOGY4OC0zNDM2M2JjN2M0YzAiOnsiY3JlYXRlIjoxODAwMDAwMDAwMDAwLCJkZWxldGUiOjE4MDAwMDAwMDAwMDAsInJlYWQiOjMwMDAwMDAwMDAwMCwidXBkYXRlIjoxODAwMDAwMDAwMDAwfX0=",
          "dependencies": [
            "azurerm_resource_group.network",
            "azurerm_virtual_network.network",
            "module.aks.azurerm_resource_group.group",
            "module.aks.azurerm_user_assigned_identity.cluster_id"
          ]
        }
      ]
    },
    {
      "module": "module.aks",
      "mode": "managed",
      "type": "azurerm_role_assignment",
      "name": "node_group_role_assignment",
      "provider": "provider[\"registry.terraform.io/hashicorp/azurerm\"]",
      "instances": [
        {
          "schema_version": 0,
          "attributes": {
            "condition": "",
            "condition_version": "",
            "delegated_managed_identity_resource_id": "",
            "description": "",
            "id": "/subscriptions/4dc1bd33-fef6-413d-aa31-bc639452a449/resourceGroups/gb3s-nodes/providers/Microsoft.Authorization/roleAssignments/8408c931-8907-0687-0d59-de1cc17d2614",
            "name": "8408c931-8907-0687-0d59-de1cc17d2614",
            "principal_id": "668c0d6f-b3da-46cd-a50f-e58dc958fd2f",
            "principal_type": "ServicePrincipal",
            "role_definition_id": "/subscriptions/4dc1bd33-fef6-413d-aa31-bc639452a449/providers/Microsoft.Authorization/roleDefinitions/8e3af657-a8ff-443c-a75c-2fe8c4bcb635",
            "role_definition_name": "Owner",
            "scope": "/subscriptions/4dc1bd33-fef6-413d-aa31-bc639452a449/resourceGroups/gb3s-nodes",
            "skip_service_principal_aad_check": null,
            "timeouts": null
          },
          "sensitive_attributes": [],
          "private": "eyJlMmJmYjczMC1lY2FhLTExZTYtOGY4OC0zNDM2M2JjN2M0YzAiOnsiY3JlYXRlIjoxODAwMDAwMDAwMDAwLCJkZWxldGUiOjE4MDAwMDAwMDAwMDAsInJlYWQiOjMwMDAwMDAwMDAwMCwidXBkYXRlIjoxODAwMDAwMDAwMDAwfX0=",
          "dependencies": [
            "azurerm_resource_group.network",
            "azurerm_virtual_network.network",
            "data.azurerm_client_config.current",
            "module.aks.azurerm_kubernetes_cluster.cluster",
            "module.aks.azurerm_private_dns_zone.cluster_dns",
            "module.aks.azurerm_resource_group.group",
            "module.aks.azurerm_subnet.agentnet",
            "module.aks.azurerm_user_assigned_identity.cluster_id"
          ]
        }
      ]
    },
    {
      "module": "module.aks",
      "mode": "managed",
      "type": "azurerm_role_assignment",
      "name": "sub_read_role_assignment",
      "provider": "provider[\"registry.terraform.io/hashicorp/azurerm\"]",
      "instances": [
        {
          "schema_version": 0,
          "attributes": {
            "condition": "",
            "condition_version": "",
            "delegated_managed_identity_resource_id": "",
            "description": "",
            "id": "/subscriptions/4dc1bd33-fef6-413d-aa31-bc639452a449/providers/Microsoft.Authorization/roleAssignments/1b6cbca2-513f-6927-27b2-b1de9394f5e6",
            "name": "1b6cbca2-513f-6927-27b2-b1de9394f5e6",
            "principal_id": "668c0d6f-b3da-46cd-a50f-e58dc958fd2f",
            "principal_type": "ServicePrincipal",
            "role_definition_id": "/subscriptions/4dc1bd33-fef6-413d-aa31-bc639452a449/providers/Microsoft.Authorization/roleDefinitions/acdd72a7-3385-48ef-bd42-f606fba81ae7",
            "role_definition_name": "Reader",
            "scope": "/subscriptions/4dc1bd33-fef6-413d-aa31-bc639452a449",
            "skip_service_principal_aad_check": null,
            "timeouts": null
          },
          "sensitive_attributes": [],
          "private": "eyJlMmJmYjczMC1lY2FhLTExZTYtOGY4OC0zNDM2M2JjN2M0YzAiOnsiY3JlYXRlIjoxODAwMDAwMDAwMDAwLCJkZWxldGUiOjE4MDAwMDAwMDAwMDAsInJlYWQiOjMwMDAwMDAwMDAwMCwidXBkYXRlIjoxODAwMDAwMDAwMDAwfX0=",
          "dependencies": [
            "data.azurerm_client_config.current",
            "module.aks.azurerm_user_assigned_identity.cluster_id"
          ]
        }
      ]
    },
    {
      "module": "module.aks",
      "mode": "managed",
      "type": "azurerm_subnet",
      "name": "agentnet",
      "provider": "provider[\"registry.terraform.io/hashicorp/azurerm\"]",
      "instances": [
        {
          "schema_version": 0,
          "attributes": {
            "address_prefixes": [
              "10.0.1.0/24"
            ],
            "delegation": [],
            "enforce_private_link_endpoint_network_policies": true,
            "enforce_private_link_service_network_policies": false,
            "id": "/subscriptions/4dc1bd33-fef6-413d-aa31-bc639452a449/resourceGroups/gb3s-network/providers/Microsoft.Network/virtualNetworks/gb3s-network/subnets/agent-nodepool",
            "name": "agent-nodepool",
            "resource_group_name": "gb3s-network",
            "service_endpoint_policy_ids": [],
            "service_endpoints": [],
            "timeouts": null,
            "virtual_network_name": "gb3s-network"
          },
          "sensitive_attributes": [],
          "private": "eyJlMmJmYjczMC1lY2FhLTExZTYtOGY4OC0zNDM2M2JjN2M0YzAiOnsiY3JlYXRlIjoxODAwMDAwMDAwMDAwLCJkZWxldGUiOjE4MDAwMDAwMDAwMDAsInJlYWQiOjMwMDAwMDAwMDAwMCwidXBkYXRlIjoxODAwMDAwMDAwMDAwfX0=",
          "dependencies": [
            "azurerm_resource_group.network",
            "azurerm_virtual_network.network"
          ]
        }
      ]
    },
    {
      "module": "module.aks",
      "mode": "managed",
      "type": "azurerm_user_assigned_identity",
      "name": "cluster_id",
      "provider": "provider[\"registry.terraform.io/hashicorp/azurerm\"]",
      "instances": [
        {
          "schema_version": 1,
          "attributes": {
            "client_id": "e128dab0-3690-45fc-ab2c-687ae14f02e9",
            "id": "/subscriptions/4dc1bd33-fef6-413d-aa31-bc639452a449/resourceGroups/gb3s/providers/Microsoft.ManagedIdentity/userAssignedIdentities/gb3s-cluster",
            "location": "eastus",
            "name": "gb3s-cluster",
            "principal_id": "668c0d6f-b3da-46cd-a50f-e58dc958fd2f",
            "resource_group_name": "gb3s",
            "tags": {},
            "tenant_id": "90928a04-9c35-4ad8-9b74-f2d225f9b0e9",
            "timeouts": null
          },
          "sensitive_attributes": [],
          "private": "eyJlMmJmYjczMC1lY2FhLTExZTYtOGY4OC0zNDM2M2JjN2M0YzAiOnsiY3JlYXRlIjoxODAwMDAwMDAwMDAwLCJkZWxldGUiOjE4MDAwMDAwMDAwMDAsInJlYWQiOjMwMDAwMDAwMDAwMCwidXBkYXRlIjoxODAwMDAwMDAwMDAwfSwic2NoZW1hX3ZlcnNpb24iOiIxIn0=",
          "dependencies": [
            "module.aks.azurerm_resource_group.group"
          ]
        }
      ]
    },
    {
      "module": "module.bastion",
      "mode": "managed",
      "type": "azurerm_bastion_host",
      "name": "bastion",
      "provider": "provider[\"registry.terraform.io/hashicorp/azurerm\"]",
      "instances": [
        {
          "schema_version": 0,
          "attributes": {
            "copy_paste_enabled": true,
            "dns_name": "bst-1ab57c6f-dfca-4eb0-b10c-7dc36a83bd53.bastion.azure.com",
            "file_copy_enabled": false,
            "id": "/subscriptions/4dc1bd33-fef6-413d-aa31-bc639452a449/resourceGroups/gb3s-bastion/providers/Microsoft.Network/bastionHosts/gb3s-bastion",
            "ip_configuration": [
              {
                "name": "gb3s-config",
                "public_ip_address_id": "/subscriptions/4dc1bd33-fef6-413d-aa31-bc639452a449/resourceGroups/gb3s-bastion/providers/Microsoft.Network/publicIPAddresses/BastionHostIP",
                "subnet_id": "/subscriptions/4dc1bd33-fef6-413d-aa31-bc639452a449/resourceGroups/gb3s-network/providers/Microsoft.Network/virtualNetworks/gb3s-network/subnets/AzureBastionSubnet"
              }
            ],
            "ip_connect_enabled": false,
            "location": "eastus",
            "name": "gb3s-bastion",
            "resource_group_name": "gb3s-bastion",
            "scale_units": 2,
            "shareable_link_enabled": false,
            "sku": "Basic",
            "tags": {},
            "timeouts": null,
            "tunneling_enabled": false
          },
          "sensitive_attributes": [],
          "private": "eyJlMmJmYjczMC1lY2FhLTExZTYtOGY4OC0zNDM2M2JjN2M0YzAiOnsiY3JlYXRlIjoxODAwMDAwMDAwMDAwLCJkZWxldGUiOjE4MDAwMDAwMDAwMDAsInJlYWQiOjMwMDAwMDAwMDAwMCwidXBkYXRlIjoxODAwMDAwMDAwMDAwfX0=",
          "dependencies": [
            "azurerm_resource_group.network",
            "azurerm_virtual_network.network",
            "module.bastion.azurerm_public_ip.bastion_ip",
            "module.bastion.azurerm_resource_group.bastion",
            "module.bastion.azurerm_subnet.bastnet"
          ]
        }
      ]
    },
    {
      "module": "module.bastion",
      "mode": "managed",
      "type": "azurerm_public_ip",
      "name": "bastion_ip",
      "provider": "provider[\"registry.terraform.io/hashicorp/azurerm\"]",
      "instances": [
        {
          "schema_version": 0,
          "attributes": {
            "allocation_method": "Static",
            "domain_name_label": null,
            "edge_zone": "",
            "fqdn": null,
            "id": "/subscriptions/4dc1bd33-fef6-413d-aa31-bc639452a449/resourceGroups/gb3s-bastion/providers/Microsoft.Network/publicIPAddresses/BastionHostIP",
            "idle_timeout_in_minutes": 4,
            "ip_address": "20.115.16.183",
            "ip_tags": {},
            "ip_version": "IPv4",
            "location": "eastus",
            "name": "BastionHostIP",
            "public_ip_prefix_id": null,
            "resource_group_name": "gb3s-bastion",
            "reverse_fqdn": null,
            "sku": "Standard",
            "sku_tier": "Regional",
            "tags": {},
            "timeouts": null,
            "zones": []
          },
          "sensitive_attributes": [],
          "private": "eyJlMmJmYjczMC1lY2FhLTExZTYtOGY4OC0zNDM2M2JjN2M0YzAiOnsiY3JlYXRlIjoxODAwMDAwMDAwMDAwLCJkZWxldGUiOjE4MDAwMDAwMDAwMDAsInJlYWQiOjMwMDAwMDAwMDAwMCwidXBkYXRlIjoxODAwMDAwMDAwMDAwfX0=",
          "dependencies": [
            "module.bastion.azurerm_resource_group.bastion"
          ]
        }
      ]
    },
    {
      "module": "module.bastion",
      "mode": "managed",
      "type": "azurerm_resource_group",
      "name": "bastion",
      "provider": "provider[\"registry.terraform.io/hashicorp/azurerm\"]",
      "instances": [
        {
          "schema_version": 0,
          "attributes": {
            "id": "/subscriptions/4dc1bd33-fef6-413d-aa31-bc639452a449/resourceGroups/gb3s-bastion",
            "location": "eastus",
            "name": "gb3s-bastion",
            "tags": {},
            "timeouts": null
          },
          "sensitive_attributes": [],
          "private": "eyJlMmJmYjczMC1lY2FhLTExZTYtOGY4OC0zNDM2M2JjN2M0YzAiOnsiY3JlYXRlIjo1NDAwMDAwMDAwMDAwLCJkZWxldGUiOjU0MDAwMDAwMDAwMDAsInJlYWQiOjMwMDAwMDAwMDAwMCwidXBkYXRlIjo1NDAwMDAwMDAwMDAwfX0="
        }
      ]
    },
    {
      "module": "module.bastion",
      "mode": "managed",
      "type": "azurerm_subnet",
      "name": "bastnet",
      "provider": "provider[\"registry.terraform.io/hashicorp/azurerm\"]",
      "instances": [
        {
          "schema_version": 0,
          "attributes": {
            "address_prefixes": [
              "10.0.3.0/24"
            ],
            "delegation": [],
            "enforce_private_link_endpoint_network_policies": false,
            "enforce_private_link_service_network_policies": false,
            "id": "/subscriptions/4dc1bd33-fef6-413d-aa31-bc639452a449/resourceGroups/gb3s-network/providers/Microsoft.Network/virtualNetworks/gb3s-network/subnets/AzureBastionSubnet",
            "name": "AzureBastionSubnet",
            "resource_group_name": "gb3s-network",
            "service_endpoint_policy_ids": [],
            "service_endpoints": [],
            "timeouts": null,
            "virtual_network_name": "gb3s-network"
          },
          "sensitive_attributes": [],
          "private": "eyJlMmJmYjczMC1lY2FhLTExZTYtOGY4OC0zNDM2M2JjN2M0YzAiOnsiY3JlYXRlIjoxODAwMDAwMDAwMDAwLCJkZWxldGUiOjE4MDAwMDAwMDAwMDAsInJlYWQiOjMwMDAwMDAwMDAwMCwidXBkYXRlIjoxODAwMDAwMDAwMDAwfX0=",
          "dependencies": [
            "azurerm_resource_group.network",
            "azurerm_virtual_network.network"
          ]
        }
      ]
    },
    {
      "module": "module.jumpbox",
      "mode": "managed",
      "type": "azurerm_linux_virtual_machine",
      "name": "jumpbox",
      "provider": "provider[\"registry.terraform.io/hashicorp/azurerm\"]",
      "instances": [
        {
          "schema_version": 0,
          "attributes": {
            "additional_capabilities": [],
            "admin_password": null,
            "admin_ssh_key": [
              {
                "public_key": "ssh-rsa AAAAB3NzaC1yc2EAAAADAQABAAABgQCgyWwKo+mDe3Yvrrr/PpKYS9l72UXkD85rgUBQQe5ILWByyo63kpfaETQTYGzxJGDJGqCjjTP7EzdsHtGFHDjHMoj2QkE9G1wvBW1crdMsQI6nStVtad4TsS20huVqbeR0FsyUSqqxXnJ8cSw+i3wG5xb3lcuZ7yjIc38NsOXNDRnrqCLNOTwP8pPwaSkHqWk/5Hfm7+6x3CFUvIXvN5S3MlpqUPbhZyXDwBUnFHK7ZtyOIX1yJ/FNghHU0ufsFZ4LOeigNKj73y8p4EQ5xJsre2HKcAPuNbX0GfxiVBhRS1USOQ16xHOEwdKVU2U/H1i5njTHFRdZkxdtsQJJCzbyCBSrII9BCeo7iqEEfxdrfzfgDM7/WJqoflTF3rlSw7GadKqbnxASy+8UGGrahlUIqt7V6SiAeR0EhI0WJjF79T2UyMgbnM39l836ZQQF9FZMjUP2voUa6w1mjrNIp3CjSptLkTE5bRV5Ve0nuzG6XphsUtVpeLLDmixbLDytB6M= vscode@codespaces-341e64\n",
                "username": "gbabes"
              }
            ],
            "admin_username": "gbabes",
            "allow_extension_operations": true,
            "availability_set_id": "",
            "boot_diagnostics": [],
            "computer_name": "gb3s-jumpbox",
            "custom_data": null,
            "dedicated_host_group_id": "",
            "dedicated_host_id": "",
            "disable_password_authentication": true,
            "edge_zone": "",
            "encryption_at_host_enabled": false,
            "eviction_policy": "",
            "extensions_time_budget": "PT1H30M",
            "id": "/subscriptions/4dc1bd33-fef6-413d-aa31-bc639452a449/resourceGroups/gb3s-jump/providers/Microsoft.Compute/virtualMachines/gb3s-jumpbox",
            "identity": [],
            "license_type": "",
            "location": "eastus",
            "max_bid_price": -1,
            "name": "gb3s-jumpbox",
            "network_interface_ids": [
              "/subscriptions/4dc1bd33-fef6-413d-aa31-bc639452a449/resourceGroups/gb3s-jump/providers/Microsoft.Network/networkInterfaces/gb3s-jumpbox-nic"
            ],
            "os_disk": [
              {
                "caching": "ReadWrite",
                "diff_disk_settings": [],
                "disk_encryption_set_id": "",
                "disk_size_gb": 30,
                "name": "gb3s-jumpbox_OsDisk_1_3361c51e2ac74598847ab9e5f5fa1d02",
                "secure_vm_disk_encryption_set_id": "",
                "security_encryption_type": "",
                "storage_account_type": "Standard_LRS",
                "write_accelerator_enabled": false
              }
            ],
            "patch_mode": "ImageDefault",
            "plan": [],
            "platform_fault_domain": -1,
            "priority": "Regular",
            "private_ip_address": "10.0.2.4",
            "private_ip_addresses": [
              "10.0.2.4"
            ],
            "provision_vm_agent": true,
            "proximity_placement_group_id": "",
            "public_ip_address": "",
            "public_ip_addresses": [],
            "resource_group_name": "gb3s-jump",
            "secret": [],
            "secure_boot_enabled": false,
            "size": "Standard_B2s",
            "source_image_id": "",
            "source_image_reference": [
              {
                "offer": "UbuntuServer",
                "publisher": "Canonical",
                "sku": "18.04-LTS",
                "version": "latest"
              }
            ],
            "tags": {},
            "termination_notification": [],
            "timeouts": null,
            "user_data": "",
            "virtual_machine_id": "b8ec06d3-1709-4b67-8bd0-894330223b2a",
            "virtual_machine_scale_set_id": "",
            "vtpm_enabled": false,
            "zone": ""
          },
          "sensitive_attributes": [],
          "private": "eyJlMmJmYjczMC1lY2FhLTExZTYtOGY4OC0zNDM2M2JjN2M0YzAiOnsiY3JlYXRlIjoyNzAwMDAwMDAwMDAwLCJkZWxldGUiOjI3MDAwMDAwMDAwMDAsInJlYWQiOjMwMDAwMDAwMDAwMCwidXBkYXRlIjoyNzAwMDAwMDAwMDAwfX0=",
          "dependencies": [
            "azurerm_resource_group.network",
            "azurerm_virtual_network.network",
            "module.jumpbox.azurerm_network_interface.jumpbox_nic",
            "module.jumpbox.azurerm_resource_group.jumpbox",
            "module.jumpbox.azurerm_subnet.jumpnet"
          ]
        }
      ]
    },
    {
      "module": "module.jumpbox",
      "mode": "managed",
      "type": "azurerm_network_interface",
      "name": "jumpbox_nic",
      "provider": "provider[\"registry.terraform.io/hashicorp/azurerm\"]",
      "instances": [
        {
          "schema_version": 0,
          "attributes": {
            "applied_dns_servers": [],
            "dns_servers": [],
            "edge_zone": "",
            "enable_accelerated_networking": false,
            "enable_ip_forwarding": false,
            "id": "/subscriptions/4dc1bd33-fef6-413d-aa31-bc639452a449/resourceGroups/gb3s-jump/providers/Microsoft.Network/networkInterfaces/gb3s-jumpbox-nic",
            "internal_dns_name_label": "",
            "internal_domain_name_suffix": "z5zghyl0njbuvjj5h250cji4sg.bx.internal.cloudapp.net",
            "ip_configuration": [
              {
                "gateway_load_balancer_frontend_ip_configuration_id": "",
                "name": "internal",
                "primary": true,
                "private_ip_address": "10.0.2.4",
                "private_ip_address_allocation": "Dynamic",
                "private_ip_address_version": "IPv4",
                "public_ip_address_id": "",
                "subnet_id": "/subscriptions/4dc1bd33-fef6-413d-aa31-bc639452a449/resourceGroups/gb3s-network/providers/Microsoft.Network/virtualNetworks/gb3s-network/subnets/internal"
              }
            ],
            "location": "eastus",
            "mac_address": "00-22-48-21-3E-D6",
            "name": "gb3s-jumpbox-nic",
            "private_ip_address": "10.0.2.4",
            "private_ip_addresses": [
              "10.0.2.4"
            ],
            "resource_group_name": "gb3s-jump",
            "tags": {},
            "timeouts": null,
            "virtual_machine_id": "/subscriptions/4dc1bd33-fef6-413d-aa31-bc639452a449/resourceGroups/gb3s-jump/providers/Microsoft.Compute/virtualMachines/gb3s-jumpbox"
          },
          "sensitive_attributes": [],
          "private": "eyJlMmJmYjczMC1lY2FhLTExZTYtOGY4OC0zNDM2M2JjN2M0YzAiOnsiY3JlYXRlIjoxODAwMDAwMDAwMDAwLCJkZWxldGUiOjE4MDAwMDAwMDAwMDAsInJlYWQiOjMwMDAwMDAwMDAwMCwidXBkYXRlIjoxODAwMDAwMDAwMDAwfX0=",
          "dependencies": [
            "azurerm_resource_group.network",
            "azurerm_virtual_network.network",
            "module.jumpbox.azurerm_resource_group.jumpbox",
            "module.jumpbox.azurerm_subnet.jumpnet"
          ]
        }
      ]
    },
    {
      "module": "module.jumpbox",
      "mode": "managed",
      "type": "azurerm_resource_group",
      "name": "jumpbox",
      "provider": "provider[\"registry.terraform.io/hashicorp/azurerm\"]",
      "instances": [
        {
          "schema_version": 0,
          "attributes": {
            "id": "/subscriptions/4dc1bd33-fef6-413d-aa31-bc639452a449/resourceGroups/gb3s-jump",
            "location": "eastus",
            "name": "gb3s-jump",
            "tags": {},
            "timeouts": null
          },
          "sensitive_attributes": [],
          "private": "eyJlMmJmYjczMC1lY2FhLTExZTYtOGY4OC0zNDM2M2JjN2M0YzAiOnsiY3JlYXRlIjo1NDAwMDAwMDAwMDAwLCJkZWxldGUiOjU0MDAwMDAwMDAwMDAsInJlYWQiOjMwMDAwMDAwMDAwMCwidXBkYXRlIjo1NDAwMDAwMDAwMDAwfX0="
        }
      ]
    },
    {
      "module": "module.jumpbox",
      "mode": "managed",
      "type": "azurerm_subnet",
      "name": "jumpnet",
      "provider": "provider[\"registry.terraform.io/hashicorp/azurerm\"]",
      "instances": [
        {
          "schema_version": 0,
          "attributes": {
            "address_prefixes": [
              "10.0.2.0/24"
            ],
            "delegation": [],
            "enforce_private_link_endpoint_network_policies": false,
            "enforce_private_link_service_network_policies": false,
            "id": "/subscriptions/4dc1bd33-fef6-413d-aa31-bc639452a449/resourceGroups/gb3s-network/providers/Microsoft.Network/virtualNetworks/gb3s-network/subnets/internal",
            "name": "internal",
            "resource_group_name": "gb3s-network",
            "service_endpoint_policy_ids": [],
            "service_endpoints": [],
            "timeouts": null,
            "virtual_network_name": "gb3s-network"
          },
          "sensitive_attributes": [],
          "private": "eyJlMmJmYjczMC1lY2FhLTExZTYtOGY4OC0zNDM2M2JjN2M0YzAiOnsiY3JlYXRlIjoxODAwMDAwMDAwMDAwLCJkZWxldGUiOjE4MDAwMDAwMDAwMDAsInJlYWQiOjMwMDAwMDAwMDAwMCwidXBkYXRlIjoxODAwMDAwMDAwMDAwfX0=",
          "dependencies": [
            "azurerm_resource_group.network",
            "azurerm_virtual_network.network"
          ]
        }
      ]
    },
    {
      "module": "module.keyvault",
      "mode": "managed",
      "type": "azurerm_key_vault",
      "name": "cluster_vault",
      "provider": "provider[\"registry.terraform.io/hashicorp/azurerm\"]",
      "instances": [
        {
          "schema_version": 2,
          "attributes": {
            "access_policy": [],
            "contact": [],
            "enable_rbac_authorization": true,
            "enabled_for_deployment": false,
            "enabled_for_disk_encryption": false,
            "enabled_for_template_deployment": false,
            "id": "/subscriptions/4dc1bd33-fef6-413d-aa31-bc639452a449/resourceGroups/gb3s-keyvault/providers/Microsoft.KeyVault/vaults/gb3s-keyvault",
            "location": "eastus",
            "name": "gb3s-keyvault",
            "network_acls": [
              {
                "bypass": "AzureServices",
                "default_action": "Allow",
                "ip_rules": [],
                "virtual_network_subnet_ids": []
              }
            ],
            "purge_protection_enabled": false,
            "resource_group_name": "gb3s-keyvault",
            "sku_name": "standard",
            "soft_delete_retention_days": 7,
            "tags": {},
            "tenant_id": "90928a04-9c35-4ad8-9b74-f2d225f9b0e9",
            "timeouts": null,
            "vault_uri": "https://gb3s-keyvault.vault.azure.net/"
          },
          "sensitive_attributes": [],
          "private": "eyJlMmJmYjczMC1lY2FhLTExZTYtOGY4OC0zNDM2M2JjN2M0YzAiOnsiY3JlYXRlIjoxODAwMDAwMDAwMDAwLCJkZWxldGUiOjE4MDAwMDAwMDAwMDAsInJlYWQiOjMwMDAwMDAwMDAwMCwidXBkYXRlIjoxODAwMDAwMDAwMDAwfSwic2NoZW1hX3ZlcnNpb24iOiIyIn0=",
          "dependencies": [
            "data.azurerm_client_config.current",
            "module.keyvault.azurerm_resource_group.keyvault_group"
          ]
        }
      ]
    },
    {
      "module": "module.keyvault",
      "mode": "managed",
      "type": "azurerm_private_dns_zone",
      "name": "vault_dns",
      "provider": "provider[\"registry.terraform.io/hashicorp/azurerm\"]",
      "instances": [
        {
          "schema_version": 0,
          "attributes": {
            "id": "/subscriptions/4dc1bd33-fef6-413d-aa31-bc639452a449/resourceGroups/gb3s-keyvault/providers/Microsoft.Network/privateDnsZones/privatelink.vaultcore.azure.net",
            "max_number_of_record_sets": 25000,
            "max_number_of_virtual_network_links": 1000,
            "max_number_of_virtual_network_links_with_registration": 100,
            "name": "privatelink.vaultcore.azure.net",
            "number_of_record_sets": 2,
            "resource_group_name": "gb3s-keyvault",
            "soa_record": [
              {
                "email": "azureprivatedns-host.microsoft.com",
                "expire_time": 2419200,
                "fqdn": "privatelink.vaultcore.azure.net.",
                "host_name": "azureprivatedns.net",
                "minimum_ttl": 10,
                "refresh_time": 3600,
                "retry_time": 300,
                "serial_number": 1,
                "tags": {},
                "ttl": 3600
              }
            ],
            "tags": {},
            "timeouts": null
          },
          "sensitive_attributes": [],
          "private": "eyJlMmJmYjczMC1lY2FhLTExZTYtOGY4OC0zNDM2M2JjN2M0YzAiOnsiY3JlYXRlIjoxODAwMDAwMDAwMDAwLCJkZWxldGUiOjE4MDAwMDAwMDAwMDAsInJlYWQiOjMwMDAwMDAwMDAwMCwidXBkYXRlIjoxODAwMDAwMDAwMDAwfX0=",
          "dependencies": [
            "module.keyvault.azurerm_resource_group.keyvault_group"
          ]
        }
      ]
    },
    {
      "module": "module.keyvault",
      "mode": "managed",
      "type": "azurerm_private_dns_zone_virtual_network_link",
      "name": "vault_dns_link",
      "provider": "provider[\"registry.terraform.io/hashicorp/azurerm\"]",
      "instances": [
        {
          "schema_version": 0,
          "attributes": {
            "id": "/subscriptions/4dc1bd33-fef6-413d-aa31-bc639452a449/resourceGroups/gb3s-keyvault/providers/Microsoft.Network/privateDnsZones/privatelink.vaultcore.azure.net/virtualNetworkLinks/gb3s-link-gb3s-keyvault",
            "name": "gb3s-link-gb3s-keyvault",
            "private_dns_zone_name": "privatelink.vaultcore.azure.net",
            "registration_enabled": false,
            "resource_group_name": "gb3s-keyvault",
            "tags": {},
            "timeouts": null,
            "virtual_network_id": "/subscriptions/4dc1bd33-fef6-413d-aa31-bc639452a449/resourceGroups/gb3s-network/providers/Microsoft.Network/virtualNetworks/gb3s-network"
          },
          "sensitive_attributes": [],
          "private": "eyJlMmJmYjczMC1lY2FhLTExZTYtOGY4OC0zNDM2M2JjN2M0YzAiOnsiY3JlYXRlIjoxODAwMDAwMDAwMDAwLCJkZWxldGUiOjE4MDAwMDAwMDAwMDAsInJlYWQiOjMwMDAwMDAwMDAwMCwidXBkYXRlIjoxODAwMDAwMDAwMDAwfX0=",
          "dependencies": [
            "azurerm_resource_group.network",
            "azurerm_virtual_network.network",
            "data.azurerm_client_config.current",
            "module.keyvault.azurerm_key_vault.cluster_vault",
            "module.keyvault.azurerm_private_dns_zone.vault_dns",
            "module.keyvault.azurerm_resource_group.keyvault_group"
          ]
        }
      ]
    },
    {
      "module": "module.keyvault",
      "mode": "managed",
      "type": "azurerm_private_endpoint",
      "name": "vault_pe",
      "provider": "provider[\"registry.terraform.io/hashicorp/azurerm\"]",
      "instances": [
        {
          "schema_version": 0,
          "attributes": {
            "custom_dns_configs": [],
            "id": "/subscriptions/4dc1bd33-fef6-413d-aa31-bc639452a449/resourceGroups/gb3s-keyvault/providers/Microsoft.Network/privateEndpoints/gb3s-vault-endpoint",
            "location": "eastus",
            "name": "gb3s-vault-endpoint",
            "network_interface": [
              {
                "id": "/subscriptions/4dc1bd33-fef6-413d-aa31-bc639452a449/resourceGroups/gb3s-keyvault/providers/Microsoft.Network/networkInterfaces/gb3s-vault-endpoint.nic.65f0452b-99f1-4472-87fe-15e4114caba9",
                "name": "gb3s-vault-endpoint.nic.65f0452b-99f1-4472-87fe-15e4114caba9"
              }
            ],
            "private_dns_zone_configs": [
              {
                "id": "/subscriptions/4dc1bd33-fef6-413d-aa31-bc639452a449/resourceGroups/gb3s-keyvault/providers/Microsoft.Network/privateEndpoints/gb3s-vault-endpoint/privateDnsZoneGroups/vault-zones/privateDnsZoneConfigs/privatelink.vaultcore.azure.net",
                "name": "privatelink.vaultcore.azure.net",
                "private_dns_zone_id": "/subscriptions/4dc1bd33-fef6-413d-aa31-bc639452a449/resourceGroups/gb3s-keyvault/providers/Microsoft.Network/privateDnsZones/privatelink.vaultcore.azure.net",
                "record_sets": [
                  {
                    "fqdn": "gb3s-keyvault.privatelink.vaultcore.azure.net",
                    "ip_addresses": [
                      "10.0.0.4"
                    ],
                    "name": "gb3s-keyvault",
                    "ttl": 10,
                    "type": "A"
                  }
                ]
              }
            ],
            "private_dns_zone_group": [
              {
                "id": "/subscriptions/4dc1bd33-fef6-413d-aa31-bc639452a449/resourceGroups/gb3s-keyvault/providers/Microsoft.Network/privateEndpoints/gb3s-vault-endpoint/privateDnsZoneGroups/vault-zones",
                "name": "vault-zones",
                "private_dns_zone_ids": [
                  "/subscriptions/4dc1bd33-fef6-413d-aa31-bc639452a449/resourceGroups/gb3s-keyvault/providers/Microsoft.Network/privateDnsZones/privatelink.vaultcore.azure.net"
                ]
              }
            ],
            "private_service_connection": [
              {
                "is_manual_connection": false,
                "name": "gb3s-vault-psc",
                "private_connection_resource_alias": "",
                "private_connection_resource_id": "/subscriptions/4dc1bd33-fef6-413d-aa31-bc639452a449/resourceGroups/gb3s-keyvault/providers/Microsoft.KeyVault/vaults/gb3s-keyvault",
                "private_ip_address": "10.0.0.4",
                "request_message": "",
                "subresource_names": [
                  "vault"
                ]
              }
            ],
            "resource_group_name": "gb3s-keyvault",
            "subnet_id": "/subscriptions/4dc1bd33-fef6-413d-aa31-bc639452a449/resourceGroups/gb3s-network/providers/Microsoft.Network/virtualNetworks/gb3s-network/subnets/gb3s-vaultnet",
            "tags": {},
            "timeouts": null
          },
          "sensitive_attributes": [],
          "private": "eyJlMmJmYjczMC1lY2FhLTExZTYtOGY4OC0zNDM2M2JjN2M0YzAiOnsiY3JlYXRlIjozNjAwMDAwMDAwMDAwLCJkZWxldGUiOjM2MDAwMDAwMDAwMDAsInJlYWQiOjMwMDAwMDAwMDAwMCwidXBkYXRlIjozNjAwMDAwMDAwMDAwfX0=",
          "dependencies": [
            "azurerm_resource_group.network",
            "azurerm_virtual_network.network",
            "data.azurerm_client_config.current",
            "module.keyvault.azurerm_key_vault.cluster_vault",
            "module.keyvault.azurerm_private_dns_zone.vault_dns",
            "module.keyvault.azurerm_resource_group.keyvault_group",
            "module.keyvault.azurerm_subnet.vaultnet"
          ]
        }
      ]
    },
    {
      "module": "module.keyvault",
      "mode": "managed",
      "type": "azurerm_resource_group",
      "name": "keyvault_group",
      "provider": "provider[\"registry.terraform.io/hashicorp/azurerm\"]",
      "instances": [
        {
          "schema_version": 0,
          "attributes": {
            "id": "/subscriptions/4dc1bd33-fef6-413d-aa31-bc639452a449/resourceGroups/gb3s-keyvault",
            "location": "eastus",
            "name": "gb3s-keyvault",
            "tags": {},
            "timeouts": null
          },
          "sensitive_attributes": [],
          "private": "eyJlMmJmYjczMC1lY2FhLTExZTYtOGY4OC0zNDM2M2JjN2M0YzAiOnsiY3JlYXRlIjo1NDAwMDAwMDAwMDAwLCJkZWxldGUiOjU0MDAwMDAwMDAwMDAsInJlYWQiOjMwMDAwMDAwMDAwMCwidXBkYXRlIjo1NDAwMDAwMDAwMDAwfX0="
        }
      ]
    },
    {
      "module": "module.keyvault",
      "mode": "managed",
      "type": "azurerm_subnet",
      "name": "vaultnet",
      "provider": "provider[\"registry.terraform.io/hashicorp/azurerm\"]",
      "instances": [
        {
          "schema_version": 0,
          "attributes": {
            "address_prefixes": [
              "10.0.0.0/24"
            ],
            "delegation": [],
            "enforce_private_link_endpoint_network_policies": true,
            "enforce_private_link_service_network_policies": false,
            "id": "/subscriptions/4dc1bd33-fef6-413d-aa31-bc639452a449/resourceGroups/gb3s-network/providers/Microsoft.Network/virtualNetworks/gb3s-network/subnets/gb3s-vaultnet",
            "name": "gb3s-vaultnet",
            "resource_group_name": "gb3s-network",
            "service_endpoint_policy_ids": [],
            "service_endpoints": [],
            "timeouts": null,
            "virtual_network_name": "gb3s-network"
          },
          "sensitive_attributes": [],
          "private": "eyJlMmJmYjczMC1lY2FhLTExZTYtOGY4OC0zNDM2M2JjN2M0YzAiOnsiY3JlYXRlIjoxODAwMDAwMDAwMDAwLCJkZWxldGUiOjE4MDAwMDAwMDAwMDAsInJlYWQiOjMwMDAwMDAwMDAwMCwidXBkYXRlIjoxODAwMDAwMDAwMDAwfX0=",
          "dependencies": [
            "azurerm_resource_group.network",
            "azurerm_virtual_network.network"
          ]
        }
      ]
    }
  ]
}
