{
  "version": 4,
  "terraform_version": "1.2.4",
  "serial": 147,
  "lineage": "3352d053-281d-672e-56c2-60d58ec2a86c",
  "outputs": {},
  "resources": [
    {
      "mode": "data",
      "type": "azurerm_client_config",
      "name": "current",
      "provider": "provider[\"registry.terraform.io/hashicorp/azurerm\"]",
      "instances": [
        {
          "schema_version": 0,
          "attributes": {
            "client_id": "04b07795-8ddb-461a-bbee-02f9e1bf7b46",
            "id": "2022-07-19 15:21:41.40891295 +0000 UTC",
            "object_id": "cf51bb5f-b31f-4276-85cd-3c94951b992b",
            "subscription_id": "4dc1bd33-fef6-413d-aa31-bc639452a449",
            "tenant_id": "90928a04-9c35-4ad8-9b74-f2d225f9b0e9",
            "timeouts": null
          },
          "sensitive_attributes": []
        }
      ]
    },
    {
      "mode": "managed",
      "type": "azurerm_resource_group",
      "name": "group",
      "provider": "provider[\"registry.terraform.io/hashicorp/azurerm\"]",
      "instances": [
        {
          "schema_version": 0,
          "attributes": {
            "id": "/subscriptions/4dc1bd33-fef6-413d-aa31-bc639452a449/resourceGroups/gb3s",
            "location": "eastus",
            "name": "gb3s",
            "tags": {},
            "timeouts": null
          },
          "sensitive_attributes": [],
          "private": "eyJlMmJmYjczMC1lY2FhLTExZTYtOGY4OC0zNDM2M2JjN2M0YzAiOnsiY3JlYXRlIjo1NDAwMDAwMDAwMDAwLCJkZWxldGUiOjU0MDAwMDAwMDAwMDAsInJlYWQiOjMwMDAwMDAwMDAwMCwidXBkYXRlIjo1NDAwMDAwMDAwMDAwfX0="
        }
      ]
    },
    {
      "mode": "managed",
      "type": "azurerm_resource_group",
      "name": "network",
      "provider": "provider[\"registry.terraform.io/hashicorp/azurerm\"]",
      "instances": [
        {
          "schema_version": 0,
          "attributes": {
            "id": "/subscriptions/4dc1bd33-fef6-413d-aa31-bc639452a449/resourceGroups/gb3s-network",
            "location": "eastus",
            "name": "gb3s-network",
            "tags": {},
            "timeouts": null
          },
          "sensitive_attributes": [],
          "private": "eyJlMmJmYjczMC1lY2FhLTExZTYtOGY4OC0zNDM2M2JjN2M0YzAiOnsiY3JlYXRlIjo1NDAwMDAwMDAwMDAwLCJkZWxldGUiOjU0MDAwMDAwMDAwMDAsInJlYWQiOjMwMDAwMDAwMDAwMCwidXBkYXRlIjo1NDAwMDAwMDAwMDAwfX0="
        }
      ]
    },
    {
      "mode": "managed",
      "type": "azurerm_virtual_network",
      "name": "network",
      "provider": "provider[\"registry.terraform.io/hashicorp/azurerm\"]",
      "instances": [
        {
          "schema_version": 0,
          "attributes": {
            "address_space": [
              "10.0.0.0/16"
            ],
            "bgp_community": "",
            "ddos_protection_plan": [],
            "dns_servers": [],
            "edge_zone": "",
            "flow_timeout_in_minutes": 0,
            "guid": "85c7bc49-c42b-45f1-9692-bcb7fb02f234",
            "id": "/subscriptions/4dc1bd33-fef6-413d-aa31-bc639452a449/resourceGroups/gb3s-network/providers/Microsoft.Network/virtualNetworks/gb3s-network",
            "location": "eastus",
            "name": "gb3s-network",
            "resource_group_name": "gb3s-network",
            "subnet": [
              {
                "address_prefix": "10.0.1.0/24",
                "id": "/subscriptions/4dc1bd33-fef6-413d-aa31-bc639452a449/resourceGroups/gb3s-network/providers/Microsoft.Network/virtualNetworks/gb3s-network/subnets/agent-nodepool",
                "name": "agent-nodepool",
                "security_group": ""
              },
              {
                "address_prefix": "10.0.2.0/26",
                "id": "/subscriptions/4dc1bd33-fef6-413d-aa31-bc639452a449/resourceGroups/gb3s-network/providers/Microsoft.Network/virtualNetworks/gb3s-network/subnets/gb3s-ingress",
                "name": "gb3s-ingress",
                "security_group": ""
              },
              {
                "address_prefix": "10.0.3.0/26",
                "id": "/subscriptions/4dc1bd33-fef6-413d-aa31-bc639452a449/resourceGroups/gb3s-network/providers/Microsoft.Network/virtualNetworks/gb3s-network/subnets/AzureBastionSubnet",
                "name": "AzureBastionSubnet",
                "security_group": ""
              },
              {
                "address_prefix": "10.0.3.128/26",
                "id": "/subscriptions/4dc1bd33-fef6-413d-aa31-bc639452a449/resourceGroups/gb3s-network/providers/Microsoft.Network/virtualNetworks/gb3s-network/subnets/gb3s-vaultnet",
                "name": "gb3s-vaultnet",
                "security_group": ""
              },
              {
                "address_prefix": "10.0.3.192/26",
                "id": "/subscriptions/4dc1bd33-fef6-413d-aa31-bc639452a449/resourceGroups/gb3s-network/providers/Microsoft.Network/virtualNetworks/gb3s-network/subnets/gb3s-regnet",
                "name": "gb3s-regnet",
                "security_group": ""
              },
              {
                "address_prefix": "10.0.3.64/26",
                "id": "/subscriptions/4dc1bd33-fef6-413d-aa31-bc639452a449/resourceGroups/gb3s-network/providers/Microsoft.Network/virtualNetworks/gb3s-network/subnets/internal",
                "name": "internal",
                "security_group": ""
              }
            ],
            "tags": {},
            "timeouts": null
          },
          "sensitive_attributes": [],
          "private": "eyJlMmJmYjczMC1lY2FhLTExZTYtOGY4OC0zNDM2M2JjN2M0YzAiOnsiY3JlYXRlIjoxODAwMDAwMDAwMDAwLCJkZWxldGUiOjE4MDAwMDAwMDAwMDAsInJlYWQiOjMwMDAwMDAwMDAwMCwidXBkYXRlIjoxODAwMDAwMDAwMDAwfX0=",
          "dependencies": [
            "azurerm_resource_group.network"
          ]
        }
      ]
    },
    {
      "module": "module.acr",
      "mode": "managed",
      "type": "azurerm_container_registry",
      "name": "registry",
      "provider": "provider[\"registry.terraform.io/hashicorp/azurerm\"]",
      "instances": [
        {
          "schema_version": 2,
          "attributes": {
            "admin_enabled": false,
            "admin_password": "",
            "admin_username": "",
            "anonymous_pull_enabled": false,
            "data_endpoint_enabled": false,
            "encryption": [
              {
                "enabled": false,
                "identity_client_id": "",
                "key_vault_key_id": ""
              }
            ],
            "export_policy_enabled": true,
            "georeplications": [],
            "id": "/subscriptions/4dc1bd33-fef6-413d-aa31-bc639452a449/resourceGroups/gb3s/providers/Microsoft.ContainerRegistry/registries/gb3sacr",
            "identity": [
              {
                "identity_ids": [
                  "/subscriptions/4dc1bd33-fef6-413d-aa31-bc639452a449/resourceGroups/gb3s/providers/Microsoft.ManagedIdentity/userAssignedIdentities/gb3s-registry-id"
                ],
                "principal_id": "",
                "tenant_id": "",
                "type": "UserAssigned"
              }
            ],
            "location": "eastus",
            "login_server": "gb3sacr.azurecr.io",
            "name": "gb3sacr",
            "network_rule_bypass_option": "AzureServices",
            "network_rule_set": [
              {
                "default_action": "Allow",
                "ip_rule": [],
                "virtual_network": []
              }
            ],
            "public_network_access_enabled": false,
            "quarantine_policy_enabled": false,
            "resource_group_name": "gb3s",
            "retention_policy": [
              {
                "days": 7,
                "enabled": false
              }
            ],
            "sku": "Premium",
            "tags": {},
            "timeouts": null,
            "trust_policy": [
              {
                "enabled": false
              }
            ],
            "zone_redundancy_enabled": false
          },
          "sensitive_attributes": [],
          "private": "eyJlMmJmYjczMC1lY2FhLTExZTYtOGY4OC0zNDM2M2JjN2M0YzAiOnsiY3JlYXRlIjoxODAwMDAwMDAwMDAwLCJkZWxldGUiOjE4MDAwMDAwMDAwMDAsInJlYWQiOjMwMDAwMDAwMDAwMCwidXBkYXRlIjoxODAwMDAwMDAwMDAwfSwic2NoZW1hX3ZlcnNpb24iOiIyIn0=",
          "dependencies": [
            "azurerm_resource_group.group",
            "module.acr.azurerm_user_assigned_identity.registry_identity"
          ]
        }
      ]
    },
    {
      "module": "module.acr",
      "mode": "managed",
      "type": "azurerm_private_dns_zone",
      "name": "registry_dns",
      "provider": "provider[\"registry.terraform.io/hashicorp/azurerm\"]",
      "instances": [
        {
          "schema_version": 0,
          "attributes": {
            "id": "/subscriptions/4dc1bd33-fef6-413d-aa31-bc639452a449/resourceGroups/gb3s/providers/Microsoft.Network/privateDnsZones/privatelink.azurecr.io",
            "max_number_of_record_sets": 25000,
            "max_number_of_virtual_network_links": 1000,
            "max_number_of_virtual_network_links_with_registration": 100,
            "name": "privatelink.azurecr.io",
            "number_of_record_sets": 3,
            "resource_group_name": "gb3s",
            "soa_record": [
              {
                "email": "azureprivatedns-host.microsoft.com",
                "expire_time": 2419200,
                "fqdn": "privatelink.azurecr.io.",
                "host_name": "azureprivatedns.net",
                "minimum_ttl": 10,
                "refresh_time": 3600,
                "retry_time": 300,
                "serial_number": 1,
                "tags": {},
                "ttl": 3600
              }
            ],
            "tags": {},
            "timeouts": null
          },
          "sensitive_attributes": [],
          "private": "eyJlMmJmYjczMC1lY2FhLTExZTYtOGY4OC0zNDM2M2JjN2M0YzAiOnsiY3JlYXRlIjoxODAwMDAwMDAwMDAwLCJkZWxldGUiOjE4MDAwMDAwMDAwMDAsInJlYWQiOjMwMDAwMDAwMDAwMCwidXBkYXRlIjoxODAwMDAwMDAwMDAwfX0=",
          "dependencies": [
            "azurerm_resource_group.group"
          ]
        }
      ]
    },
    {
      "module": "module.acr",
      "mode": "managed",
      "type": "azurerm_private_dns_zone_virtual_network_link",
      "name": "registry_dns_link",
      "provider": "provider[\"registry.terraform.io/hashicorp/azurerm\"]",
      "instances": [
        {
          "schema_version": 0,
          "attributes": {
            "id": "/subscriptions/4dc1bd33-fef6-413d-aa31-bc639452a449/resourceGroups/gb3s/providers/Microsoft.Network/privateDnsZones/privatelink.azurecr.io/virtualNetworkLinks/gb3s-link-gb3sacr",
            "name": "gb3s-link-gb3sacr",
            "private_dns_zone_name": "privatelink.azurecr.io",
            "registration_enabled": false,
            "resource_group_name": "gb3s",
            "tags": {},
            "timeouts": null,
            "virtual_network_id": "/subscriptions/4dc1bd33-fef6-413d-aa31-bc639452a449/resourceGroups/gb3s-network/providers/Microsoft.Network/virtualNetworks/gb3s-network"
          },
          "sensitive_attributes": [],
          "private": "eyJlMmJmYjczMC1lY2FhLTExZTYtOGY4OC0zNDM2M2JjN2M0YzAiOnsiY3JlYXRlIjoxODAwMDAwMDAwMDAwLCJkZWxldGUiOjE4MDAwMDAwMDAwMDAsInJlYWQiOjMwMDAwMDAwMDAwMCwidXBkYXRlIjoxODAwMDAwMDAwMDAwfX0=",
          "dependencies": [
            "azurerm_resource_group.group",
            "azurerm_resource_group.network",
            "azurerm_virtual_network.network",
            "module.acr.azurerm_container_registry.registry",
            "module.acr.azurerm_private_dns_zone.registry_dns",
            "module.acr.azurerm_user_assigned_identity.registry_identity"
          ]
        }
      ]
    },
    {
      "module": "module.acr",
      "mode": "managed",
      "type": "azurerm_private_endpoint",
      "name": "registry_pe",
      "provider": "provider[\"registry.terraform.io/hashicorp/azurerm\"]",
      "instances": [
        {
          "schema_version": 0,
          "attributes": {
            "custom_dns_configs": [],
            "id": "/subscriptions/4dc1bd33-fef6-413d-aa31-bc639452a449/resourceGroups/gb3s/providers/Microsoft.Network/privateEndpoints/gb3s-registry-endpoint",
            "location": "eastus",
            "name": "gb3s-registry-endpoint",
            "network_interface": [
              {
                "id": "/subscriptions/4dc1bd33-fef6-413d-aa31-bc639452a449/resourceGroups/gb3s/providers/Microsoft.Network/networkInterfaces/gb3s-registry-endpoint.nic.1c6e833c-ad38-476b-a023-a5bd7eaf3604",
                "name": "gb3s-registry-endpoint.nic.1c6e833c-ad38-476b-a023-a5bd7eaf3604"
              }
            ],
            "private_dns_zone_configs": [
              {
                "id": "/subscriptions/4dc1bd33-fef6-413d-aa31-bc639452a449/resourceGroups/gb3s/providers/Microsoft.Network/privateEndpoints/gb3s-registry-endpoint/privateDnsZoneGroups/registry-zones/privateDnsZoneConfigs/privatelink.azurecr.io",
                "name": "privatelink.azurecr.io",
                "private_dns_zone_id": "/subscriptions/4dc1bd33-fef6-413d-aa31-bc639452a449/resourceGroups/gb3s/providers/Microsoft.Network/privateDnsZones/privatelink.azurecr.io",
                "record_sets": [
                  {
                    "fqdn": "gb3sacr.eastus.data.privatelink.azurecr.io",
                    "ip_addresses": [
                      "10.0.3.196"
                    ],
                    "name": "gb3sacr.eastus.data",
                    "ttl": 10,
                    "type": "A"
                  },
                  {
                    "fqdn": "gb3sacr.privatelink.azurecr.io",
                    "ip_addresses": [
                      "10.0.3.197"
                    ],
                    "name": "gb3sacr",
                    "ttl": 10,
                    "type": "A"
                  }
                ]
              }
            ],
            "private_dns_zone_group": [
              {
                "id": "/subscriptions/4dc1bd33-fef6-413d-aa31-bc639452a449/resourceGroups/gb3s/providers/Microsoft.Network/privateEndpoints/gb3s-registry-endpoint/privateDnsZoneGroups/registry-zones",
                "name": "registry-zones",
                "private_dns_zone_ids": [
                  "/subscriptions/4dc1bd33-fef6-413d-aa31-bc639452a449/resourceGroups/gb3s/providers/Microsoft.Network/privateDnsZones/privatelink.azurecr.io"
                ]
              }
            ],
            "private_service_connection": [
              {
                "is_manual_connection": false,
                "name": "gb3s-registry-psc",
                "private_connection_resource_alias": "",
                "private_connection_resource_id": "/subscriptions/4dc1bd33-fef6-413d-aa31-bc639452a449/resourceGroups/gb3s/providers/Microsoft.ContainerRegistry/registries/gb3sacr",
                "private_ip_address": "10.0.3.196",
                "request_message": "",
                "subresource_names": [
                  "registry"
                ]
              }
            ],
            "resource_group_name": "gb3s",
            "subnet_id": "/subscriptions/4dc1bd33-fef6-413d-aa31-bc639452a449/resourceGroups/gb3s-network/providers/Microsoft.Network/virtualNetworks/gb3s-network/subnets/gb3s-regnet",
            "tags": {},
            "timeouts": null
          },
          "sensitive_attributes": [],
          "private": "eyJlMmJmYjczMC1lY2FhLTExZTYtOGY4OC0zNDM2M2JjN2M0YzAiOnsiY3JlYXRlIjozNjAwMDAwMDAwMDAwLCJkZWxldGUiOjM2MDAwMDAwMDAwMDAsInJlYWQiOjMwMDAwMDAwMDAwMCwidXBkYXRlIjozNjAwMDAwMDAwMDAwfX0=",
          "dependencies": [
            "azurerm_resource_group.group",
            "azurerm_resource_group.network",
            "azurerm_virtual_network.network",
            "module.acr.azurerm_container_registry.registry",
            "module.acr.azurerm_private_dns_zone.registry_dns",
            "module.acr.azurerm_subnet.regnet",
            "module.acr.azurerm_user_assigned_identity.registry_identity"
          ]
        }
      ]
    },
    {
      "module": "module.acr",
      "mode": "managed",
      "type": "azurerm_role_assignment",
      "name": "cluster_registry_role_assignment",
      "provider": "provider[\"registry.terraform.io/hashicorp/azurerm\"]",
      "instances": [
        {
          "schema_version": 0,
          "attributes": {
            "condition": "",
            "condition_version": "",
            "delegated_managed_identity_resource_id": "",
            "description": "",
            "id": "/subscriptions/4dc1bd33-fef6-413d-aa31-bc639452a449/resourceGroups/gb3s/providers/Microsoft.ContainerRegistry/registries/gb3sacr/providers/Microsoft.Authorization/roleAssignments/83998d9e-aa68-f4de-9455-1444c6f1fb41",
            "name": "83998d9e-aa68-f4de-9455-1444c6f1fb41",
            "principal_id": "fe92f5d7-b24a-4283-a0fc-f2a6bf6c0cae",
            "principal_type": "ServicePrincipal",
            "role_definition_id": "/subscriptions/4dc1bd33-fef6-413d-aa31-bc639452a449/providers/Microsoft.Authorization/roleDefinitions/8e3af657-a8ff-443c-a75c-2fe8c4bcb635",
            "role_definition_name": "Owner",
            "scope": "/subscriptions/4dc1bd33-fef6-413d-aa31-bc639452a449/resourceGroups/gb3s/providers/Microsoft.ContainerRegistry/registries/gb3sacr",
            "skip_service_principal_aad_check": true,
            "timeouts": null
          },
          "sensitive_attributes": [],
          "private": "eyJlMmJmYjczMC1lY2FhLTExZTYtOGY4OC0zNDM2M2JjN2M0YzAiOnsiY3JlYXRlIjoxODAwMDAwMDAwMDAwLCJkZWxldGUiOjE4MDAwMDAwMDAwMDAsInJlYWQiOjMwMDAwMDAwMDAwMCwidXBkYXRlIjoxODAwMDAwMDAwMDAwfX0=",
          "dependencies": [
            "azurerm_resource_group.group",
            "module.acr.azurerm_container_registry.registry",
            "module.acr.azurerm_user_assigned_identity.registry_identity",
            "module.aks.azurerm_user_assigned_identity.cluster_id"
          ]
        }
      ]
    },
    {
      "module": "module.acr",
      "mode": "managed",
      "type": "azurerm_subnet",
      "name": "regnet",
      "provider": "provider[\"registry.terraform.io/hashicorp/azurerm\"]",
      "instances": [
        {
          "schema_version": 0,
          "attributes": {
            "address_prefixes": [
              "10.0.3.192/26"
            ],
            "delegation": [],
            "enforce_private_link_endpoint_network_policies": true,
            "enforce_private_link_service_network_policies": false,
            "id": "/subscriptions/4dc1bd33-fef6-413d-aa31-bc639452a449/resourceGroups/gb3s-network/providers/Microsoft.Network/virtualNetworks/gb3s-network/subnets/gb3s-regnet",
            "name": "gb3s-regnet",
            "resource_group_name": "gb3s-network",
            "service_endpoint_policy_ids": [],
            "service_endpoints": [],
            "timeouts": null,
            "virtual_network_name": "gb3s-network"
          },
          "sensitive_attributes": [],
          "private": "eyJlMmJmYjczMC1lY2FhLTExZTYtOGY4OC0zNDM2M2JjN2M0YzAiOnsiY3JlYXRlIjoxODAwMDAwMDAwMDAwLCJkZWxldGUiOjE4MDAwMDAwMDAwMDAsInJlYWQiOjMwMDAwMDAwMDAwMCwidXBkYXRlIjoxODAwMDAwMDAwMDAwfX0=",
          "dependencies": [
            "azurerm_resource_group.group",
            "azurerm_resource_group.network",
            "azurerm_virtual_network.network"
          ]
        }
      ]
    },
    {
      "module": "module.acr",
      "mode": "managed",
      "type": "azurerm_user_assigned_identity",
      "name": "registry_identity",
      "provider": "provider[\"registry.terraform.io/hashicorp/azurerm\"]",
      "instances": [
        {
          "schema_version": 1,
          "attributes": {
            "client_id": "ffced6ac-9e97-49de-ba31-21be40b791fe",
            "id": "/subscriptions/4dc1bd33-fef6-413d-aa31-bc639452a449/resourceGroups/gb3s/providers/Microsoft.ManagedIdentity/userAssignedIdentities/gb3s-registry-id",
            "location": "eastus",
            "name": "gb3s-registry-id",
            "principal_id": "d1d7c2d4-db0f-4454-bb5e-9921256deeac",
            "resource_group_name": "gb3s",
            "tags": {},
            "tenant_id": "90928a04-9c35-4ad8-9b74-f2d225f9b0e9",
            "timeouts": null
          },
          "sensitive_attributes": [],
          "private": "eyJlMmJmYjczMC1lY2FhLTExZTYtOGY4OC0zNDM2M2JjN2M0YzAiOnsiY3JlYXRlIjoxODAwMDAwMDAwMDAwLCJkZWxldGUiOjE4MDAwMDAwMDAwMDAsInJlYWQiOjMwMDAwMDAwMDAwMCwidXBkYXRlIjoxODAwMDAwMDAwMDAwfSwic2NoZW1hX3ZlcnNpb24iOiIxIn0=",
          "dependencies": [
            "azurerm_resource_group.group"
          ]
        }
      ]
    },
    {
      "module": "module.aks",
      "mode": "managed",
      "type": "azurerm_kubernetes_cluster",
      "name": "cluster",
      "provider": "provider[\"registry.terraform.io/hashicorp/azurerm\"]",
      "instances": [
        {
          "schema_version": 2,
          "attributes": {
            "aci_connector_linux": [],
            "api_server_authorized_ip_ranges": null,
            "auto_scaler_profile": [],
            "automatic_channel_upgrade": "",
            "azure_active_directory_role_based_access_control": [],
            "azure_policy_enabled": false,
            "default_node_pool": [
              {
                "enable_auto_scaling": false,
                "enable_host_encryption": false,
                "enable_node_public_ip": false,
                "fips_enabled": false,
                "kubelet_config": [],
                "kubelet_disk_type": "OS",
                "linux_os_config": [],
                "max_count": 0,
                "max_pods": 110,
                "min_count": 0,
                "name": "agents",
                "node_count": 1,
                "node_labels": {},
                "node_public_ip_prefix_id": "",
                "node_taints": null,
                "only_critical_addons_enabled": false,
                "orchestrator_version": "",
                "os_disk_size_gb": 128,
                "os_disk_type": "Managed",
                "os_sku": "Ubuntu",
                "pod_subnet_id": "",
                "proximity_placement_group_id": "",
                "tags": null,
                "type": "VirtualMachineScaleSets",
                "ultra_ssd_enabled": false,
                "upgrade_settings": [],
                "vm_size": "Standard_D2_v2",
                "vnet_subnet_id": "/subscriptions/4dc1bd33-fef6-413d-aa31-bc639452a449/resourceGroups/gb3s-network/providers/Microsoft.Network/virtualNetworks/gb3s-network/subnets/agent-nodepool",
                "zones": null
              }
            ],
            "disk_encryption_set_id": "",
            "dns_prefix": "",
            "dns_prefix_private_cluster": "gb3s-cluster",
            "enable_pod_security_policy": false,
            "fqdn": "",
            "http_application_routing_enabled": false,
            "http_application_routing_zone_name": "",
            "http_proxy_config": [],
            "id": "/subscriptions/4dc1bd33-fef6-413d-aa31-bc639452a449/resourceGroups/gb3s/providers/Microsoft.ContainerService/managedClusters/gb3s",
            "identity": [
              {
                "identity_ids": [
                  "/subscriptions/4dc1bd33-fef6-413d-aa31-bc639452a449/resourceGroups/gb3s/providers/Microsoft.ManagedIdentity/userAssignedIdentities/gb3s-cluster"
                ],
                "principal_id": "",
                "tenant_id": "",
                "type": "UserAssigned"
              }
            ],
            "ingress_application_gateway": [
              {
                "effective_gateway_id": "/subscriptions/4dc1bd33-fef6-413d-aa31-bc639452a449/resourceGroups/gb3s-nodes/providers/Microsoft.Network/applicationGateways/gb3s-gateway",
                "gateway_id": "",
                "gateway_name": "gb3s-gateway",
                "ingress_application_gateway_identity": [
                  {
                    "client_id": "22865572-1c22-4de0-9742-5bab16334a56",
                    "object_id": "d529809a-0125-49e1-ab54-d1eaca3877f4",
                    "user_assigned_identity_id": "/subscriptions/4dc1bd33-fef6-413d-aa31-bc639452a449/resourcegroups/gb3s-nodes/providers/Microsoft.ManagedIdentity/userAssignedIdentities/ingressapplicationgateway-gb3s"
                  }
                ],
                "subnet_cidr": "",
                "subnet_id": "/subscriptions/4dc1bd33-fef6-413d-aa31-bc639452a449/resourceGroups/gb3s-network/providers/Microsoft.Network/virtualNetworks/gb3s-network/subnets/gb3s-ingress"
              }
            ],
            "key_vault_secrets_provider": [
              {
                "secret_identity": [
                  {
                    "client_id": "b0f76aec-560a-48d0-b7f0-e7481cd1e3af",
                    "object_id": "18eb404d-850a-4238-a4d7-c720990ddac0",
                    "user_assigned_identity_id": "/subscriptions/4dc1bd33-fef6-413d-aa31-bc639452a449/resourcegroups/gb3s-nodes/providers/Microsoft.ManagedIdentity/userAssignedIdentities/azurekeyvaultsecretsprovider-gb3s"
                  }
                ],
                "secret_rotation_enabled": false,
                "secret_rotation_interval": "2m"
              }
            ],
            "kube_admin_config": [],
            "kube_admin_config_raw": "",
            "kube_config": [
              {
                "client_certificate": "LS0tLS1CRUdJTiBDRVJUSUZJQ0FURS0tLS0tCk1JSUZIVENDQXdXZ0F3SUJBZ0lRVzFZbU1rNjJWMXlUK2tybGFiWDZPekFOQmdrcWhraUc5dzBCQVFzRkFEQU4KTVFzd0NRWURWUVFERXdKallUQWVGdzB5TWpBM01Ua3hOVEV5TlROYUZ3MHlOREEzTVRreE5USXlOVE5hTURBeApGekFWQmdOVkJBb1REbk41YzNSbGJUcHRZWE4wWlhKek1SVXdFd1lEVlFRREV3eHRZWE4wWlhKamJHbGxiblF3CmdnSWlNQTBHQ1NxR1NJYjNEUUVCQVFVQUE0SUNEd0F3Z2dJS0FvSUNBUURoVzdIQ0F3RzNwS3p0SUtqWkdnVncKMDM2bE94MGpoWWV3ZHRoSEVMdzUrSkhYVHJsdU52VW5oYUhteFF4ekZTVmxEeTVLVmVqeDA3eVJzcDRCeWYybgpTZy90RDludjQvamh6L3UyV0dHcUtTTWEvRjAyaTBTZUx1Q05uMHh2czNMMlhlb2RlTk9UaTg2dTcyU0w3UXl6ClBieTRCL0J1ckh2aGU3Ymt4NXY5SXgwNUZ1K01ZaThncnh2MjZUL3ZQdzFWUTRuNFl4Um1xc2lSWkVubDV2YncKRlhiUkgzMms0bUIza3lqK2o5aWV0VkhOMXkwanQzREUwWnBRZnJGOTJMc3hYNS9JaGNhaEUybS90ajBWMFB0YwpIazZFYjlLQVpIYnY5UmpUN2E3T0hOUEYwZ0hKeE4zM3JSTDNSRHhpb0J0aDBIOENJK29Ka1hMUVBUeGMzcGlLCm9DNjlRd2pnclBCY1B3ZVhyZHk3dFY3dElhcVhMUVdrK2c0SUpTbnNUNEVpR21BSE5yQXRVUkp2cndRTUlaUEwKWXdNSUQ2QzFPK3BRK0RyQVZLRnIrL0RyaE00ZmV2eFZNMEZQNmdndS9WZ1VLVTFScGJJaEN0YUJZMFRXUCtpegpoTm5yTDI1UGswZS9kdWdhUmxNaUpNeVhkWjV0VEJ2QVJVczdkNTJmKzUzK2tab0ExN25hbyt5OHhoc1lsUStUCjh5eURXL1BPWUVxbHFNQ3RzZ0FwVmRkSGNSbkpxUTRibXRmZEV6b2ZPb3BMdVYzTzIwNWMyeFppRzhCRmtmYnYKSUVsbm53ekdqR0JvT3RtVk5DNVF5OFIzK3Y4ajlUUDByM1RaWXZOWWhhU296aVJLZS9iK3diRDh0dWxteVNuMQpTVGxSUThkcW1hNWhCMUYyNzhtVWx3SURBUUFCbzFZd1ZEQU9CZ05WSFE4QkFmOEVCQU1DQmFBd0V3WURWUjBsCkJBd3dDZ1lJS3dZQkJRVUhBd0l3REFZRFZSMFRBUUgvQkFJd0FEQWZCZ05WSFNNRUdEQVdnQlFLNFFLVW9ybmIKQnZpbnNGWGxkMDZCc0oxQlR6QU5CZ2txaGtpRzl3MEJBUXNGQUFPQ0FnRUFqZVFpaUw0TzlaWWErYUVuUlZEdQppNnl6L2hEYW8vbk5zKzAzNVUvNGZ0eExjQWpFcGlTVEJpY2t5VzhRQXdBdUtMMkI5Z1YwUEdRTzhiK2tyd3dOCmZjUklFemFxcStwZ21rekp4SnNBWnhXdW1DWE8xcElHZTFVVUJnLzVwMnNJdHBFZW9XZHZuUlEwZnpRM2ltaWQKSTlQYzZ3dUt0akRQZHY2bUgzZjAycE5NYmw2OGhYUWFTWW9YSEhSZWtad0hZeTNOUytISThnSWY2ZUo3U1FVYwo4dmJrc3M3WXFhS3kyMU52eXFSbVFtSmlqb0MvNlN4a05yV01raEZnaHVtREJvOEJ0K3Rlc2xpd2ZNcFFxbmVOCk0yMzhubGFmZVkvT00zUEpWTGl3bVhLQmQ4VERCSFB0cDNEd0xQajdzSitOQ2RJVDNuRGpwOVJ0bVhrQ2dITnoKcW9xMXZMNWVXbmc4TEhROUZsaEllS21CMWRrNXNGV0l5UGxFR1JuL24ra1VGV1NIcWsxbzBoVU5abHU3azZtbApmOENSSHg4TkdVTFRxU2MrZnVoMWtnQ29mdy9Mb3VBM29PMjRFMnV1anA0ZXhyblBtL0ZxL0ZPTGEwcW9ZMUUzCmxlNStZL1hoN0duUnFFK1Rwc1IwSWloaVA3YnFHakQ3Q0d1eTFHeFFnK3BrU0crOWZuVml0VlJQV2JlYnFUM0cKSDZNVlcrVkx6QmNNQ1JScVlobVkzT3RqQkRicnZMZDEvamZPeW9POVdRZjYweXNvbnlKaE5Zc2NvUCtCSjNQWgpZUzhBU0F5TzNyWmJCYVRiL2dKUlBTVnE2a09NNDJud3dVaVNrb3Rxd2ltSVNKMFRIMHQ2OEowQVpUM0tDVU94Cjc3M3FiTzdtL1ZjTkhuNjlEbmx3U0VjPQotLS0tLUVORCBDRVJUSUZJQ0FURS0tLS0tCg==",
                "client_key": "LS0tLS1CRUdJTiBSU0EgUFJJVkFURSBLRVktLS0tLQpNSUlKS1FJQkFBS0NBZ0VBNFZ1eHdnTUJ0NlNzN1NDbzJSb0ZjTk4rcFRzZEk0V0hzSGJZUnhDOE9maVIxMDY1CmJqYjFKNFdoNXNVTWN4VWxaUTh1U2xYbzhkTzhrYktlQWNuOXAwb1A3US9aNytQNDRjLzd0bGhocWlrakd2eGQKTm90RW5pN2dqWjlNYjdOeTlsM3FIWGpUazR2T3J1OWtpKzBNc3oyOHVBZndicXg3NFh1MjVNZWIvU01kT1JidgpqR0l2SUs4Yjl1ay83ejhOVlVPSitHTVVacXJJa1dSSjVlYjI4QlYyMFI5OXBPSmdkNU1vL28vWW5yVlJ6ZGN0Ckk3ZHd4TkdhVUg2eGZkaTdNVitmeUlYR29STnB2N1k5RmREN1hCNU9oRy9TZ0dSMjcvVVkwKzJ1emh6VHhkSUIKeWNUZDk2MFM5MFE4WXFBYllkQi9BaVBxQ1pGeTBEMDhYTjZZaXFBdXZVTUk0S3p3WEQ4SGw2M2N1N1ZlN1NHcQpseTBGcFBvT0NDVXA3RStCSWhwZ0J6YXdMVkVTYjY4RURDR1R5Mk1EQ0ErZ3RUdnFVUGc2d0ZTaGEvdnc2NFRPCkgzcjhWVE5CVCtvSUx2MVlGQ2xOVWFXeUlRcldnV05FMWovb3M0VFo2eTl1VDVOSHYzYm9Ha1pUSWlUTWwzV2UKYlV3YndFVkxPM2Vkbi91ZC9wR2FBTmU1MnFQc3ZNWWJHSlVQay9Nc2cxdnp6bUJLcGFqQXJiSUFLVlhYUjNFWgp5YWtPRzVyWDNSTTZIenFLUzdsZHp0dE9YTnNXWWh2QVJaSDI3eUJKWjU4TXhveGdhRHJabFRRdVVNdkVkL3IvCkkvVXo5SzkwMldMeldJV2txTTRrU252Mi9zR3cvTGJwWnNrcDlVazVVVVBIYXBtdVlRZFJkdS9KbEpjQ0F3RUEKQVFLQ0FnQTk1K1Z0eVV1b2Vla3kvcHpEZnIxdDMvdFRRbWpmd0NlbEZ4Q1VmUWxuMTF1Z3pMUnRqVlZNOVEyagppZy9BY1ZlamFrY3FEbTErT003OUt4YnlvTjA0SGtVL3R2SUVUeGlvVjJ6ckMxNVEweG9jcUtTbWZoMXNZcTQyCjJVS3pFSldORGdGbzlTOFJ3ZjhWMlJkQ3hPeVBORzlxRW13K3lzMEJCTzRaN0tkeUl6bzgyNHNVZ2tnMTcwUjgKVUZqS3pRUkpudE1BMDU3Z0VSd2xyR29NYUtUL0VMWmgvZ2VTeXNqN01BYTczeUgvZndtb3hPcFdmR2JTK2swcwp2WkRlWkRJUC94ZXlpdVVrakdPcFVWTjRjYjhLOEJ4Ymp5aEJNdGZsVk92c0U4ZklRT3ovMDQvQU1IOVZNVXNiCmQ3Z3EwNWFTQ1NkS25Ea0hSZGhIVWZzSisrL2s2TnBnMW9SaDdHR3NTR3FnL05nSE16UlliY2lMNTNKc3o5OHgKUlZQNzdGaHBVVnk1aWJTU0lTZkZTa1BMSW1vb2l5QU15b0xQUm1FT3BXUng4dUpLR0VJZ1h0M1d2Umg5SWNTeApJTHFodGZHVTZZWVJyMUJXaTRtMGZlelgxcENTa0RmL0pmQjRKVXJoVE5xVHV5ZWk2R1VNR0FtUWFLR1d4TWRKCmI5VFpRc1cvT2o5YzJ0SVlYOUdlazBXMldrc1lVTkNTUk1IMzlmTzgyR3BwbXFoR2hJaGM0M3BnL2hsMTRBTmcKZjcvVnAwcU04TCtFT2tFaGJKZ0FGR3ZZejl3ZzZrRThhZnYwNEV1ZmdHT2txakRNTE93by9hdGc2TEQ3TnRDegp4NytzbUNyWmw5MG8zN2FjQll6cHlHWVBCWkFDa1FOWWIrRFJqOGJBc0ppcEdtKzV3UUtDQVFFQTljZ3lOenE1CjE0K3pBTE9oM2VBUXowMEFJSm5YZUJXdXhia0VPV2dOQjRQOVYrRndleEhLeFpPelU0VTM3Wm5xNHh4eklNUjcKd3YwbUxOeEZsYVVST3JTTU52QzNUTWlpYW9od1IwajVyUkNjNVBpTk51TmR6OWtNaHd1WHVIMnNLSUhjVS9hVQpyV0Rya3FQQ3FxR2xTMTFoYkg0M0s2dytvTkpQYTBnZnBJSGFEWkRGUEpUYW9sV2oyOFdtL0lLVmNhUTJpRFJZCkpha3pqeW5ob0ZyYXdyVS8wK20xbExWT1RMMEQ1Y2I3R1FJUEo2OGI1dG1qWHRhNFBMRFBGd25UWkM2ZzQ0SGMKZEhKbXl3WEFseTAvVjRqbHl5NzI3bmRmSTNpK0V0VXFCQittckhwNUhMczMyTHVLYzVGbkVnc2ovYnJIR0Z5VwpQQm8vSTJMRTNzWWc0UUtDQVFFQTZyb2h2K1dGMnBvZE5JRFl0ait6QjNiMml6blIrcmxFdkllZktuYVd0bTMvClErVUFhS0ZOWjJSc05yeGxLK1VoZXZVK1htdXhEd01pOEV2MTIxblpzQXAzUThRTFdxMnNTOUZHdk9hUUE0dHcKVnlGSjJpNXpNKzczVGVETTFlQ2NZMExXT0hUdGMvakxEUHJxczcrQjhJclZVMEkvVnFDaFhKcTcydnl1elVwLwoxZksvOHBWRzl1bEVxK0JIQ1NwbU5uQmhrYmpFcmxzbzdDT0VPcStaZ0hwcUV4U3ZMczIzekVZbm5NbFdEaHJlClVNNFJnWWFwRFJZSVVFZW9CcnlVUldHQ3M2R1Jra0dKTVk2Q0NuMk95ckxud0FMdXVtZnk3blZkZUxXSWE1bTMKUVBxZWFPeXdvQTMwNVhzU3d0WkxZdDk3K1puOWxKYzlhaitHaGgzTWR3S0NBUUVBb2U3cnZ0MnZVZW40aXc3UApKK3NYeUMwNFYwSms1MWFKMXZXbVpkZzdOV2R1QkhlZzcwVHlyeWc0TDJBSFVFRm5zNGlzQmJ2T3V0S2xVMHN4CmdYM0hFMEdmWEJkTy9ZVDNGVytkWWlvZmJqb1MxUDA1dFI4cVVPWDFUZ2lDUnVodUJDWkRMd0s0UkY4bDluQjAKc28xYjVZSzV6SXgvOXdNK0pDRk1lQ2VGeVpKUVF6M041Yk5CTlZGdGEwQVhYQ2tCSTJXSkZFWkFpVmVvZzd1WgpUMWhzNTNvWmVwcHhxMitsRGdRK3pDWkVpOTZDYzZmNG55bG5iUFhWWHc4eThqL2tDZzU2ckVxRUlDaTd0eW1zCkVTNmJuQ1d6R1NKeFNQNVhMWHpBNXBHUlpEUWlVV05ENW4wbk4yR2d2N0hlRWRKTFBVSFJLU2pmUnV3WUMwMW8KM2tuMW9RS0NBUUVBbnFXVlFBVWF0a2hwcXQzWEd6N3Nld1FkMkxZSXhTUkpYLzl1Ulo0SGVWL1pJd041aGo1WAplYVUzT3J1VXlkbEJDc0VOR1haQ0lycGs5L0x2UmdWeGkzbFhhTGJ0VWFtR2hXdjZHcHpmQTNaUVJLT2NMZG90ClJSR2psc0IwMGEzUkpZbThEa2FCWTF2cHFXbENEcUZHYXRUN0lCM3JmMXBzRlpJRG5Cd2k3V0FJRFF2WVRsWTAKczVld01WY1J6QkViS25wRWgrQlJGdU5JUW1veTZoTmJkYW5IWGdRaDcwbGRpN1J5KzVaZEVvVjRjemNFUC81Swo3aXhSRENtU1dKTkd4Nm9EVS9QRTF3eHlkTXN6KzNFbmZMcjB4aU4xUlFvUytMYmNxVVJRNHlEdTZmMDU2Z0xuCjBoWDh5c21uUVlialJ2MXo1cHo4OWx4T1J5eU9lTUZWT3dLQ0FRQmtTaUNGNE9iQytDUXdzeHdMR3RhODI4NFgKUEhxTFRVVnFzcHluZHpodEJ1Y29KK3BXWVUxQ1lzYUoxczYzZCtLWGZDNnQ1aXUwN1VLdWg0eUh4Q2pUMGRsagpvS0E5UTl6cXpRRTY5U0d2ZnJnSVQ2YXRLVHlnRmNtRFk3Zk94TzVUZGN3RzhjM3JPZExhLzh4RHV5bGR4VEJVClQvOC9wcnRudEdmYkk1U1JLTkxFZVdWQnZJdzBLWGJCU1lNOVpNOVFMV0dQTjh0bzFCMnNXajlUQ3ZwUmVRUUgKY2crbVlXSXRMS3F0bW5kR1BFOWtqek16L05iM0pzZzNjdlpTVC9OaGpsQngrL0E2V3NlMkdrYlN1UkRiK1lLMwo2cVVXaHRwYjdCL2d1dnNJSlorak96VXFwTlZpeGNUaHc0Vk1ZdkhDSTFOMVp4Y3dYcDFHYS84TEI1Sm8KLS0tLS1FTkQgUlNBIFBSSVZBVEUgS0VZLS0tLS0K",
                "cluster_ca_certificate": "LS0tLS1CRUdJTiBDRVJUSUZJQ0FURS0tLS0tCk1JSUU2VENDQXRHZ0F3SUJBZ0lSQU85WVpYZ1BGQVExbDVMSEpvNzgramt3RFFZSktvWklodmNOQVFFTEJRQXcKRFRFTE1Ba0dBMVVFQXhNQ1kyRXdJQmNOTWpJd056RTVNVFV4TWpVeldoZ1BNakExTWpBM01Ua3hOVEl5TlROYQpNQTB4Q3pBSkJnTlZCQU1UQW1OaE1JSUNJakFOQmdrcWhraUc5dzBCQVFFRkFBT0NBZzhBTUlJQ0NnS0NBZ0VBCnQ5a3ZzWHNLRzZBZm5qN0oxWWxMTUhsazlxTVpZK3NIZzZBQk5HMlVTNEJhOEt3YlRIeXRaZDZJZXVQWTJORE0Kb3I0Y2FHM085SjZ2NGhqTmZFTkFYVjBFSjBXN1p4NVdLRzBXc1l2amhVdC9iTTZWcDlUZUZZbWJ0MDRNUm5oMQp1d2FxMFNNbFlmOXBQNEp2THpjZFJLcm5CM1NaN1BNR0lBU2tMM0cxUUNmeDk0NlZsc05zSmN6MC9sSlZ5b1MzCk5pSnYvM2N4SlBhcTZlVURBZEpyRFhxVHVtTks3SkpCclFkR1lqRnNQNVdFN3hjSlN0SGp6azN4SHdQdTdNUHQKRUZqem1TaHp2TjQxZXE2b2pNRzJCT0RQYk01U1NNWjh2Nlo5eWFsUGFqRklmaXVNS0Fad0RaNENBTEorOWM5ZgpBYVdOdmhJd2oyL2JLNU1FZ25XZWhsYk1PcitwbnhVM05leXplVzdwc2h6eUlwVFNtRkRiNUxHbDFDRlF1cFg3CllCK1BVekVYaTludGhJUWRncVF5K2hqR0txSFRQTE0vMEZua1ZkL0pXQUpWTWoxbW1xWm1OOVFRdHNteVc2NlkKQzFmeHUxV09SeitMWmlVdlNiUWhHaWJuS255OG5MU1VjNnZpVEkxVWU1Zm52Nld6bHFEMVhUMllKQmh0MVY2ZApHUmYyOW9xR2RFVXpmZWR1NnFtQW0yWkUvL1hRZFlEdWdKVEtkaUd3dDI2WWRxQXJyVHNQcHZGNDAwcklUdUZ3CjlzaTJGQXI3a2JZUERCRTNXZ2tiS0x5OEpFSTFVdjVhQzRFRmJOWVFiSVBWY1V0STNsOENYK1JDRG9TMDNMSEcKL3ZwRDdUekhSOE1wZjFSdXV4bTlmUU96SHZOcVZESTZWb0w0QStGUGhLMENBd0VBQWFOQ01FQXdEZ1lEVlIwUApBUUgvQkFRREFnS2tNQThHQTFVZEV3RUIvd1FGTUFNQkFmOHdIUVlEVlIwT0JCWUVGQXJoQXBTaXVkc0crS2V3ClZlVjNUb0d3blVGUE1BMEdDU3FHU0liM0RRRUJDd1VBQTRJQ0FRQUJMSjEra1hCaUVqemd6MEZoUWRDMFBIeVoKOUFTU2RuNElqWjJEbWNTaUpkVWtISDEwOXBiaDI2VXFCZkpNb1ZnOTdyQkxOWXlYTzNmc2hEcTFKZXd5b094Vgpqa1E5TG0zZ3RUSmhvcDBzNzNqdEJycUZ4eDEwcWFpVXp1dUJReExFR0xKcHU4UlpoS1lNOUU5Qll3ZFJjZjRiCnFQL3RlRE15UlRyVEJSZUJFMkxZOWVucWk0ZlZLT3ozM1NSc0hBakxUQmxFbThmK20vSHNuTmVpNjRMQVZoa28KemVkcXpoWmNlQUZOd0p5aE9NRFRCaThPOTk0eTZ5RmZ4TGRrcDFkM2pxVkl5V3VZbW5KMGhUcXlDQXlJTUt0MQovSmthNldMK3BUc080eWFSd0R1M1dSS0paaEJBS2FMRTlEbzRlbVRyT1dXbjRWRjZUd0JiR1IvSytUU2pPYmd6Ci9EV0JzN0VXMWJnYzVFUUpCMTI4bGhTdE5jblFWT3dacUVyejZ6dHpCRndWQ1N1enlQZHEydi9TM216RFAwK2YKcTYrQjVZUlBhQ0QyUzZZOGErWGNjNGRlODJ4MDk0YmZacTlUZVE1UTdSelVsQkVxOVhibUI2Y1U3SDBXbmpWUgp5TzZ1dTZTdDNiN1pkOW42cFBjREJYckR4R21RT2tONC85YWdqS2NWVVV4M0k5cHhUUlV4S2dteE1JbGVOUnZFClZBQkVOVENQMXNMelZ2b1NsUlB5OTZyK0QwWCt2MWU1V1dYMHlWWC9JY2dqZnN4OERyb2U2Nlkxc1JaSU9VNXQKNlJlZEEvTi9tbzZoSUNENEFaNS9zYjFkUlI1L2owTm1uSnhGcEF1b2o1THFyV1I4dVZVeEpsL2tERUtpM0xDZwpTMVBaZWhGVjJUeDhGMTFnVWc9PQotLS0tLUVORCBDRVJUSUZJQ0FURS0tLS0tCg==",
                "host": "https://gb3s-cluster.privatelink.eastus.azmk8s.io:443",
                "password": "0b18c2111e5af0ca378a3d4ca7df971d95f3e701643c9f24189772a5c448ddc1b87ddb9672b00710a630635f91a943aa973063d90b86aad3d909ba5bdee14b12",
                "username": "clusterUser_gb3s_gb3s"
              }
            ],
            "kube_config_raw": "apiVersion: v1\nclusters:\n- cluster:\n    certificate-authority-data: LS0tLS1CRUdJTiBDRVJUSUZJQ0FURS0tLS0tCk1JSUU2VENDQXRHZ0F3SUJBZ0lSQU85WVpYZ1BGQVExbDVMSEpvNzgramt3RFFZSktvWklodmNOQVFFTEJRQXcKRFRFTE1Ba0dBMVVFQXhNQ1kyRXdJQmNOTWpJd056RTVNVFV4TWpVeldoZ1BNakExTWpBM01Ua3hOVEl5TlROYQpNQTB4Q3pBSkJnTlZCQU1UQW1OaE1JSUNJakFOQmdrcWhraUc5dzBCQVFFRkFBT0NBZzhBTUlJQ0NnS0NBZ0VBCnQ5a3ZzWHNLRzZBZm5qN0oxWWxMTUhsazlxTVpZK3NIZzZBQk5HMlVTNEJhOEt3YlRIeXRaZDZJZXVQWTJORE0Kb3I0Y2FHM085SjZ2NGhqTmZFTkFYVjBFSjBXN1p4NVdLRzBXc1l2amhVdC9iTTZWcDlUZUZZbWJ0MDRNUm5oMQp1d2FxMFNNbFlmOXBQNEp2THpjZFJLcm5CM1NaN1BNR0lBU2tMM0cxUUNmeDk0NlZsc05zSmN6MC9sSlZ5b1MzCk5pSnYvM2N4SlBhcTZlVURBZEpyRFhxVHVtTks3SkpCclFkR1lqRnNQNVdFN3hjSlN0SGp6azN4SHdQdTdNUHQKRUZqem1TaHp2TjQxZXE2b2pNRzJCT0RQYk01U1NNWjh2Nlo5eWFsUGFqRklmaXVNS0Fad0RaNENBTEorOWM5ZgpBYVdOdmhJd2oyL2JLNU1FZ25XZWhsYk1PcitwbnhVM05leXplVzdwc2h6eUlwVFNtRkRiNUxHbDFDRlF1cFg3CllCK1BVekVYaTludGhJUWRncVF5K2hqR0txSFRQTE0vMEZua1ZkL0pXQUpWTWoxbW1xWm1OOVFRdHNteVc2NlkKQzFmeHUxV09SeitMWmlVdlNiUWhHaWJuS255OG5MU1VjNnZpVEkxVWU1Zm52Nld6bHFEMVhUMllKQmh0MVY2ZApHUmYyOW9xR2RFVXpmZWR1NnFtQW0yWkUvL1hRZFlEdWdKVEtkaUd3dDI2WWRxQXJyVHNQcHZGNDAwcklUdUZ3CjlzaTJGQXI3a2JZUERCRTNXZ2tiS0x5OEpFSTFVdjVhQzRFRmJOWVFiSVBWY1V0STNsOENYK1JDRG9TMDNMSEcKL3ZwRDdUekhSOE1wZjFSdXV4bTlmUU96SHZOcVZESTZWb0w0QStGUGhLMENBd0VBQWFOQ01FQXdEZ1lEVlIwUApBUUgvQkFRREFnS2tNQThHQTFVZEV3RUIvd1FGTUFNQkFmOHdIUVlEVlIwT0JCWUVGQXJoQXBTaXVkc0crS2V3ClZlVjNUb0d3blVGUE1BMEdDU3FHU0liM0RRRUJDd1VBQTRJQ0FRQUJMSjEra1hCaUVqemd6MEZoUWRDMFBIeVoKOUFTU2RuNElqWjJEbWNTaUpkVWtISDEwOXBiaDI2VXFCZkpNb1ZnOTdyQkxOWXlYTzNmc2hEcTFKZXd5b094Vgpqa1E5TG0zZ3RUSmhvcDBzNzNqdEJycUZ4eDEwcWFpVXp1dUJReExFR0xKcHU4UlpoS1lNOUU5Qll3ZFJjZjRiCnFQL3RlRE15UlRyVEJSZUJFMkxZOWVucWk0ZlZLT3ozM1NSc0hBakxUQmxFbThmK20vSHNuTmVpNjRMQVZoa28KemVkcXpoWmNlQUZOd0p5aE9NRFRCaThPOTk0eTZ5RmZ4TGRrcDFkM2pxVkl5V3VZbW5KMGhUcXlDQXlJTUt0MQovSmthNldMK3BUc080eWFSd0R1M1dSS0paaEJBS2FMRTlEbzRlbVRyT1dXbjRWRjZUd0JiR1IvSytUU2pPYmd6Ci9EV0JzN0VXMWJnYzVFUUpCMTI4bGhTdE5jblFWT3dacUVyejZ6dHpCRndWQ1N1enlQZHEydi9TM216RFAwK2YKcTYrQjVZUlBhQ0QyUzZZOGErWGNjNGRlODJ4MDk0YmZacTlUZVE1UTdSelVsQkVxOVhibUI2Y1U3SDBXbmpWUgp5TzZ1dTZTdDNiN1pkOW42cFBjREJYckR4R21RT2tONC85YWdqS2NWVVV4M0k5cHhUUlV4S2dteE1JbGVOUnZFClZBQkVOVENQMXNMelZ2b1NsUlB5OTZyK0QwWCt2MWU1V1dYMHlWWC9JY2dqZnN4OERyb2U2Nlkxc1JaSU9VNXQKNlJlZEEvTi9tbzZoSUNENEFaNS9zYjFkUlI1L2owTm1uSnhGcEF1b2o1THFyV1I4dVZVeEpsL2tERUtpM0xDZwpTMVBaZWhGVjJUeDhGMTFnVWc9PQotLS0tLUVORCBDRVJUSUZJQ0FURS0tLS0tCg==\n    server: https://gb3s-cluster.privatelink.eastus.azmk8s.io:443\n  name: gb3s\ncontexts:\n- context:\n    cluster: gb3s\n    user: clusterUser_gb3s_gb3s\n  name: gb3s\ncurrent-context: gb3s\nkind: Config\npreferences: {}\nusers:\n- name: clusterUser_gb3s_gb3s\n  user:\n    client-certificate-data: LS0tLS1CRUdJTiBDRVJUSUZJQ0FURS0tLS0tCk1JSUZIVENDQXdXZ0F3SUJBZ0lRVzFZbU1rNjJWMXlUK2tybGFiWDZPekFOQmdrcWhraUc5dzBCQVFzRkFEQU4KTVFzd0NRWURWUVFERXdKallUQWVGdzB5TWpBM01Ua3hOVEV5TlROYUZ3MHlOREEzTVRreE5USXlOVE5hTURBeApGekFWQmdOVkJBb1REbk41YzNSbGJUcHRZWE4wWlhKek1SVXdFd1lEVlFRREV3eHRZWE4wWlhKamJHbGxiblF3CmdnSWlNQTBHQ1NxR1NJYjNEUUVCQVFVQUE0SUNEd0F3Z2dJS0FvSUNBUURoVzdIQ0F3RzNwS3p0SUtqWkdnVncKMDM2bE94MGpoWWV3ZHRoSEVMdzUrSkhYVHJsdU52VW5oYUhteFF4ekZTVmxEeTVLVmVqeDA3eVJzcDRCeWYybgpTZy90RDludjQvamh6L3UyV0dHcUtTTWEvRjAyaTBTZUx1Q05uMHh2czNMMlhlb2RlTk9UaTg2dTcyU0w3UXl6ClBieTRCL0J1ckh2aGU3Ymt4NXY5SXgwNUZ1K01ZaThncnh2MjZUL3ZQdzFWUTRuNFl4Um1xc2lSWkVubDV2YncKRlhiUkgzMms0bUIza3lqK2o5aWV0VkhOMXkwanQzREUwWnBRZnJGOTJMc3hYNS9JaGNhaEUybS90ajBWMFB0YwpIazZFYjlLQVpIYnY5UmpUN2E3T0hOUEYwZ0hKeE4zM3JSTDNSRHhpb0J0aDBIOENJK29Ka1hMUVBUeGMzcGlLCm9DNjlRd2pnclBCY1B3ZVhyZHk3dFY3dElhcVhMUVdrK2c0SUpTbnNUNEVpR21BSE5yQXRVUkp2cndRTUlaUEwKWXdNSUQ2QzFPK3BRK0RyQVZLRnIrL0RyaE00ZmV2eFZNMEZQNmdndS9WZ1VLVTFScGJJaEN0YUJZMFRXUCtpegpoTm5yTDI1UGswZS9kdWdhUmxNaUpNeVhkWjV0VEJ2QVJVczdkNTJmKzUzK2tab0ExN25hbyt5OHhoc1lsUStUCjh5eURXL1BPWUVxbHFNQ3RzZ0FwVmRkSGNSbkpxUTRibXRmZEV6b2ZPb3BMdVYzTzIwNWMyeFppRzhCRmtmYnYKSUVsbm53ekdqR0JvT3RtVk5DNVF5OFIzK3Y4ajlUUDByM1RaWXZOWWhhU296aVJLZS9iK3diRDh0dWxteVNuMQpTVGxSUThkcW1hNWhCMUYyNzhtVWx3SURBUUFCbzFZd1ZEQU9CZ05WSFE4QkFmOEVCQU1DQmFBd0V3WURWUjBsCkJBd3dDZ1lJS3dZQkJRVUhBd0l3REFZRFZSMFRBUUgvQkFJd0FEQWZCZ05WSFNNRUdEQVdnQlFLNFFLVW9ybmIKQnZpbnNGWGxkMDZCc0oxQlR6QU5CZ2txaGtpRzl3MEJBUXNGQUFPQ0FnRUFqZVFpaUw0TzlaWWErYUVuUlZEdQppNnl6L2hEYW8vbk5zKzAzNVUvNGZ0eExjQWpFcGlTVEJpY2t5VzhRQXdBdUtMMkI5Z1YwUEdRTzhiK2tyd3dOCmZjUklFemFxcStwZ21rekp4SnNBWnhXdW1DWE8xcElHZTFVVUJnLzVwMnNJdHBFZW9XZHZuUlEwZnpRM2ltaWQKSTlQYzZ3dUt0akRQZHY2bUgzZjAycE5NYmw2OGhYUWFTWW9YSEhSZWtad0hZeTNOUytISThnSWY2ZUo3U1FVYwo4dmJrc3M3WXFhS3kyMU52eXFSbVFtSmlqb0MvNlN4a05yV01raEZnaHVtREJvOEJ0K3Rlc2xpd2ZNcFFxbmVOCk0yMzhubGFmZVkvT00zUEpWTGl3bVhLQmQ4VERCSFB0cDNEd0xQajdzSitOQ2RJVDNuRGpwOVJ0bVhrQ2dITnoKcW9xMXZMNWVXbmc4TEhROUZsaEllS21CMWRrNXNGV0l5UGxFR1JuL24ra1VGV1NIcWsxbzBoVU5abHU3azZtbApmOENSSHg4TkdVTFRxU2MrZnVoMWtnQ29mdy9Mb3VBM29PMjRFMnV1anA0ZXhyblBtL0ZxL0ZPTGEwcW9ZMUUzCmxlNStZL1hoN0duUnFFK1Rwc1IwSWloaVA3YnFHakQ3Q0d1eTFHeFFnK3BrU0crOWZuVml0VlJQV2JlYnFUM0cKSDZNVlcrVkx6QmNNQ1JScVlobVkzT3RqQkRicnZMZDEvamZPeW9POVdRZjYweXNvbnlKaE5Zc2NvUCtCSjNQWgpZUzhBU0F5TzNyWmJCYVRiL2dKUlBTVnE2a09NNDJud3dVaVNrb3Rxd2ltSVNKMFRIMHQ2OEowQVpUM0tDVU94Cjc3M3FiTzdtL1ZjTkhuNjlEbmx3U0VjPQotLS0tLUVORCBDRVJUSUZJQ0FURS0tLS0tCg==\n    client-key-data: LS0tLS1CRUdJTiBSU0EgUFJJVkFURSBLRVktLS0tLQpNSUlKS1FJQkFBS0NBZ0VBNFZ1eHdnTUJ0NlNzN1NDbzJSb0ZjTk4rcFRzZEk0V0hzSGJZUnhDOE9maVIxMDY1CmJqYjFKNFdoNXNVTWN4VWxaUTh1U2xYbzhkTzhrYktlQWNuOXAwb1A3US9aNytQNDRjLzd0bGhocWlrakd2eGQKTm90RW5pN2dqWjlNYjdOeTlsM3FIWGpUazR2T3J1OWtpKzBNc3oyOHVBZndicXg3NFh1MjVNZWIvU01kT1JidgpqR0l2SUs4Yjl1ay83ejhOVlVPSitHTVVacXJJa1dSSjVlYjI4QlYyMFI5OXBPSmdkNU1vL28vWW5yVlJ6ZGN0Ckk3ZHd4TkdhVUg2eGZkaTdNVitmeUlYR29STnB2N1k5RmREN1hCNU9oRy9TZ0dSMjcvVVkwKzJ1emh6VHhkSUIKeWNUZDk2MFM5MFE4WXFBYllkQi9BaVBxQ1pGeTBEMDhYTjZZaXFBdXZVTUk0S3p3WEQ4SGw2M2N1N1ZlN1NHcQpseTBGcFBvT0NDVXA3RStCSWhwZ0J6YXdMVkVTYjY4RURDR1R5Mk1EQ0ErZ3RUdnFVUGc2d0ZTaGEvdnc2NFRPCkgzcjhWVE5CVCtvSUx2MVlGQ2xOVWFXeUlRcldnV05FMWovb3M0VFo2eTl1VDVOSHYzYm9Ha1pUSWlUTWwzV2UKYlV3YndFVkxPM2Vkbi91ZC9wR2FBTmU1MnFQc3ZNWWJHSlVQay9Nc2cxdnp6bUJLcGFqQXJiSUFLVlhYUjNFWgp5YWtPRzVyWDNSTTZIenFLUzdsZHp0dE9YTnNXWWh2QVJaSDI3eUJKWjU4TXhveGdhRHJabFRRdVVNdkVkL3IvCkkvVXo5SzkwMldMeldJV2txTTRrU252Mi9zR3cvTGJwWnNrcDlVazVVVVBIYXBtdVlRZFJkdS9KbEpjQ0F3RUEKQVFLQ0FnQTk1K1Z0eVV1b2Vla3kvcHpEZnIxdDMvdFRRbWpmd0NlbEZ4Q1VmUWxuMTF1Z3pMUnRqVlZNOVEyagppZy9BY1ZlamFrY3FEbTErT003OUt4YnlvTjA0SGtVL3R2SUVUeGlvVjJ6ckMxNVEweG9jcUtTbWZoMXNZcTQyCjJVS3pFSldORGdGbzlTOFJ3ZjhWMlJkQ3hPeVBORzlxRW13K3lzMEJCTzRaN0tkeUl6bzgyNHNVZ2tnMTcwUjgKVUZqS3pRUkpudE1BMDU3Z0VSd2xyR29NYUtUL0VMWmgvZ2VTeXNqN01BYTczeUgvZndtb3hPcFdmR2JTK2swcwp2WkRlWkRJUC94ZXlpdVVrakdPcFVWTjRjYjhLOEJ4Ymp5aEJNdGZsVk92c0U4ZklRT3ovMDQvQU1IOVZNVXNiCmQ3Z3EwNWFTQ1NkS25Ea0hSZGhIVWZzSisrL2s2TnBnMW9SaDdHR3NTR3FnL05nSE16UlliY2lMNTNKc3o5OHgKUlZQNzdGaHBVVnk1aWJTU0lTZkZTa1BMSW1vb2l5QU15b0xQUm1FT3BXUng4dUpLR0VJZ1h0M1d2Umg5SWNTeApJTHFodGZHVTZZWVJyMUJXaTRtMGZlelgxcENTa0RmL0pmQjRKVXJoVE5xVHV5ZWk2R1VNR0FtUWFLR1d4TWRKCmI5VFpRc1cvT2o5YzJ0SVlYOUdlazBXMldrc1lVTkNTUk1IMzlmTzgyR3BwbXFoR2hJaGM0M3BnL2hsMTRBTmcKZjcvVnAwcU04TCtFT2tFaGJKZ0FGR3ZZejl3ZzZrRThhZnYwNEV1ZmdHT2txakRNTE93by9hdGc2TEQ3TnRDegp4NytzbUNyWmw5MG8zN2FjQll6cHlHWVBCWkFDa1FOWWIrRFJqOGJBc0ppcEdtKzV3UUtDQVFFQTljZ3lOenE1CjE0K3pBTE9oM2VBUXowMEFJSm5YZUJXdXhia0VPV2dOQjRQOVYrRndleEhLeFpPelU0VTM3Wm5xNHh4eklNUjcKd3YwbUxOeEZsYVVST3JTTU52QzNUTWlpYW9od1IwajVyUkNjNVBpTk51TmR6OWtNaHd1WHVIMnNLSUhjVS9hVQpyV0Rya3FQQ3FxR2xTMTFoYkg0M0s2dytvTkpQYTBnZnBJSGFEWkRGUEpUYW9sV2oyOFdtL0lLVmNhUTJpRFJZCkpha3pqeW5ob0ZyYXdyVS8wK20xbExWT1RMMEQ1Y2I3R1FJUEo2OGI1dG1qWHRhNFBMRFBGd25UWkM2ZzQ0SGMKZEhKbXl3WEFseTAvVjRqbHl5NzI3bmRmSTNpK0V0VXFCQittckhwNUhMczMyTHVLYzVGbkVnc2ovYnJIR0Z5VwpQQm8vSTJMRTNzWWc0UUtDQVFFQTZyb2h2K1dGMnBvZE5JRFl0ait6QjNiMml6blIrcmxFdkllZktuYVd0bTMvClErVUFhS0ZOWjJSc05yeGxLK1VoZXZVK1htdXhEd01pOEV2MTIxblpzQXAzUThRTFdxMnNTOUZHdk9hUUE0dHcKVnlGSjJpNXpNKzczVGVETTFlQ2NZMExXT0hUdGMvakxEUHJxczcrQjhJclZVMEkvVnFDaFhKcTcydnl1elVwLwoxZksvOHBWRzl1bEVxK0JIQ1NwbU5uQmhrYmpFcmxzbzdDT0VPcStaZ0hwcUV4U3ZMczIzekVZbm5NbFdEaHJlClVNNFJnWWFwRFJZSVVFZW9CcnlVUldHQ3M2R1Jra0dKTVk2Q0NuMk95ckxud0FMdXVtZnk3blZkZUxXSWE1bTMKUVBxZWFPeXdvQTMwNVhzU3d0WkxZdDk3K1puOWxKYzlhaitHaGgzTWR3S0NBUUVBb2U3cnZ0MnZVZW40aXc3UApKK3NYeUMwNFYwSms1MWFKMXZXbVpkZzdOV2R1QkhlZzcwVHlyeWc0TDJBSFVFRm5zNGlzQmJ2T3V0S2xVMHN4CmdYM0hFMEdmWEJkTy9ZVDNGVytkWWlvZmJqb1MxUDA1dFI4cVVPWDFUZ2lDUnVodUJDWkRMd0s0UkY4bDluQjAKc28xYjVZSzV6SXgvOXdNK0pDRk1lQ2VGeVpKUVF6M041Yk5CTlZGdGEwQVhYQ2tCSTJXSkZFWkFpVmVvZzd1WgpUMWhzNTNvWmVwcHhxMitsRGdRK3pDWkVpOTZDYzZmNG55bG5iUFhWWHc4eThqL2tDZzU2ckVxRUlDaTd0eW1zCkVTNmJuQ1d6R1NKeFNQNVhMWHpBNXBHUlpEUWlVV05ENW4wbk4yR2d2N0hlRWRKTFBVSFJLU2pmUnV3WUMwMW8KM2tuMW9RS0NBUUVBbnFXVlFBVWF0a2hwcXQzWEd6N3Nld1FkMkxZSXhTUkpYLzl1Ulo0SGVWL1pJd041aGo1WAplYVUzT3J1VXlkbEJDc0VOR1haQ0lycGs5L0x2UmdWeGkzbFhhTGJ0VWFtR2hXdjZHcHpmQTNaUVJLT2NMZG90ClJSR2psc0IwMGEzUkpZbThEa2FCWTF2cHFXbENEcUZHYXRUN0lCM3JmMXBzRlpJRG5Cd2k3V0FJRFF2WVRsWTAKczVld01WY1J6QkViS25wRWgrQlJGdU5JUW1veTZoTmJkYW5IWGdRaDcwbGRpN1J5KzVaZEVvVjRjemNFUC81Swo3aXhSRENtU1dKTkd4Nm9EVS9QRTF3eHlkTXN6KzNFbmZMcjB4aU4xUlFvUytMYmNxVVJRNHlEdTZmMDU2Z0xuCjBoWDh5c21uUVlialJ2MXo1cHo4OWx4T1J5eU9lTUZWT3dLQ0FRQmtTaUNGNE9iQytDUXdzeHdMR3RhODI4NFgKUEhxTFRVVnFzcHluZHpodEJ1Y29KK3BXWVUxQ1lzYUoxczYzZCtLWGZDNnQ1aXUwN1VLdWg0eUh4Q2pUMGRsagpvS0E5UTl6cXpRRTY5U0d2ZnJnSVQ2YXRLVHlnRmNtRFk3Zk94TzVUZGN3RzhjM3JPZExhLzh4RHV5bGR4VEJVClQvOC9wcnRudEdmYkk1U1JLTkxFZVdWQnZJdzBLWGJCU1lNOVpNOVFMV0dQTjh0bzFCMnNXajlUQ3ZwUmVRUUgKY2crbVlXSXRMS3F0bW5kR1BFOWtqek16L05iM0pzZzNjdlpTVC9OaGpsQngrL0E2V3NlMkdrYlN1UkRiK1lLMwo2cVVXaHRwYjdCL2d1dnNJSlorak96VXFwTlZpeGNUaHc0Vk1ZdkhDSTFOMVp4Y3dYcDFHYS84TEI1Sm8KLS0tLS1FTkQgUlNBIFBSSVZBVEUgS0VZLS0tLS0K\n    token: 0b18c2111e5af0ca378a3d4ca7df971d95f3e701643c9f24189772a5c448ddc1b87ddb9672b00710a630635f91a943aa973063d90b86aad3d909ba5bdee14b12\n",
            "kubelet_identity": [
              {
                "client_id": "7aa517f8-411d-4b44-baa8-6758c323bdcf",
                "object_id": "fe92f5d7-b24a-4283-a0fc-f2a6bf6c0cae",
                "user_assigned_identity_id": "/subscriptions/4dc1bd33-fef6-413d-aa31-bc639452a449/resourceGroups/gb3s/providers/Microsoft.ManagedIdentity/userAssignedIdentities/gb3s-cluster"
              }
            ],
            "kubernetes_version": "1.22.11",
            "linux_profile": [],
            "local_account_disabled": false,
            "location": "eastus",
            "maintenance_window": [],
            "microsoft_defender": [],
            "name": "gb3s",
            "network_profile": [
              {
                "dns_service_ip": "10.0.12.10",
                "docker_bridge_cidr": "10.0.8.0/22",
                "ip_versions": [
                  "IPv4"
                ],
                "load_balancer_profile": [
                  {
                    "effective_outbound_ips": [
                      "/subscriptions/4dc1bd33-fef6-413d-aa31-bc639452a449/resourceGroups/gb3s-nodes/providers/Microsoft.Network/publicIPAddresses/318336ae-f8c2-414c-ba3d-f9bcf7ae08a9"
                    ],
                    "idle_timeout_in_minutes": 0,
                    "managed_outbound_ip_count": 1,
                    "outbound_ip_address_ids": [],
                    "outbound_ip_prefix_ids": [],
                    "outbound_ports_allocated": 0
                  }
                ],
                "load_balancer_sku": "standard",
                "nat_gateway_profile": [],
                "network_mode": "",
                "network_plugin": "kubenet",
                "network_policy": "calico",
                "outbound_type": "loadBalancer",
                "pod_cidr": "10.0.4.0/22",
                "service_cidr": "10.0.12.0/22"
              }
            ],
            "node_resource_group": "gb3s-nodes",
            "oidc_issuer_enabled": false,
            "oidc_issuer_url": "",
            "oms_agent": [],
            "open_service_mesh_enabled": false,
            "portal_fqdn": "9c2ba646186689384e078f1b0afeb2b3-priv.portal.hcp.eastus.azmk8s.io",
            "private_cluster_enabled": true,
            "private_cluster_public_fqdn_enabled": false,
            "private_dns_zone_id": "/subscriptions/4dc1bd33-fef6-413d-aa31-bc639452a449/resourceGroups/gb3s/providers/Microsoft.Network/privateDnsZones/privatelink.eastus.azmk8s.io",
            "private_fqdn": "gb3s-cluster.privatelink.eastus.azmk8s.io",
            "public_network_access_enabled": true,
            "resource_group_name": "gb3s",
            "role_based_access_control_enabled": true,
            "run_command_enabled": true,
            "service_principal": [],
            "sku_tier": "Free",
            "tags": null,
            "timeouts": null,
            "windows_profile": []
          },
          "sensitive_attributes": [],
          "private": "eyJlMmJmYjczMC1lY2FhLTExZTYtOGY4OC0zNDM2M2JjN2M0YzAiOnsiY3JlYXRlIjo1NDAwMDAwMDAwMDAwLCJkZWxldGUiOjU0MDAwMDAwMDAwMDAsInJlYWQiOjMwMDAwMDAwMDAwMCwidXBkYXRlIjo1NDAwMDAwMDAwMDAwfSwic2NoZW1hX3ZlcnNpb24iOiIyIn0=",
          "dependencies": [
            "azurerm_resource_group.group",
            "azurerm_resource_group.network",
            "azurerm_virtual_network.network",
            "module.aks.azurerm_private_dns_zone.cluster_dns",
            "module.aks.azurerm_role_assignment.cluster_group_role_assignment",
            "module.aks.azurerm_role_assignment.network_group_assignment",
            "module.aks.azurerm_subnet.agentnet",
            "module.aks.azurerm_subnet.ingress",
            "module.aks.azurerm_user_assigned_identity.cluster_id"
          ]
        }
      ]
    },
    {
      "module": "module.aks",
      "mode": "managed",
      "type": "azurerm_private_dns_zone",
      "name": "cluster_dns",
      "provider": "provider[\"registry.terraform.io/hashicorp/azurerm\"]",
      "instances": [
        {
          "schema_version": 0,
          "attributes": {
            "id": "/subscriptions/4dc1bd33-fef6-413d-aa31-bc639452a449/resourceGroups/gb3s/providers/Microsoft.Network/privateDnsZones/privatelink.eastus.azmk8s.io",
            "max_number_of_record_sets": 25000,
            "max_number_of_virtual_network_links": 1000,
            "max_number_of_virtual_network_links_with_registration": 100,
            "name": "privatelink.eastus.azmk8s.io",
            "number_of_record_sets": 1,
            "resource_group_name": "gb3s",
            "soa_record": [
              {
                "email": "azureprivatedns-host.microsoft.com",
                "expire_time": 2419200,
                "fqdn": "privatelink.eastus.azmk8s.io.",
                "host_name": "azureprivatedns.net",
                "minimum_ttl": 10,
                "refresh_time": 3600,
                "retry_time": 300,
                "serial_number": 1,
                "tags": {},
                "ttl": 3600
              }
            ],
            "tags": {},
            "timeouts": null
          },
          "sensitive_attributes": [],
          "private": "eyJlMmJmYjczMC1lY2FhLTExZTYtOGY4OC0zNDM2M2JjN2M0YzAiOnsiY3JlYXRlIjoxODAwMDAwMDAwMDAwLCJkZWxldGUiOjE4MDAwMDAwMDAwMDAsInJlYWQiOjMwMDAwMDAwMDAwMCwidXBkYXRlIjoxODAwMDAwMDAwMDAwfX0=",
          "dependencies": [
            "azurerm_resource_group.group"
          ]
        }
      ]
    },
    {
      "module": "module.aks",
      "mode": "managed",
      "type": "azurerm_role_assignment",
      "name": "cluster_group_role_assignment",
      "provider": "provider[\"registry.terraform.io/hashicorp/azurerm\"]",
      "instances": [
        {
          "schema_version": 0,
          "attributes": {
            "condition": "",
            "condition_version": "",
            "delegated_managed_identity_resource_id": "",
            "description": "",
            "id": "/subscriptions/4dc1bd33-fef6-413d-aa31-bc639452a449/resourceGroups/gb3s/providers/Microsoft.Authorization/roleAssignments/59f05b77-045c-475c-127a-d68852d21f90",
            "name": "59f05b77-045c-475c-127a-d68852d21f90",
            "principal_id": "fe92f5d7-b24a-4283-a0fc-f2a6bf6c0cae",
            "principal_type": "ServicePrincipal",
            "role_definition_id": "/subscriptions/4dc1bd33-fef6-413d-aa31-bc639452a449/providers/Microsoft.Authorization/roleDefinitions/8e3af657-a8ff-443c-a75c-2fe8c4bcb635",
            "role_definition_name": "Owner",
            "scope": "/subscriptions/4dc1bd33-fef6-413d-aa31-bc639452a449/resourceGroups/gb3s",
            "skip_service_principal_aad_check": null,
            "timeouts": null
          },
          "sensitive_attributes": [],
          "private": "eyJlMmJmYjczMC1lY2FhLTExZTYtOGY4OC0zNDM2M2JjN2M0YzAiOnsiY3JlYXRlIjoxODAwMDAwMDAwMDAwLCJkZWxldGUiOjE4MDAwMDAwMDAwMDAsInJlYWQiOjMwMDAwMDAwMDAwMCwidXBkYXRlIjoxODAwMDAwMDAwMDAwfX0=",
          "dependencies": [
            "azurerm_resource_group.group",
            "data.azurerm_client_config.current",
            "module.aks.azurerm_user_assigned_identity.cluster_id"
          ]
        }
      ]
    },
    {
      "module": "module.aks",
      "mode": "managed",
      "type": "azurerm_role_assignment",
      "name": "dns_role_assignment",
      "provider": "provider[\"registry.terraform.io/hashicorp/azurerm\"]",
      "instances": [
        {
          "schema_version": 0,
          "attributes": {
            "condition": "",
            "condition_version": "",
            "delegated_managed_identity_resource_id": "",
            "description": "",
            "id": "/subscriptions/4dc1bd33-fef6-413d-aa31-bc639452a449/resourceGroups/gb3s/providers/Microsoft.Network/privateDnsZones/privatelink.eastus.azmk8s.io/providers/Microsoft.Authorization/roleAssignments/afe299b5-7a09-8b7e-d25e-b113adb27b13",
            "name": "afe299b5-7a09-8b7e-d25e-b113adb27b13",
            "principal_id": "fe92f5d7-b24a-4283-a0fc-f2a6bf6c0cae",
            "principal_type": "ServicePrincipal",
            "role_definition_id": "/subscriptions/4dc1bd33-fef6-413d-aa31-bc639452a449/providers/Microsoft.Authorization/roleDefinitions/b12aa53e-6015-4669-85d0-8515ebb3ae7f",
            "role_definition_name": "Private DNS Zone Contributor",
            "scope": "/subscriptions/4dc1bd33-fef6-413d-aa31-bc639452a449/resourceGroups/gb3s/providers/Microsoft.Network/privateDnsZones/privatelink.eastus.azmk8s.io",
            "skip_service_principal_aad_check": null,
            "timeouts": null
          },
          "sensitive_attributes": [],
          "private": "eyJlMmJmYjczMC1lY2FhLTExZTYtOGY4OC0zNDM2M2JjN2M0YzAiOnsiY3JlYXRlIjoxODAwMDAwMDAwMDAwLCJkZWxldGUiOjE4MDAwMDAwMDAwMDAsInJlYWQiOjMwMDAwMDAwMDAwMCwidXBkYXRlIjoxODAwMDAwMDAwMDAwfX0=",
          "dependencies": [
            "azurerm_resource_group.group",
            "module.aks.azurerm_private_dns_zone.cluster_dns",
            "module.aks.azurerm_user_assigned_identity.cluster_id"
          ]
        }
      ]
    },
    {
      "module": "module.aks",
      "mode": "managed",
      "type": "azurerm_role_assignment",
      "name": "keyvault_role_assignment",
      "provider": "provider[\"registry.terraform.io/hashicorp/azurerm\"]",
      "instances": [
        {
          "schema_version": 0,
          "attributes": {
            "condition": "",
            "condition_version": "",
            "delegated_managed_identity_resource_id": "",
            "description": "",
            "id": "/subscriptions/4dc1bd33-fef6-413d-aa31-bc639452a449/resourceGroups/gb3s/providers/Microsoft.KeyVault/vaults/gb3s-keyvault/providers/Microsoft.Authorization/roleAssignments/46502072-8dd2-08a7-dd0d-9167bff9a0a0",
            "name": "46502072-8dd2-08a7-dd0d-9167bff9a0a0",
            "principal_id": "fe92f5d7-b24a-4283-a0fc-f2a6bf6c0cae",
            "principal_type": "ServicePrincipal",
            "role_definition_id": "/subscriptions/4dc1bd33-fef6-413d-aa31-bc639452a449/providers/Microsoft.Authorization/roleDefinitions/00482a5a-887f-4fb3-b363-3b7fe8e74483",
            "role_definition_name": "Key Vault Administrator",
            "scope": "/subscriptions/4dc1bd33-fef6-413d-aa31-bc639452a449/resourceGroups/gb3s/providers/Microsoft.KeyVault/vaults/gb3s-keyvault",
            "skip_service_principal_aad_check": null,
            "timeouts": null
          },
          "sensitive_attributes": [],
          "private": "eyJlMmJmYjczMC1lY2FhLTExZTYtOGY4OC0zNDM2M2JjN2M0YzAiOnsiY3JlYXRlIjoxODAwMDAwMDAwMDAwLCJkZWxldGUiOjE4MDAwMDAwMDAwMDAsInJlYWQiOjMwMDAwMDAwMDAwMCwidXBkYXRlIjoxODAwMDAwMDAwMDAwfX0=",
          "dependencies": [
            "azurerm_resource_group.group",
            "data.azurerm_client_config.current",
            "module.aks.azurerm_user_assigned_identity.cluster_id",
            "module.keyvault.azurerm_key_vault.cluster_vault"
          ]
        }
      ]
    },
    {
      "module": "module.aks",
      "mode": "managed",
      "type": "azurerm_role_assignment",
      "name": "network_group_assignment",
      "provider": "provider[\"registry.terraform.io/hashicorp/azurerm\"]",
      "instances": [
        {
          "schema_version": 0,
          "attributes": {
            "condition": "",
            "condition_version": "",
            "delegated_managed_identity_resource_id": "",
            "description": "",
            "id": "/subscriptions/4dc1bd33-fef6-413d-aa31-bc639452a449/resourceGroups/gb3s-network/providers/Microsoft.Authorization/roleAssignments/19ae820f-1cb9-ecbb-8a8a-9268623c6445",
            "name": "19ae820f-1cb9-ecbb-8a8a-9268623c6445",
            "principal_id": "fe92f5d7-b24a-4283-a0fc-f2a6bf6c0cae",
            "principal_type": "ServicePrincipal",
            "role_definition_id": "/subscriptions/4dc1bd33-fef6-413d-aa31-bc639452a449/providers/Microsoft.Authorization/roleDefinitions/8e3af657-a8ff-443c-a75c-2fe8c4bcb635",
            "role_definition_name": "Owner",
            "scope": "/subscriptions/4dc1bd33-fef6-413d-aa31-bc639452a449/resourceGroups/gb3s-network",
            "skip_service_principal_aad_check": null,
            "timeouts": null
          },
          "sensitive_attributes": [],
          "private": "eyJlMmJmYjczMC1lY2FhLTExZTYtOGY4OC0zNDM2M2JjN2M0YzAiOnsiY3JlYXRlIjoxODAwMDAwMDAwMDAwLCJkZWxldGUiOjE4MDAwMDAwMDAwMDAsInJlYWQiOjMwMDAwMDAwMDAwMCwidXBkYXRlIjoxODAwMDAwMDAwMDAwfX0=",
          "dependencies": [
            "azurerm_resource_group.network",
            "azurerm_virtual_network.network",
            "module.aks.azurerm_user_assigned_identity.cluster_id"
          ]
        }
      ]
    },
    {
      "module": "module.aks",
      "mode": "managed",
      "type": "azurerm_role_assignment",
      "name": "node_group_role_assignment",
      "provider": "provider[\"registry.terraform.io/hashicorp/azurerm\"]",
      "instances": [
        {
          "schema_version": 0,
          "attributes": {
            "condition": "",
            "condition_version": "",
            "delegated_managed_identity_resource_id": "",
            "description": "",
            "id": "/subscriptions/4dc1bd33-fef6-413d-aa31-bc639452a449/resourceGroups/gb3s-nodes/providers/Microsoft.Authorization/roleAssignments/c77c28d2-c0a1-3ec0-d40e-cfcbe172c2fc",
            "name": "c77c28d2-c0a1-3ec0-d40e-cfcbe172c2fc",
            "principal_id": "fe92f5d7-b24a-4283-a0fc-f2a6bf6c0cae",
            "principal_type": "ServicePrincipal",
            "role_definition_id": "/subscriptions/4dc1bd33-fef6-413d-aa31-bc639452a449/providers/Microsoft.Authorization/roleDefinitions/8e3af657-a8ff-443c-a75c-2fe8c4bcb635",
            "role_definition_name": "Owner",
            "scope": "/subscriptions/4dc1bd33-fef6-413d-aa31-bc639452a449/resourceGroups/gb3s-nodes",
            "skip_service_principal_aad_check": null,
            "timeouts": null
          },
          "sensitive_attributes": [],
          "private": "eyJlMmJmYjczMC1lY2FhLTExZTYtOGY4OC0zNDM2M2JjN2M0YzAiOnsiY3JlYXRlIjoxODAwMDAwMDAwMDAwLCJkZWxldGUiOjE4MDAwMDAwMDAwMDAsInJlYWQiOjMwMDAwMDAwMDAwMCwidXBkYXRlIjoxODAwMDAwMDAwMDAwfX0=",
          "dependencies": [
            "azurerm_resource_group.group",
            "azurerm_resource_group.network",
            "azurerm_virtual_network.network",
            "data.azurerm_client_config.current",
            "module.aks.azurerm_kubernetes_cluster.cluster",
            "module.aks.azurerm_private_dns_zone.cluster_dns",
            "module.aks.azurerm_role_assignment.cluster_group_role_assignment",
            "module.aks.azurerm_role_assignment.network_group_assignment",
            "module.aks.azurerm_subnet.agentnet",
            "module.aks.azurerm_subnet.ingress",
            "module.aks.azurerm_user_assigned_identity.cluster_id"
          ]
        }
      ]
    },
    {
      "module": "module.aks",
      "mode": "managed",
      "type": "azurerm_role_assignment",
      "name": "sub_read_role_assignment",
      "provider": "provider[\"registry.terraform.io/hashicorp/azurerm\"]",
      "instances": [
        {
          "schema_version": 0,
          "attributes": {
            "condition": "",
            "condition_version": "",
            "delegated_managed_identity_resource_id": "",
            "description": "",
            "id": "/subscriptions/4dc1bd33-fef6-413d-aa31-bc639452a449/providers/Microsoft.Authorization/roleAssignments/5666c3fb-c1b0-8e8e-e00e-c3b62718c6ca",
            "name": "5666c3fb-c1b0-8e8e-e00e-c3b62718c6ca",
            "principal_id": "fe92f5d7-b24a-4283-a0fc-f2a6bf6c0cae",
            "principal_type": "ServicePrincipal",
            "role_definition_id": "/subscriptions/4dc1bd33-fef6-413d-aa31-bc639452a449/providers/Microsoft.Authorization/roleDefinitions/acdd72a7-3385-48ef-bd42-f606fba81ae7",
            "role_definition_name": "Reader",
            "scope": "/subscriptions/4dc1bd33-fef6-413d-aa31-bc639452a449",
            "skip_service_principal_aad_check": null,
            "timeouts": null
          },
          "sensitive_attributes": [],
          "private": "eyJlMmJmYjczMC1lY2FhLTExZTYtOGY4OC0zNDM2M2JjN2M0YzAiOnsiY3JlYXRlIjoxODAwMDAwMDAwMDAwLCJkZWxldGUiOjE4MDAwMDAwMDAwMDAsInJlYWQiOjMwMDAwMDAwMDAwMCwidXBkYXRlIjoxODAwMDAwMDAwMDAwfX0=",
          "dependencies": [
            "azurerm_resource_group.group",
            "data.azurerm_client_config.current",
            "module.aks.azurerm_user_assigned_identity.cluster_id"
          ]
        }
      ]
    },
    {
      "module": "module.aks",
      "mode": "managed",
      "type": "azurerm_route_table",
      "name": "cluster",
      "provider": "provider[\"registry.terraform.io/hashicorp/azurerm\"]",
      "instances": [
        {
          "schema_version": 0,
          "attributes": {
            "disable_bgp_route_propagation": false,
            "id": "/subscriptions/4dc1bd33-fef6-413d-aa31-bc639452a449/resourceGroups/gb3s-network/providers/Microsoft.Network/routeTables/gb3s-route-table",
            "location": "eastus",
            "name": "gb3s-route-table",
            "resource_group_name": "gb3s-network",
            "route": [],
            "subnets": [
              "/subscriptions/4dc1bd33-fef6-413d-aa31-bc639452a449/resourceGroups/gb3s-network/providers/Microsoft.Network/virtualNetworks/gb3s-network/subnets/agent-nodepool",
              "/subscriptions/4dc1bd33-fef6-413d-aa31-bc639452a449/resourceGroups/gb3s-network/providers/Microsoft.Network/virtualNetworks/gb3s-network/subnets/gb3s-ingress"
            ],
            "tags": {},
            "timeouts": null
          },
          "sensitive_attributes": [],
          "private": "eyJlMmJmYjczMC1lY2FhLTExZTYtOGY4OC0zNDM2M2JjN2M0YzAiOnsiY3JlYXRlIjoxODAwMDAwMDAwMDAwLCJkZWxldGUiOjE4MDAwMDAwMDAwMDAsInJlYWQiOjMwMDAwMDAwMDAwMCwidXBkYXRlIjoxODAwMDAwMDAwMDAwfX0=",
          "dependencies": [
            "azurerm_resource_group.group"
          ]
        }
      ]
    },
    {
      "module": "module.aks",
      "mode": "managed",
      "type": "azurerm_subnet",
      "name": "agentnet",
      "provider": "provider[\"registry.terraform.io/hashicorp/azurerm\"]",
      "instances": [
        {
          "schema_version": 0,
          "attributes": {
            "address_prefixes": [
              "10.0.1.0/24"
            ],
            "delegation": [],
            "enforce_private_link_endpoint_network_policies": true,
            "enforce_private_link_service_network_policies": false,
            "id": "/subscriptions/4dc1bd33-fef6-413d-aa31-bc639452a449/resourceGroups/gb3s-network/providers/Microsoft.Network/virtualNetworks/gb3s-network/subnets/agent-nodepool",
            "name": "agent-nodepool",
            "resource_group_name": "gb3s-network",
            "service_endpoint_policy_ids": [],
            "service_endpoints": [],
            "timeouts": null,
            "virtual_network_name": "gb3s-network"
          },
          "sensitive_attributes": [],
          "private": "eyJlMmJmYjczMC1lY2FhLTExZTYtOGY4OC0zNDM2M2JjN2M0YzAiOnsiY3JlYXRlIjoxODAwMDAwMDAwMDAwLCJkZWxldGUiOjE4MDAwMDAwMDAwMDAsInJlYWQiOjMwMDAwMDAwMDAwMCwidXBkYXRlIjoxODAwMDAwMDAwMDAwfX0=",
          "dependencies": [
            "azurerm_resource_group.network",
            "azurerm_virtual_network.network"
          ]
        }
      ]
    },
    {
      "module": "module.aks",
      "mode": "managed",
      "type": "azurerm_subnet",
      "name": "ingress",
      "provider": "provider[\"registry.terraform.io/hashicorp/azurerm\"]",
      "instances": [
        {
          "schema_version": 0,
          "attributes": {
            "address_prefixes": [
              "10.0.2.0/26"
            ],
            "delegation": [],
            "enforce_private_link_endpoint_network_policies": false,
            "enforce_private_link_service_network_policies": false,
            "id": "/subscriptions/4dc1bd33-fef6-413d-aa31-bc639452a449/resourceGroups/gb3s-network/providers/Microsoft.Network/virtualNetworks/gb3s-network/subnets/gb3s-ingress",
            "name": "gb3s-ingress",
            "resource_group_name": "gb3s-network",
            "service_endpoint_policy_ids": [],
            "service_endpoints": [],
            "timeouts": null,
            "virtual_network_name": "gb3s-network"
          },
          "sensitive_attributes": [],
          "private": "eyJlMmJmYjczMC1lY2FhLTExZTYtOGY4OC0zNDM2M2JjN2M0YzAiOnsiY3JlYXRlIjoxODAwMDAwMDAwMDAwLCJkZWxldGUiOjE4MDAwMDAwMDAwMDAsInJlYWQiOjMwMDAwMDAwMDAwMCwidXBkYXRlIjoxODAwMDAwMDAwMDAwfX0=",
          "dependencies": [
            "azurerm_resource_group.group",
            "azurerm_resource_group.network",
            "azurerm_virtual_network.network"
          ]
        }
      ]
    },
    {
      "module": "module.aks",
      "mode": "managed",
      "type": "azurerm_subnet_route_table_association",
      "name": "agent-rt-asc",
      "provider": "provider[\"registry.terraform.io/hashicorp/azurerm\"]",
      "instances": [
        {
          "schema_version": 0,
          "attributes": {
            "id": "/subscriptions/4dc1bd33-fef6-413d-aa31-bc639452a449/resourceGroups/gb3s-network/providers/Microsoft.Network/virtualNetworks/gb3s-network/subnets/agent-nodepool",
            "route_table_id": "/subscriptions/4dc1bd33-fef6-413d-aa31-bc639452a449/resourceGroups/gb3s-network/providers/Microsoft.Network/routeTables/gb3s-route-table",
            "subnet_id": "/subscriptions/4dc1bd33-fef6-413d-aa31-bc639452a449/resourceGroups/gb3s-network/providers/Microsoft.Network/virtualNetworks/gb3s-network/subnets/agent-nodepool",
            "timeouts": null
          },
          "sensitive_attributes": [],
          "private": "eyJlMmJmYjczMC1lY2FhLTExZTYtOGY4OC0zNDM2M2JjN2M0YzAiOnsiY3JlYXRlIjoxODAwMDAwMDAwMDAwLCJkZWxldGUiOjE4MDAwMDAwMDAwMDAsInJlYWQiOjMwMDAwMDAwMDAwMCwidXBkYXRlIjoxODAwMDAwMDAwMDAwfX0=",
          "dependencies": [
            "azurerm_resource_group.group",
            "azurerm_resource_group.network",
            "azurerm_virtual_network.network",
            "module.aks.azurerm_route_table.cluster",
            "module.aks.azurerm_subnet.agentnet"
          ]
        }
      ]
    },
    {
      "module": "module.aks",
      "mode": "managed",
      "type": "azurerm_subnet_route_table_association",
      "name": "ingress-rt-asc",
      "provider": "provider[\"registry.terraform.io/hashicorp/azurerm\"]",
      "instances": [
        {
          "schema_version": 0,
          "attributes": {
            "id": "/subscriptions/4dc1bd33-fef6-413d-aa31-bc639452a449/resourceGroups/gb3s-network/providers/Microsoft.Network/virtualNetworks/gb3s-network/subnets/gb3s-ingress",
            "route_table_id": "/subscriptions/4dc1bd33-fef6-413d-aa31-bc639452a449/resourceGroups/gb3s-network/providers/Microsoft.Network/routeTables/gb3s-route-table",
            "subnet_id": "/subscriptions/4dc1bd33-fef6-413d-aa31-bc639452a449/resourceGroups/gb3s-network/providers/Microsoft.Network/virtualNetworks/gb3s-network/subnets/gb3s-ingress",
            "timeouts": null
          },
          "sensitive_attributes": [],
          "private": "eyJlMmJmYjczMC1lY2FhLTExZTYtOGY4OC0zNDM2M2JjN2M0YzAiOnsiY3JlYXRlIjoxODAwMDAwMDAwMDAwLCJkZWxldGUiOjE4MDAwMDAwMDAwMDAsInJlYWQiOjMwMDAwMDAwMDAwMCwidXBkYXRlIjoxODAwMDAwMDAwMDAwfX0=",
          "dependencies": [
            "azurerm_resource_group.group",
            "azurerm_resource_group.network",
            "azurerm_virtual_network.network",
            "module.aks.azurerm_route_table.cluster",
            "module.aks.azurerm_subnet.ingress"
          ]
        }
      ]
    },
    {
      "module": "module.aks",
      "mode": "managed",
      "type": "azurerm_user_assigned_identity",
      "name": "cluster_id",
      "provider": "provider[\"registry.terraform.io/hashicorp/azurerm\"]",
      "instances": [
        {
          "schema_version": 1,
          "attributes": {
            "client_id": "7aa517f8-411d-4b44-baa8-6758c323bdcf",
            "id": "/subscriptions/4dc1bd33-fef6-413d-aa31-bc639452a449/resourceGroups/gb3s/providers/Microsoft.ManagedIdentity/userAssignedIdentities/gb3s-cluster",
            "location": "eastus",
            "name": "gb3s-cluster",
            "principal_id": "fe92f5d7-b24a-4283-a0fc-f2a6bf6c0cae",
            "resource_group_name": "gb3s",
            "tags": {},
            "tenant_id": "90928a04-9c35-4ad8-9b74-f2d225f9b0e9",
            "timeouts": null
          },
          "sensitive_attributes": [],
          "private": "eyJlMmJmYjczMC1lY2FhLTExZTYtOGY4OC0zNDM2M2JjN2M0YzAiOnsiY3JlYXRlIjoxODAwMDAwMDAwMDAwLCJkZWxldGUiOjE4MDAwMDAwMDAwMDAsInJlYWQiOjMwMDAwMDAwMDAwMCwidXBkYXRlIjoxODAwMDAwMDAwMDAwfSwic2NoZW1hX3ZlcnNpb24iOiIxIn0=",
          "dependencies": [
            "azurerm_resource_group.group"
          ]
        }
      ]
    },
    {
      "module": "module.bastion",
      "mode": "managed",
      "type": "azurerm_bastion_host",
      "name": "bastion",
      "provider": "provider[\"registry.terraform.io/hashicorp/azurerm\"]",
      "instances": [
        {
          "schema_version": 0,
          "attributes": {
            "copy_paste_enabled": true,
            "dns_name": "bst-7cfcbda4-4cf5-46fd-bfa7-14259f4d743a.bastion.azure.com",
            "file_copy_enabled": false,
            "id": "/subscriptions/4dc1bd33-fef6-413d-aa31-bc639452a449/resourceGroups/gb3s-bastion/providers/Microsoft.Network/bastionHosts/gb3s-bastion",
            "ip_configuration": [
              {
                "name": "gb3s-config",
                "public_ip_address_id": "/subscriptions/4dc1bd33-fef6-413d-aa31-bc639452a449/resourceGroups/gb3s-bastion/providers/Microsoft.Network/publicIPAddresses/BastionHostIP",
                "subnet_id": "/subscriptions/4dc1bd33-fef6-413d-aa31-bc639452a449/resourceGroups/gb3s-network/providers/Microsoft.Network/virtualNetworks/gb3s-network/subnets/AzureBastionSubnet"
              }
            ],
            "ip_connect_enabled": false,
            "location": "eastus",
            "name": "gb3s-bastion",
            "resource_group_name": "gb3s-bastion",
            "scale_units": 2,
            "shareable_link_enabled": false,
            "sku": "Basic",
            "tags": {},
            "timeouts": null,
            "tunneling_enabled": false
          },
          "sensitive_attributes": [],
          "private": "eyJlMmJmYjczMC1lY2FhLTExZTYtOGY4OC0zNDM2M2JjN2M0YzAiOnsiY3JlYXRlIjoxODAwMDAwMDAwMDAwLCJkZWxldGUiOjE4MDAwMDAwMDAwMDAsInJlYWQiOjMwMDAwMDAwMDAwMCwidXBkYXRlIjoxODAwMDAwMDAwMDAwfX0=",
          "dependencies": [
            "azurerm_resource_group.network",
            "azurerm_virtual_network.network",
            "module.bastion.azurerm_public_ip.bastion_ip",
            "module.bastion.azurerm_resource_group.bastion",
            "module.bastion.azurerm_subnet.bastnet"
          ]
        }
      ]
    },
    {
      "module": "module.bastion",
      "mode": "managed",
      "type": "azurerm_public_ip",
      "name": "bastion_ip",
      "provider": "provider[\"registry.terraform.io/hashicorp/azurerm\"]",
      "instances": [
        {
          "schema_version": 0,
          "attributes": {
            "allocation_method": "Static",
            "domain_name_label": null,
            "edge_zone": "",
            "fqdn": null,
            "id": "/subscriptions/4dc1bd33-fef6-413d-aa31-bc639452a449/resourceGroups/gb3s-bastion/providers/Microsoft.Network/publicIPAddresses/BastionHostIP",
            "idle_timeout_in_minutes": 4,
            "ip_address": "23.96.123.146",
            "ip_tags": {},
            "ip_version": "IPv4",
            "location": "eastus",
            "name": "BastionHostIP",
            "public_ip_prefix_id": null,
            "resource_group_name": "gb3s-bastion",
            "reverse_fqdn": null,
            "sku": "Standard",
            "sku_tier": "Regional",
            "tags": {},
            "timeouts": null,
            "zones": []
          },
          "sensitive_attributes": [],
          "private": "eyJlMmJmYjczMC1lY2FhLTExZTYtOGY4OC0zNDM2M2JjN2M0YzAiOnsiY3JlYXRlIjoxODAwMDAwMDAwMDAwLCJkZWxldGUiOjE4MDAwMDAwMDAwMDAsInJlYWQiOjMwMDAwMDAwMDAwMCwidXBkYXRlIjoxODAwMDAwMDAwMDAwfX0=",
          "dependencies": [
            "module.bastion.azurerm_resource_group.bastion"
          ]
        }
      ]
    },
    {
      "module": "module.bastion",
      "mode": "managed",
      "type": "azurerm_resource_group",
      "name": "bastion",
      "provider": "provider[\"registry.terraform.io/hashicorp/azurerm\"]",
      "instances": [
        {
          "schema_version": 0,
          "attributes": {
            "id": "/subscriptions/4dc1bd33-fef6-413d-aa31-bc639452a449/resourceGroups/gb3s-bastion",
            "location": "eastus",
            "name": "gb3s-bastion",
            "tags": {},
            "timeouts": null
          },
          "sensitive_attributes": [],
          "private": "eyJlMmJmYjczMC1lY2FhLTExZTYtOGY4OC0zNDM2M2JjN2M0YzAiOnsiY3JlYXRlIjo1NDAwMDAwMDAwMDAwLCJkZWxldGUiOjU0MDAwMDAwMDAwMDAsInJlYWQiOjMwMDAwMDAwMDAwMCwidXBkYXRlIjo1NDAwMDAwMDAwMDAwfX0="
        }
      ]
    },
    {
      "module": "module.bastion",
      "mode": "managed",
      "type": "azurerm_subnet",
      "name": "bastnet",
      "provider": "provider[\"registry.terraform.io/hashicorp/azurerm\"]",
      "instances": [
        {
          "schema_version": 0,
          "attributes": {
            "address_prefixes": [
              "10.0.3.0/26"
            ],
            "delegation": [],
            "enforce_private_link_endpoint_network_policies": false,
            "enforce_private_link_service_network_policies": false,
            "id": "/subscriptions/4dc1bd33-fef6-413d-aa31-bc639452a449/resourceGroups/gb3s-network/providers/Microsoft.Network/virtualNetworks/gb3s-network/subnets/AzureBastionSubnet",
            "name": "AzureBastionSubnet",
            "resource_group_name": "gb3s-network",
            "service_endpoint_policy_ids": [],
            "service_endpoints": [],
            "timeouts": null,
            "virtual_network_name": "gb3s-network"
          },
          "sensitive_attributes": [],
          "private": "eyJlMmJmYjczMC1lY2FhLTExZTYtOGY4OC0zNDM2M2JjN2M0YzAiOnsiY3JlYXRlIjoxODAwMDAwMDAwMDAwLCJkZWxldGUiOjE4MDAwMDAwMDAwMDAsInJlYWQiOjMwMDAwMDAwMDAwMCwidXBkYXRlIjoxODAwMDAwMDAwMDAwfX0=",
          "dependencies": [
            "azurerm_resource_group.network",
            "azurerm_virtual_network.network"
          ]
        }
      ]
    },
    {
      "module": "module.jumpbox",
      "mode": "managed",
      "type": "azurerm_linux_virtual_machine",
      "name": "jumpbox",
      "provider": "provider[\"registry.terraform.io/hashicorp/azurerm\"]",
      "instances": [
        {
          "schema_version": 0,
          "attributes": {
            "additional_capabilities": [],
            "admin_password": null,
            "admin_ssh_key": [
              {
                "public_key": "ssh-rsa AAAAB3NzaC1yc2EAAAADAQABAAABgQCgyWwKo+mDe3Yvrrr/PpKYS9l72UXkD85rgUBQQe5ILWByyo63kpfaETQTYGzxJGDJGqCjjTP7EzdsHtGFHDjHMoj2QkE9G1wvBW1crdMsQI6nStVtad4TsS20huVqbeR0FsyUSqqxXnJ8cSw+i3wG5xb3lcuZ7yjIc38NsOXNDRnrqCLNOTwP8pPwaSkHqWk/5Hfm7+6x3CFUvIXvN5S3MlpqUPbhZyXDwBUnFHK7ZtyOIX1yJ/FNghHU0ufsFZ4LOeigNKj73y8p4EQ5xJsre2HKcAPuNbX0GfxiVBhRS1USOQ16xHOEwdKVU2U/H1i5njTHFRdZkxdtsQJJCzbyCBSrII9BCeo7iqEEfxdrfzfgDM7/WJqoflTF3rlSw7GadKqbnxASy+8UGGrahlUIqt7V6SiAeR0EhI0WJjF79T2UyMgbnM39l836ZQQF9FZMjUP2voUa6w1mjrNIp3CjSptLkTE5bRV5Ve0nuzG6XphsUtVpeLLDmixbLDytB6M= vscode@codespaces-341e64\n",
                "username": "gbabes"
              }
            ],
            "admin_username": "gbabes",
            "allow_extension_operations": true,
            "availability_set_id": "",
            "boot_diagnostics": [],
            "computer_name": "gb3s-jumpbox",
            "custom_data": null,
            "dedicated_host_group_id": "",
            "dedicated_host_id": "",
            "disable_password_authentication": true,
            "edge_zone": "",
            "encryption_at_host_enabled": false,
            "eviction_policy": "",
            "extensions_time_budget": "PT1H30M",
            "id": "/subscriptions/4dc1bd33-fef6-413d-aa31-bc639452a449/resourceGroups/gb3s-bastion/providers/Microsoft.Compute/virtualMachines/gb3s-jumpbox",
            "identity": [],
            "license_type": "",
            "location": "eastus",
            "max_bid_price": -1,
            "name": "gb3s-jumpbox",
            "network_interface_ids": [
              "/subscriptions/4dc1bd33-fef6-413d-aa31-bc639452a449/resourceGroups/gb3s-bastion/providers/Microsoft.Network/networkInterfaces/gb3s-jumpbox-nic"
            ],
            "os_disk": [
              {
                "caching": "ReadWrite",
                "diff_disk_settings": [],
                "disk_encryption_set_id": "",
                "disk_size_gb": 30,
                "name": "gb3s-jumpbox_disk1_c87bd6866a2a40fdae4ea1876ca458f8",
                "secure_vm_disk_encryption_set_id": "",
                "security_encryption_type": "",
                "storage_account_type": "Standard_LRS",
                "write_accelerator_enabled": false
              }
            ],
            "patch_mode": "ImageDefault",
            "plan": [],
            "platform_fault_domain": -1,
            "priority": "Regular",
            "private_ip_address": "10.0.3.68",
            "private_ip_addresses": [
              "10.0.3.68"
            ],
            "provision_vm_agent": true,
            "proximity_placement_group_id": "",
            "public_ip_address": "",
            "public_ip_addresses": [],
            "resource_group_name": "gb3s-bastion",
            "secret": [],
            "secure_boot_enabled": false,
            "size": "Standard_B2s",
            "source_image_id": "",
            "source_image_reference": [
              {
                "offer": "UbuntuServer",
                "publisher": "Canonical",
                "sku": "18.04-LTS",
                "version": "latest"
              }
            ],
            "tags": {},
            "termination_notification": [],
            "timeouts": null,
            "user_data": "",
            "virtual_machine_id": "e3225227-1123-4060-bb61-fcdb6898701f",
            "virtual_machine_scale_set_id": "",
            "vtpm_enabled": false,
            "zone": ""
          },
          "sensitive_attributes": [],
          "private": "eyJlMmJmYjczMC1lY2FhLTExZTYtOGY4OC0zNDM2M2JjN2M0YzAiOnsiY3JlYXRlIjoyNzAwMDAwMDAwMDAwLCJkZWxldGUiOjI3MDAwMDAwMDAwMDAsInJlYWQiOjMwMDAwMDAwMDAwMCwidXBkYXRlIjoyNzAwMDAwMDAwMDAwfX0=",
          "dependencies": [
            "azurerm_resource_group.network",
            "azurerm_virtual_network.network",
            "module.bastion.azurerm_resource_group.bastion",
            "module.jumpbox.azurerm_network_interface.jumpbox_nic",
            "module.jumpbox.azurerm_subnet.jumpnet"
          ]
        }
      ]
    },
    {
      "module": "module.jumpbox",
      "mode": "managed",
      "type": "azurerm_network_interface",
      "name": "jumpbox_nic",
      "provider": "provider[\"registry.terraform.io/hashicorp/azurerm\"]",
      "instances": [
        {
          "schema_version": 0,
          "attributes": {
            "applied_dns_servers": [],
            "dns_servers": [],
            "edge_zone": "",
            "enable_accelerated_networking": false,
            "enable_ip_forwarding": false,
            "id": "/subscriptions/4dc1bd33-fef6-413d-aa31-bc639452a449/resourceGroups/gb3s-bastion/providers/Microsoft.Network/networkInterfaces/gb3s-jumpbox-nic",
            "internal_dns_name_label": "",
            "internal_domain_name_suffix": "jg4mpbjlytyulfusxs15waxsge.bx.internal.cloudapp.net",
            "ip_configuration": [
              {
                "gateway_load_balancer_frontend_ip_configuration_id": "",
                "name": "internal",
                "primary": true,
                "private_ip_address": "10.0.3.68",
                "private_ip_address_allocation": "Dynamic",
                "private_ip_address_version": "IPv4",
                "public_ip_address_id": "",
                "subnet_id": "/subscriptions/4dc1bd33-fef6-413d-aa31-bc639452a449/resourceGroups/gb3s-network/providers/Microsoft.Network/virtualNetworks/gb3s-network/subnets/internal"
              }
            ],
            "location": "eastus",
            "mac_address": "00-22-48-21-41-07",
            "name": "gb3s-jumpbox-nic",
            "private_ip_address": "10.0.3.68",
            "private_ip_addresses": [
              "10.0.3.68"
            ],
            "resource_group_name": "gb3s-bastion",
            "tags": {},
            "timeouts": null,
            "virtual_machine_id": "/subscriptions/4dc1bd33-fef6-413d-aa31-bc639452a449/resourceGroups/gb3s-bastion/providers/Microsoft.Compute/virtualMachines/gb3s-jumpbox"
          },
          "sensitive_attributes": [],
          "private": "eyJlMmJmYjczMC1lY2FhLTExZTYtOGY4OC0zNDM2M2JjN2M0YzAiOnsiY3JlYXRlIjoxODAwMDAwMDAwMDAwLCJkZWxldGUiOjE4MDAwMDAwMDAwMDAsInJlYWQiOjMwMDAwMDAwMDAwMCwidXBkYXRlIjoxODAwMDAwMDAwMDAwfX0=",
          "dependencies": [
            "azurerm_resource_group.network",
            "azurerm_virtual_network.network",
            "module.bastion.azurerm_resource_group.bastion",
            "module.jumpbox.azurerm_subnet.jumpnet"
          ]
        }
      ]
    },
    {
      "module": "module.jumpbox",
      "mode": "managed",
      "type": "azurerm_subnet",
      "name": "jumpnet",
      "provider": "provider[\"registry.terraform.io/hashicorp/azurerm\"]",
      "instances": [
        {
          "schema_version": 0,
          "attributes": {
            "address_prefixes": [
              "10.0.3.64/26"
            ],
            "delegation": [],
            "enforce_private_link_endpoint_network_policies": false,
            "enforce_private_link_service_network_policies": false,
            "id": "/subscriptions/4dc1bd33-fef6-413d-aa31-bc639452a449/resourceGroups/gb3s-network/providers/Microsoft.Network/virtualNetworks/gb3s-network/subnets/internal",
            "name": "internal",
            "resource_group_name": "gb3s-network",
            "service_endpoint_policy_ids": [],
            "service_endpoints": [],
            "timeouts": null,
            "virtual_network_name": "gb3s-network"
          },
          "sensitive_attributes": [],
          "private": "eyJlMmJmYjczMC1lY2FhLTExZTYtOGY4OC0zNDM2M2JjN2M0YzAiOnsiY3JlYXRlIjoxODAwMDAwMDAwMDAwLCJkZWxldGUiOjE4MDAwMDAwMDAwMDAsInJlYWQiOjMwMDAwMDAwMDAwMCwidXBkYXRlIjoxODAwMDAwMDAwMDAwfX0=",
          "dependencies": [
            "azurerm_resource_group.network",
            "azurerm_virtual_network.network"
          ]
        }
      ]
    },
    {
      "module": "module.keyvault",
      "mode": "managed",
      "type": "azurerm_key_vault",
      "name": "cluster_vault",
      "provider": "provider[\"registry.terraform.io/hashicorp/azurerm\"]",
      "instances": [
        {
          "schema_version": 2,
          "attributes": {
            "access_policy": [],
            "contact": [],
            "enable_rbac_authorization": true,
            "enabled_for_deployment": false,
            "enabled_for_disk_encryption": false,
            "enabled_for_template_deployment": false,
            "id": "/subscriptions/4dc1bd33-fef6-413d-aa31-bc639452a449/resourceGroups/gb3s/providers/Microsoft.KeyVault/vaults/gb3s-keyvault",
            "location": "eastus",
            "name": "gb3s-keyvault",
            "network_acls": [
              {
                "bypass": "AzureServices",
                "default_action": "Allow",
                "ip_rules": [],
                "virtual_network_subnet_ids": []
              }
            ],
            "purge_protection_enabled": false,
            "resource_group_name": "gb3s",
            "sku_name": "standard",
            "soft_delete_retention_days": 7,
            "tags": {},
            "tenant_id": "90928a04-9c35-4ad8-9b74-f2d225f9b0e9",
            "timeouts": null,
            "vault_uri": "https://gb3s-keyvault.vault.azure.net/"
          },
          "sensitive_attributes": [],
          "private": "eyJlMmJmYjczMC1lY2FhLTExZTYtOGY4OC0zNDM2M2JjN2M0YzAiOnsiY3JlYXRlIjoxODAwMDAwMDAwMDAwLCJkZWxldGUiOjE4MDAwMDAwMDAwMDAsInJlYWQiOjMwMDAwMDAwMDAwMCwidXBkYXRlIjoxODAwMDAwMDAwMDAwfSwic2NoZW1hX3ZlcnNpb24iOiIyIn0=",
          "dependencies": [
            "azurerm_resource_group.group",
            "data.azurerm_client_config.current"
          ]
        }
      ]
    },
    {
      "module": "module.keyvault",
      "mode": "managed",
      "type": "azurerm_private_dns_zone",
      "name": "vault_dns",
      "provider": "provider[\"registry.terraform.io/hashicorp/azurerm\"]",
      "instances": [
        {
          "schema_version": 0,
          "attributes": {
            "id": "/subscriptions/4dc1bd33-fef6-413d-aa31-bc639452a449/resourceGroups/gb3s/providers/Microsoft.Network/privateDnsZones/privatelink.vaultcore.azure.net",
            "max_number_of_record_sets": 25000,
            "max_number_of_virtual_network_links": 1000,
            "max_number_of_virtual_network_links_with_registration": 100,
            "name": "privatelink.vaultcore.azure.net",
            "number_of_record_sets": 2,
            "resource_group_name": "gb3s",
            "soa_record": [
              {
                "email": "azureprivatedns-host.microsoft.com",
                "expire_time": 2419200,
                "fqdn": "privatelink.vaultcore.azure.net.",
                "host_name": "azureprivatedns.net",
                "minimum_ttl": 10,
                "refresh_time": 3600,
                "retry_time": 300,
                "serial_number": 1,
                "tags": {},
                "ttl": 3600
              }
            ],
            "tags": {},
            "timeouts": null
          },
          "sensitive_attributes": [],
          "private": "eyJlMmJmYjczMC1lY2FhLTExZTYtOGY4OC0zNDM2M2JjN2M0YzAiOnsiY3JlYXRlIjoxODAwMDAwMDAwMDAwLCJkZWxldGUiOjE4MDAwMDAwMDAwMDAsInJlYWQiOjMwMDAwMDAwMDAwMCwidXBkYXRlIjoxODAwMDAwMDAwMDAwfX0=",
          "dependencies": [
            "azurerm_resource_group.group"
          ]
        }
      ]
    },
    {
      "module": "module.keyvault",
      "mode": "managed",
      "type": "azurerm_private_dns_zone_virtual_network_link",
      "name": "vault_dns_link",
      "provider": "provider[\"registry.terraform.io/hashicorp/azurerm\"]",
      "instances": [
        {
          "schema_version": 0,
          "attributes": {
            "id": "/subscriptions/4dc1bd33-fef6-413d-aa31-bc639452a449/resourceGroups/gb3s/providers/Microsoft.Network/privateDnsZones/privatelink.vaultcore.azure.net/virtualNetworkLinks/gb3s-link-gb3s-keyvault",
            "name": "gb3s-link-gb3s-keyvault",
            "private_dns_zone_name": "privatelink.vaultcore.azure.net",
            "registration_enabled": false,
            "resource_group_name": "gb3s",
            "tags": {},
            "timeouts": null,
            "virtual_network_id": "/subscriptions/4dc1bd33-fef6-413d-aa31-bc639452a449/resourceGroups/gb3s-network/providers/Microsoft.Network/virtualNetworks/gb3s-network"
          },
          "sensitive_attributes": [],
          "private": "eyJlMmJmYjczMC1lY2FhLTExZTYtOGY4OC0zNDM2M2JjN2M0YzAiOnsiY3JlYXRlIjoxODAwMDAwMDAwMDAwLCJkZWxldGUiOjE4MDAwMDAwMDAwMDAsInJlYWQiOjMwMDAwMDAwMDAwMCwidXBkYXRlIjoxODAwMDAwMDAwMDAwfX0=",
          "dependencies": [
            "azurerm_resource_group.group",
            "azurerm_resource_group.network",
            "azurerm_virtual_network.network",
            "data.azurerm_client_config.current",
            "module.keyvault.azurerm_key_vault.cluster_vault",
            "module.keyvault.azurerm_private_dns_zone.vault_dns"
          ]
        }
      ]
    },
    {
      "module": "module.keyvault",
      "mode": "managed",
      "type": "azurerm_private_endpoint",
      "name": "vault_pe",
      "provider": "provider[\"registry.terraform.io/hashicorp/azurerm\"]",
      "instances": [
        {
          "schema_version": 0,
          "attributes": {
            "custom_dns_configs": [],
            "id": "/subscriptions/4dc1bd33-fef6-413d-aa31-bc639452a449/resourceGroups/gb3s/providers/Microsoft.Network/privateEndpoints/gb3s-vault-endpoint",
            "location": "eastus",
            "name": "gb3s-vault-endpoint",
            "network_interface": [
              {
                "id": "/subscriptions/4dc1bd33-fef6-413d-aa31-bc639452a449/resourceGroups/gb3s/providers/Microsoft.Network/networkInterfaces/gb3s-vault-endpoint.nic.1762b088-7c1e-4fb0-a0ce-a4057fa7496f",
                "name": "gb3s-vault-endpoint.nic.1762b088-7c1e-4fb0-a0ce-a4057fa7496f"
              }
            ],
            "private_dns_zone_configs": [
              {
                "id": "/subscriptions/4dc1bd33-fef6-413d-aa31-bc639452a449/resourceGroups/gb3s/providers/Microsoft.Network/privateEndpoints/gb3s-vault-endpoint/privateDnsZoneGroups/vault-zones/privateDnsZoneConfigs/privatelink.vaultcore.azure.net",
                "name": "privatelink.vaultcore.azure.net",
                "private_dns_zone_id": "/subscriptions/4dc1bd33-fef6-413d-aa31-bc639452a449/resourceGroups/gb3s/providers/Microsoft.Network/privateDnsZones/privatelink.vaultcore.azure.net",
                "record_sets": [
                  {
                    "fqdn": "gb3s-keyvault.privatelink.vaultcore.azure.net",
                    "ip_addresses": [
                      "10.0.3.132"
                    ],
                    "name": "gb3s-keyvault",
                    "ttl": 10,
                    "type": "A"
                  }
                ]
              }
            ],
            "private_dns_zone_group": [
              {
                "id": "/subscriptions/4dc1bd33-fef6-413d-aa31-bc639452a449/resourceGroups/gb3s/providers/Microsoft.Network/privateEndpoints/gb3s-vault-endpoint/privateDnsZoneGroups/vault-zones",
                "name": "vault-zones",
                "private_dns_zone_ids": [
                  "/subscriptions/4dc1bd33-fef6-413d-aa31-bc639452a449/resourceGroups/gb3s/providers/Microsoft.Network/privateDnsZones/privatelink.vaultcore.azure.net"
                ]
              }
            ],
            "private_service_connection": [
              {
                "is_manual_connection": false,
                "name": "gb3s-vault-psc",
                "private_connection_resource_alias": "",
                "private_connection_resource_id": "/subscriptions/4dc1bd33-fef6-413d-aa31-bc639452a449/resourceGroups/gb3s/providers/Microsoft.KeyVault/vaults/gb3s-keyvault",
                "private_ip_address": "10.0.3.132",
                "request_message": "",
                "subresource_names": [
                  "vault"
                ]
              }
            ],
            "resource_group_name": "gb3s",
            "subnet_id": "/subscriptions/4dc1bd33-fef6-413d-aa31-bc639452a449/resourceGroups/gb3s-network/providers/Microsoft.Network/virtualNetworks/gb3s-network/subnets/gb3s-vaultnet",
            "tags": {},
            "timeouts": null
          },
          "sensitive_attributes": [],
          "private": "eyJlMmJmYjczMC1lY2FhLTExZTYtOGY4OC0zNDM2M2JjN2M0YzAiOnsiY3JlYXRlIjozNjAwMDAwMDAwMDAwLCJkZWxldGUiOjM2MDAwMDAwMDAwMDAsInJlYWQiOjMwMDAwMDAwMDAwMCwidXBkYXRlIjozNjAwMDAwMDAwMDAwfX0=",
          "dependencies": [
            "azurerm_resource_group.group",
            "azurerm_resource_group.network",
            "azurerm_virtual_network.network",
            "data.azurerm_client_config.current",
            "module.keyvault.azurerm_key_vault.cluster_vault",
            "module.keyvault.azurerm_private_dns_zone.vault_dns",
            "module.keyvault.azurerm_subnet.vaultnet"
          ]
        }
      ]
    },
    {
      "module": "module.keyvault",
      "mode": "managed",
      "type": "azurerm_subnet",
      "name": "vaultnet",
      "provider": "provider[\"registry.terraform.io/hashicorp/azurerm\"]",
      "instances": [
        {
          "schema_version": 0,
          "attributes": {
            "address_prefixes": [
              "10.0.3.128/26"
            ],
            "delegation": [],
            "enforce_private_link_endpoint_network_policies": true,
            "enforce_private_link_service_network_policies": false,
            "id": "/subscriptions/4dc1bd33-fef6-413d-aa31-bc639452a449/resourceGroups/gb3s-network/providers/Microsoft.Network/virtualNetworks/gb3s-network/subnets/gb3s-vaultnet",
            "name": "gb3s-vaultnet",
            "resource_group_name": "gb3s-network",
            "service_endpoint_policy_ids": [],
            "service_endpoints": [],
            "timeouts": null,
            "virtual_network_name": "gb3s-network"
          },
          "sensitive_attributes": [],
          "private": "eyJlMmJmYjczMC1lY2FhLTExZTYtOGY4OC0zNDM2M2JjN2M0YzAiOnsiY3JlYXRlIjoxODAwMDAwMDAwMDAwLCJkZWxldGUiOjE4MDAwMDAwMDAwMDAsInJlYWQiOjMwMDAwMDAwMDAwMCwidXBkYXRlIjoxODAwMDAwMDAwMDAwfX0=",
          "dependencies": [
            "azurerm_resource_group.group",
            "azurerm_resource_group.network",
            "azurerm_virtual_network.network"
          ]
        }
      ]
    }
  ]
}
